// !$*UTF8*$!
{
	archiveVersion = 1;
	classes = {
	};
	objectVersion = 55;
	objects = {

/* Begin PBXBuildFile section */
		D7033B3A2969F91C00D96B79 /* Page+Additions.swift in Sources */ = {isa = PBXBuildFile; fileRef = D7033B392969F91C00D96B79 /* Page+Additions.swift */; };
		D7033B40296AFDC100D96B79 /* UIComponents in Frameworks */ = {isa = PBXBuildFile; productRef = D7033B3F296AFDC100D96B79 /* UIComponents */; };
		D7033B43296AFDD700D96B79 /* Database in Frameworks */ = {isa = PBXBuildFile; productRef = D7033B42296AFDD700D96B79 /* Database */; };
		D7033B46296AFDE500D96B79 /* Network in Frameworks */ = {isa = PBXBuildFile; productRef = D7033B45296AFDE500D96B79 /* Network */; };
		D704AC172964B7D500F3DA8B /* README.md in Resources */ = {isa = PBXBuildFile; fileRef = D704AC162964B7D500F3DA8B /* README.md */; };
		D71640C629293E630059B519 /* DataLayer.swift in Sources */ = {isa = PBXBuildFile; fileRef = D71640C529293E630059B519 /* DataLayer.swift */; };
		D71640CA29293F320059B519 /* MoviesViewer.xcdatamodeld in Sources */ = {isa = PBXBuildFile; fileRef = D71640C829293F320059B519 /* MoviesViewer.xcdatamodeld */; };
		D71640CC29293FE40059B519 /* Movie+Additions.swift in Sources */ = {isa = PBXBuildFile; fileRef = D71640CB29293FE40059B519 /* Movie+Additions.swift */; };
		D71640D4292946710059B519 /* Database+Additions.swift in Sources */ = {isa = PBXBuildFile; fileRef = D71640D3292946710059B519 /* Database+Additions.swift */; };
		D71640D8292954590059B519 /* MovieCell.swift in Sources */ = {isa = PBXBuildFile; fileRef = D71640D7292954590059B519 /* MovieCell.swift */; };
		D71640DB292954870059B519 /* BaseCollectionCell.swift in Sources */ = {isa = PBXBuildFile; fileRef = D71640DA292954870059B519 /* BaseCollectionCell.swift */; };
		D71640DD292955270059B519 /* MovieCell.xib in Resources */ = {isa = PBXBuildFile; fileRef = D71640DC292955270059B519 /* MovieCell.xib */; };
		D71640E02929684D0059B519 /* SearchViewController.swift in Sources */ = {isa = PBXBuildFile; fileRef = D71640DF2929684D0059B519 /* SearchViewController.swift */; };
		D71640EA292A31270059B519 /* ServiceProvider.swift in Sources */ = {isa = PBXBuildFile; fileRef = D71640E9292A31270059B519 /* ServiceProvider.swift */; };
		D71640ED292A3FA00059B519 /* SDWebImage in Frameworks */ = {isa = PBXBuildFile; productRef = D71640EC292A3FA00059B519 /* SDWebImage */; };
		D7BB28582929360400C74BAE /* AppDelegate.swift in Sources */ = {isa = PBXBuildFile; fileRef = D7BB28572929360400C74BAE /* AppDelegate.swift */; };
		D7BB28612929360400C74BAE /* Assets.xcassets in Resources */ = {isa = PBXBuildFile; fileRef = D7BB28602929360400C74BAE /* Assets.xcassets */; };
		D7BB28642929360400C74BAE /* LaunchScreen.storyboard in Resources */ = {isa = PBXBuildFile; fileRef = D7BB28622929360400C74BAE /* LaunchScreen.storyboard */; };
		D7BB28752929374D00C74BAE /* Main.storyboard in Resources */ = {isa = PBXBuildFile; fileRef = D7BB28742929374D00C74BAE /* Main.storyboard */; };
		D7BB287A292938C600C74BAE /* ExploreViewController.swift in Sources */ = {isa = PBXBuildFile; fileRef = D7BB2879292938C600C74BAE /* ExploreViewController.swift */; };
		D7BB287C292938CF00C74BAE /* FavoritesViewController.swift in Sources */ = {isa = PBXBuildFile; fileRef = D7BB287B292938CF00C74BAE /* FavoritesViewController.swift */; };
		D7C1ACF4292A699E001B4459 /* ObjectsContainer.swift in Sources */ = {isa = PBXBuildFile; fileRef = D7C1ACF3292A699E001B4459 /* ObjectsContainer.swift */; };
		D7C1ACF8292A6F39001B4459 /* MovieDetailsViewController.swift in Sources */ = {isa = PBXBuildFile; fileRef = D7C1ACF7292A6F39001B4459 /* MovieDetailsViewController.swift */; };
		D7C1ACFA292A7987001B4459 /* MovieHeaderView.swift in Sources */ = {isa = PBXBuildFile; fileRef = D7C1ACF9292A7987001B4459 /* MovieHeaderView.swift */; };
		D7C1ACFC292A7A05001B4459 /* MovieHeaderView.xib in Resources */ = {isa = PBXBuildFile; fileRef = D7C1ACFB292A7A05001B4459 /* MovieHeaderView.xib */; };
		D7DB042F292A7FA000BA4E38 /* DetailCell.swift in Sources */ = {isa = PBXBuildFile; fileRef = D7DB042E292A7FA000BA4E38 /* DetailCell.swift */; };
		D7DB0431292A7FB500BA4E38 /* DetailCell.xib in Resources */ = {isa = PBXBuildFile; fileRef = D7DB0430292A7FB500BA4E38 /* DetailCell.xib */; };
		D7DB0433292A90E300BA4E38 /* FavoriteButton.swift in Sources */ = {isa = PBXBuildFile; fileRef = D7DB0432292A90E300BA4E38 /* FavoriteButton.swift */; };
/* End PBXBuildFile section */

/* Begin PBXFileReference section */
		D7033B392969F91C00D96B79 /* Page+Additions.swift */ = {isa = PBXFileReference; lastKnownFileType = sourcecode.swift; path = "Page+Additions.swift"; sourceTree = "<group>"; };
		D704AC162964B7D500F3DA8B /* README.md */ = {isa = PBXFileReference; fileEncoding = 4; lastKnownFileType = net.daringfireball.markdown; name = README.md; path = ../../README.md; sourceTree = "<group>"; };
		D71640C529293E630059B519 /* DataLayer.swift */ = {isa = PBXFileReference; lastKnownFileType = sourcecode.swift; path = DataLayer.swift; sourceTree = "<group>"; };
		D71640C929293F320059B519 /* MoviesViewer.xcdatamodel */ = {isa = PBXFileReference; lastKnownFileType = wrapper.xcdatamodel; path = MoviesViewer.xcdatamodel; sourceTree = "<group>"; };
		D71640CB29293FE40059B519 /* Movie+Additions.swift */ = {isa = PBXFileReference; lastKnownFileType = sourcecode.swift; path = "Movie+Additions.swift"; sourceTree = "<group>"; };
		D71640D3292946710059B519 /* Database+Additions.swift */ = {isa = PBXFileReference; lastKnownFileType = sourcecode.swift; path = "Database+Additions.swift"; sourceTree = "<group>"; };
		D71640D7292954590059B519 /* MovieCell.swift */ = {isa = PBXFileReference; lastKnownFileType = sourcecode.swift; path = MovieCell.swift; sourceTree = "<group>"; };
		D71640DA292954870059B519 /* BaseCollectionCell.swift */ = {isa = PBXFileReference; lastKnownFileType = sourcecode.swift; path = BaseCollectionCell.swift; sourceTree = "<group>"; };
		D71640DC292955270059B519 /* MovieCell.xib */ = {isa = PBXFileReference; lastKnownFileType = file.xib; path = MovieCell.xib; sourceTree = "<group>"; };
		D71640DF2929684D0059B519 /* SearchViewController.swift */ = {isa = PBXFileReference; lastKnownFileType = sourcecode.swift; path = SearchViewController.swift; sourceTree = "<group>"; };
		D71640E9292A31270059B519 /* ServiceProvider.swift */ = {isa = PBXFileReference; lastKnownFileType = sourcecode.swift; path = ServiceProvider.swift; sourceTree = "<group>"; };
		D7BB28542929360400C74BAE /* MoviesViewer.app */ = {isa = PBXFileReference; explicitFileType = wrapper.application; includeInIndex = 0; path = MoviesViewer.app; sourceTree = BUILT_PRODUCTS_DIR; };
		D7BB28572929360400C74BAE /* AppDelegate.swift */ = {isa = PBXFileReference; lastKnownFileType = sourcecode.swift; path = AppDelegate.swift; sourceTree = "<group>"; };
		D7BB28602929360400C74BAE /* Assets.xcassets */ = {isa = PBXFileReference; lastKnownFileType = folder.assetcatalog; path = Assets.xcassets; sourceTree = "<group>"; };
		D7BB28632929360400C74BAE /* Base */ = {isa = PBXFileReference; lastKnownFileType = file.storyboard; name = Base; path = Base.lproj/LaunchScreen.storyboard; sourceTree = "<group>"; };
		D7BB28652929360400C74BAE /* Info.plist */ = {isa = PBXFileReference; lastKnownFileType = text.plist.xml; path = Info.plist; sourceTree = "<group>"; };
		D7BB28742929374D00C74BAE /* Main.storyboard */ = {isa = PBXFileReference; fileEncoding = 4; lastKnownFileType = file.storyboard; path = Main.storyboard; sourceTree = "<group>"; };
		D7BB2879292938C600C74BAE /* ExploreViewController.swift */ = {isa = PBXFileReference; lastKnownFileType = sourcecode.swift; path = ExploreViewController.swift; sourceTree = "<group>"; };
		D7BB287B292938CF00C74BAE /* FavoritesViewController.swift */ = {isa = PBXFileReference; lastKnownFileType = sourcecode.swift; path = FavoritesViewController.swift; sourceTree = "<group>"; };
		D7C1ACF3292A699E001B4459 /* ObjectsContainer.swift */ = {isa = PBXFileReference; lastKnownFileType = sourcecode.swift; path = ObjectsContainer.swift; sourceTree = "<group>"; };
		D7C1ACF7292A6F39001B4459 /* MovieDetailsViewController.swift */ = {isa = PBXFileReference; lastKnownFileType = sourcecode.swift; path = MovieDetailsViewController.swift; sourceTree = "<group>"; };
		D7C1ACF9292A7987001B4459 /* MovieHeaderView.swift */ = {isa = PBXFileReference; lastKnownFileType = sourcecode.swift; path = MovieHeaderView.swift; sourceTree = "<group>"; };
		D7C1ACFB292A7A05001B4459 /* MovieHeaderView.xib */ = {isa = PBXFileReference; lastKnownFileType = file.xib; path = MovieHeaderView.xib; sourceTree = "<group>"; };
		D7DB042E292A7FA000BA4E38 /* DetailCell.swift */ = {isa = PBXFileReference; lastKnownFileType = sourcecode.swift; path = DetailCell.swift; sourceTree = "<group>"; };
		D7DB0430292A7FB500BA4E38 /* DetailCell.xib */ = {isa = PBXFileReference; lastKnownFileType = file.xib; path = DetailCell.xib; sourceTree = "<group>"; };
		D7DB0432292A90E300BA4E38 /* FavoriteButton.swift */ = {isa = PBXFileReference; lastKnownFileType = sourcecode.swift; path = FavoriteButton.swift; sourceTree = "<group>"; };
/* End PBXFileReference section */

/* Begin PBXFrameworksBuildPhase section */
		D7BB28512929360400C74BAE /* Frameworks */ = {
			isa = PBXFrameworksBuildPhase;
			buildActionMask = 2147483647;
			files = (
				D7033B40296AFDC100D96B79 /* UIComponents in Frameworks */,
				D7033B46296AFDE500D96B79 /* Network in Frameworks */,
				D71640ED292A3FA00059B519 /* SDWebImage in Frameworks */,
				D7033B43296AFDD700D96B79 /* Database in Frameworks */,
			);
			runOnlyForDeploymentPostprocessing = 0;
		};
/* End PBXFrameworksBuildPhase section */

/* Begin PBXGroup section */
		D704AC152964B7AF00F3DA8B /* SupportingFiles */ = {
			isa = PBXGroup;
			children = (
				D704AC162964B7D500F3DA8B /* README.md */,
				D7BB28602929360400C74BAE /* Assets.xcassets */,
				D7BB28622929360400C74BAE /* LaunchScreen.storyboard */,
				D7BB28742929374D00C74BAE /* Main.storyboard */,
				D7BB28652929360400C74BAE /* Info.plist */,
			);
			path = SupportingFiles;
			sourceTree = "<group>";
		};
		D71640C429293E550059B519 /* DataLayer */ = {
			isa = PBXGroup;
			children = (
				D71640CB29293FE40059B519 /* Movie+Additions.swift */,
				D71640E9292A31270059B519 /* ServiceProvider.swift */,
				D71640C529293E630059B519 /* DataLayer.swift */,
				D7C1ACF3292A699E001B4459 /* ObjectsContainer.swift */,
				D71640C829293F320059B519 /* MoviesViewer.xcdatamodeld */,
			);
			path = DataLayer;
			sourceTree = "<group>";
		};
		D71640D2292946640059B519 /* Additions */ = {
			isa = PBXGroup;
			children = (
				D71640D3292946710059B519 /* Database+Additions.swift */,
				D7033B392969F91C00D96B79 /* Page+Additions.swift */,
			);
			path = Additions;
			sourceTree = "<group>";
		};
		D71640D6292954350059B519 /* Explore */ = {
			isa = PBXGroup;
			children = (
				D71640DF2929684D0059B519 /* SearchViewController.swift */,
				D7BB2879292938C600C74BAE /* ExploreViewController.swift */,
				D71640D7292954590059B519 /* MovieCell.swift */,
				D71640DC292955270059B519 /* MovieCell.xib */,
			);
			path = Explore;
			sourceTree = "<group>";
		};
		D7BB284B2929360400C74BAE = {
			isa = PBXGroup;
			children = (
				D7BB28562929360400C74BAE /* MoviesViewer */,
				D7BB28552929360400C74BAE /* Products */,
			);
			sourceTree = "<group>";
		};
		D7BB28552929360400C74BAE /* Products */ = {
			isa = PBXGroup;
			children = (
				D7BB28542929360400C74BAE /* MoviesViewer.app */,
			);
			name = Products;
			sourceTree = "<group>";
		};
		D7BB28562929360400C74BAE /* MoviesViewer */ = {
			isa = PBXGroup;
			children = (
				D704AC152964B7AF00F3DA8B /* SupportingFiles */,
				D7DB0434292A970F00BA4E38 /* CustomView */,
				D71640D2292946640059B519 /* Additions */,
				D71640C429293E550059B519 /* DataLayer */,
				D7BB2876292937E400C74BAE /* ViewControllers */,
				D7BB28572929360400C74BAE /* AppDelegate.swift */,
			);
			path = MoviesViewer;
			sourceTree = "<group>";
		};
		D7BB2876292937E400C74BAE /* ViewControllers */ = {
			isa = PBXGroup;
			children = (
				D7C1ACF6292A6F2A001B4459 /* MovieDetails */,
				D71640D6292954350059B519 /* Explore */,
				D7BB287B292938CF00C74BAE /* FavoritesViewController.swift */,
			);
			path = ViewControllers;
			sourceTree = "<group>";
		};
		D7C1ACF6292A6F2A001B4459 /* MovieDetails */ = {
			isa = PBXGroup;
			children = (
				D7C1ACF7292A6F39001B4459 /* MovieDetailsViewController.swift */,
				D7C1ACF9292A7987001B4459 /* MovieHeaderView.swift */,
				D7C1ACFB292A7A05001B4459 /* MovieHeaderView.xib */,
				D7DB042E292A7FA000BA4E38 /* DetailCell.swift */,
				D7DB0430292A7FB500BA4E38 /* DetailCell.xib */,
				D7DB0432292A90E300BA4E38 /* FavoriteButton.swift */,
			);
			path = MovieDetails;
			sourceTree = "<group>";
		};
		D7DB0434292A970F00BA4E38 /* CustomView */ = {
			isa = PBXGroup;
			children = (
				D71640DA292954870059B519 /* BaseCollectionCell.swift */,
			);
			path = CustomView;
			sourceTree = "<group>";
		};
/* End PBXGroup section */

/* Begin PBXNativeTarget section */
		D7BB28532929360400C74BAE /* MoviesViewer */ = {
			isa = PBXNativeTarget;
			buildConfigurationList = D7BB28682929360400C74BAE /* Build configuration list for PBXNativeTarget "MoviesViewer" */;
			buildPhases = (
				D7BB28502929360400C74BAE /* Sources */,
				D7BB28512929360400C74BAE /* Frameworks */,
				D7BB28522929360400C74BAE /* Resources */,
			);
			buildRules = (
			);
			dependencies = (
			);
			name = MoviesViewer;
			packageProductDependencies = (
				D71640EC292A3FA00059B519 /* SDWebImage */,
				D7033B3F296AFDC100D96B79 /* UIComponents */,
				D7033B42296AFDD700D96B79 /* Database */,
				D7033B45296AFDE500D96B79 /* Network */,
			);
			productName = MoviesViewer;
			productReference = D7BB28542929360400C74BAE /* MoviesViewer.app */;
			productType = "com.apple.product-type.application";
		};
/* End PBXNativeTarget section */

/* Begin PBXProject section */
		D7BB284C2929360400C74BAE /* Project object */ = {
			isa = PBXProject;
			attributes = {
				BuildIndependentTargetsInParallel = 1;
				LastSwiftUpdateCheck = 1340;
				LastUpgradeCheck = 1340;
				TargetAttributes = {
					D7BB28532929360400C74BAE = {
						CreatedOnToolsVersion = 13.4.1;
					};
				};
			};
			buildConfigurationList = D7BB284F2929360400C74BAE /* Build configuration list for PBXProject "MoviesViewer" */;
			compatibilityVersion = "Xcode 13.0";
			developmentRegion = en;
			hasScannedForEncodings = 0;
			knownRegions = (
				en,
				Base,
			);
			mainGroup = D7BB284B2929360400C74BAE;
			packageReferences = (
				D71640EB292A3FA00059B519 /* XCRemoteSwiftPackageReference "SDWebImage" */,
				D7033B3E296AFDC100D96B79 /* XCRemoteSwiftPackageReference "UIComponents" */,
				D7033B41296AFDD700D96B79 /* XCRemoteSwiftPackageReference "Database" */,
				D7033B44296AFDE500D96B79 /* XCRemoteSwiftPackageReference "Network" */,
			);
			productRefGroup = D7BB28552929360400C74BAE /* Products */;
			projectDirPath = "";
			projectRoot = "";
			targets = (
				D7BB28532929360400C74BAE /* MoviesViewer */,
			);
		};
/* End PBXProject section */

/* Begin PBXResourcesBuildPhase section */
		D7BB28522929360400C74BAE /* Resources */ = {
			isa = PBXResourcesBuildPhase;
			buildActionMask = 2147483647;
			files = (
				D7C1ACFC292A7A05001B4459 /* MovieHeaderView.xib in Resources */,
				D7BB28752929374D00C74BAE /* Main.storyboard in Resources */,
				D7DB0431292A7FB500BA4E38 /* DetailCell.xib in Resources */,
				D704AC172964B7D500F3DA8B /* README.md in Resources */,
				D7BB28642929360400C74BAE /* LaunchScreen.storyboard in Resources */,
				D71640DD292955270059B519 /* MovieCell.xib in Resources */,
				D7BB28612929360400C74BAE /* Assets.xcassets in Resources */,
			);
			runOnlyForDeploymentPostprocessing = 0;
		};
/* End PBXResourcesBuildPhase section */

/* Begin PBXSourcesBuildPhase section */
		D7BB28502929360400C74BAE /* Sources */ = {
			isa = PBXSourcesBuildPhase;
			buildActionMask = 2147483647;
			files = (
				D71640E02929684D0059B519 /* SearchViewController.swift in Sources */,
				D71640CC29293FE40059B519 /* Movie+Additions.swift in Sources */,
				D7C1ACF8292A6F39001B4459 /* MovieDetailsViewController.swift in Sources */,
				D71640DB292954870059B519 /* BaseCollectionCell.swift in Sources */,
				D7033B3A2969F91C00D96B79 /* Page+Additions.swift in Sources */,
				D7BB28582929360400C74BAE /* AppDelegate.swift in Sources */,
				D7DB042F292A7FA000BA4E38 /* DetailCell.swift in Sources */,
				D71640D8292954590059B519 /* MovieCell.swift in Sources */,
				D71640EA292A31270059B519 /* ServiceProvider.swift in Sources */,
				D7C1ACF4292A699E001B4459 /* ObjectsContainer.swift in Sources */,
				D71640C629293E630059B519 /* DataLayer.swift in Sources */,
				D71640CA29293F320059B519 /* MoviesViewer.xcdatamodeld in Sources */,
				D7DB0433292A90E300BA4E38 /* FavoriteButton.swift in Sources */,
				D7BB287C292938CF00C74BAE /* FavoritesViewController.swift in Sources */,
				D7BB287A292938C600C74BAE /* ExploreViewController.swift in Sources */,
				D7C1ACFA292A7987001B4459 /* MovieHeaderView.swift in Sources */,
				D71640D4292946710059B519 /* Database+Additions.swift in Sources */,
			);
			runOnlyForDeploymentPostprocessing = 0;
		};
/* End PBXSourcesBuildPhase section */

/* Begin PBXVariantGroup section */
		D7BB28622929360400C74BAE /* LaunchScreen.storyboard */ = {
			isa = PBXVariantGroup;
			children = (
				D7BB28632929360400C74BAE /* Base */,
			);
			name = LaunchScreen.storyboard;
			sourceTree = "<group>";
		};
/* End PBXVariantGroup section */

/* Begin XCBuildConfiguration section */
		D7BB28662929360400C74BAE /* Debug */ = {
			isa = XCBuildConfiguration;
			buildSettings = {
				ALWAYS_SEARCH_USER_PATHS = NO;
				CLANG_ANALYZER_NONNULL = YES;
				CLANG_ANALYZER_NUMBER_OBJECT_CONVERSION = YES_AGGRESSIVE;
				CLANG_CXX_LANGUAGE_STANDARD = "gnu++17";
				CLANG_ENABLE_MODULES = YES;
				CLANG_ENABLE_OBJC_ARC = YES;
				CLANG_ENABLE_OBJC_WEAK = YES;
				CLANG_WARN_BLOCK_CAPTURE_AUTORELEASING = YES;
				CLANG_WARN_BOOL_CONVERSION = YES;
				CLANG_WARN_COMMA = YES;
				CLANG_WARN_CONSTANT_CONVERSION = YES;
				CLANG_WARN_DEPRECATED_OBJC_IMPLEMENTATIONS = YES;
				CLANG_WARN_DIRECT_OBJC_ISA_USAGE = YES_ERROR;
				CLANG_WARN_DOCUMENTATION_COMMENTS = YES;
				CLANG_WARN_EMPTY_BODY = YES;
				CLANG_WARN_ENUM_CONVERSION = YES;
				CLANG_WARN_INFINITE_RECURSION = YES;
				CLANG_WARN_INT_CONVERSION = YES;
				CLANG_WARN_NON_LITERAL_NULL_CONVERSION = YES;
				CLANG_WARN_OBJC_IMPLICIT_RETAIN_SELF = YES;
				CLANG_WARN_OBJC_LITERAL_CONVERSION = YES;
				CLANG_WARN_OBJC_ROOT_CLASS = YES_ERROR;
				CLANG_WARN_QUOTED_INCLUDE_IN_FRAMEWORK_HEADER = YES;
				CLANG_WARN_RANGE_LOOP_ANALYSIS = YES;
				CLANG_WARN_STRICT_PROTOTYPES = YES;
				CLANG_WARN_SUSPICIOUS_MOVE = YES;
				CLANG_WARN_UNGUARDED_AVAILABILITY = YES_AGGRESSIVE;
				CLANG_WARN_UNREACHABLE_CODE = YES;
				CLANG_WARN__DUPLICATE_METHOD_MATCH = YES;
				COPY_PHASE_STRIP = NO;
				DEBUG_INFORMATION_FORMAT = dwarf;
				ENABLE_STRICT_OBJC_MSGSEND = YES;
				ENABLE_TESTABILITY = YES;
				GCC_C_LANGUAGE_STANDARD = gnu11;
				GCC_DYNAMIC_NO_PIC = NO;
				GCC_NO_COMMON_BLOCKS = YES;
				GCC_OPTIMIZATION_LEVEL = 0;
				GCC_PREPROCESSOR_DEFINITIONS = (
					"DEBUG=1",
					"$(inherited)",
				);
				GCC_WARN_64_TO_32_BIT_CONVERSION = YES;
				GCC_WARN_ABOUT_RETURN_TYPE = YES_ERROR;
				GCC_WARN_UNDECLARED_SELECTOR = YES;
				GCC_WARN_UNINITIALIZED_AUTOS = YES_AGGRESSIVE;
				GCC_WARN_UNUSED_FUNCTION = YES;
				GCC_WARN_UNUSED_VARIABLE = YES;
				IPHONEOS_DEPLOYMENT_TARGET = 14.0;
				MTL_ENABLE_DEBUG_INFO = INCLUDE_SOURCE;
				MTL_FAST_MATH = YES;
				ONLY_ACTIVE_ARCH = YES;
				SDKROOT = iphoneos;
				SWIFT_ACTIVE_COMPILATION_CONDITIONS = DEBUG;
				SWIFT_OPTIMIZATION_LEVEL = "-Onone";
			};
			name = Debug;
		};
		D7BB28672929360400C74BAE /* Release */ = {
			isa = XCBuildConfiguration;
			buildSettings = {
				ALWAYS_SEARCH_USER_PATHS = NO;
				CLANG_ANALYZER_NONNULL = YES;
				CLANG_ANALYZER_NUMBER_OBJECT_CONVERSION = YES_AGGRESSIVE;
				CLANG_CXX_LANGUAGE_STANDARD = "gnu++17";
				CLANG_ENABLE_MODULES = YES;
				CLANG_ENABLE_OBJC_ARC = YES;
				CLANG_ENABLE_OBJC_WEAK = YES;
				CLANG_WARN_BLOCK_CAPTURE_AUTORELEASING = YES;
				CLANG_WARN_BOOL_CONVERSION = YES;
				CLANG_WARN_COMMA = YES;
				CLANG_WARN_CONSTANT_CONVERSION = YES;
				CLANG_WARN_DEPRECATED_OBJC_IMPLEMENTATIONS = YES;
				CLANG_WARN_DIRECT_OBJC_ISA_USAGE = YES_ERROR;
				CLANG_WARN_DOCUMENTATION_COMMENTS = YES;
				CLANG_WARN_EMPTY_BODY = YES;
				CLANG_WARN_ENUM_CONVERSION = YES;
				CLANG_WARN_INFINITE_RECURSION = YES;
				CLANG_WARN_INT_CONVERSION = YES;
				CLANG_WARN_NON_LITERAL_NULL_CONVERSION = YES;
				CLANG_WARN_OBJC_IMPLICIT_RETAIN_SELF = YES;
				CLANG_WARN_OBJC_LITERAL_CONVERSION = YES;
				CLANG_WARN_OBJC_ROOT_CLASS = YES_ERROR;
				CLANG_WARN_QUOTED_INCLUDE_IN_FRAMEWORK_HEADER = YES;
				CLANG_WARN_RANGE_LOOP_ANALYSIS = YES;
				CLANG_WARN_STRICT_PROTOTYPES = YES;
				CLANG_WARN_SUSPICIOUS_MOVE = YES;
				CLANG_WARN_UNGUARDED_AVAILABILITY = YES_AGGRESSIVE;
				CLANG_WARN_UNREACHABLE_CODE = YES;
				CLANG_WARN__DUPLICATE_METHOD_MATCH = YES;
				COPY_PHASE_STRIP = NO;
				DEBUG_INFORMATION_FORMAT = "dwarf-with-dsym";
				ENABLE_NS_ASSERTIONS = NO;
				ENABLE_STRICT_OBJC_MSGSEND = YES;
				GCC_C_LANGUAGE_STANDARD = gnu11;
				GCC_NO_COMMON_BLOCKS = YES;
				GCC_WARN_64_TO_32_BIT_CONVERSION = YES;
				GCC_WARN_ABOUT_RETURN_TYPE = YES_ERROR;
				GCC_WARN_UNDECLARED_SELECTOR = YES;
				GCC_WARN_UNINITIALIZED_AUTOS = YES_AGGRESSIVE;
				GCC_WARN_UNUSED_FUNCTION = YES;
				GCC_WARN_UNUSED_VARIABLE = YES;
				IPHONEOS_DEPLOYMENT_TARGET = 14.0;
				MTL_ENABLE_DEBUG_INFO = NO;
				MTL_FAST_MATH = YES;
				SDKROOT = iphoneos;
				SWIFT_COMPILATION_MODE = wholemodule;
				SWIFT_OPTIMIZATION_LEVEL = "-O";
				VALIDATE_PRODUCT = YES;
			};
			name = Release;
		};
		D7BB28692929360400C74BAE /* Debug */ = {
			isa = XCBuildConfiguration;
			buildSettings = {
				ASSETCATALOG_COMPILER_APPICON_NAME = AppIcon;
				ASSETCATALOG_COMPILER_GLOBAL_ACCENT_COLOR_NAME = AccentColor;
				CODE_SIGN_STYLE = Automatic;
				CURRENT_PROJECT_VERSION = 1;
				GENERATE_INFOPLIST_FILE = YES;
				INFOPLIST_FILE = MoviesViewer/SupportingFiles/Info.plist;
				INFOPLIST_KEY_UIApplicationSupportsIndirectInputEvents = YES;
				INFOPLIST_KEY_UILaunchStoryboardName = LaunchScreen;
				INFOPLIST_KEY_UISupportedInterfaceOrientations_iPad = "UIInterfaceOrientationPortrait UIInterfaceOrientationPortraitUpsideDown UIInterfaceOrientationLandscapeLeft UIInterfaceOrientationLandscapeRight";
				INFOPLIST_KEY_UISupportedInterfaceOrientations_iPhone = "UIInterfaceOrientationPortrait UIInterfaceOrientationLandscapeLeft UIInterfaceOrientationLandscapeRight";
				INFOPLIST_KEY_UIUserInterfaceStyle = Light;
				LD_RUNPATH_SEARCH_PATHS = (
					"$(inherited)",
					"@executable_path/Frameworks",
				);
				MARKETING_VERSION = 1.0;
				PRODUCT_BUNDLE_IDENTIFIER = example.MoviesViewer;
				PRODUCT_NAME = "$(TARGET_NAME)";
				SWIFT_EMIT_LOC_STRINGS = YES;
				SWIFT_VERSION = 5.0;
				TARGETED_DEVICE_FAMILY = "1,2";
			};
			name = Debug;
		};
		D7BB286A2929360400C74BAE /* Release */ = {
			isa = XCBuildConfiguration;
			buildSettings = {
				ASSETCATALOG_COMPILER_APPICON_NAME = AppIcon;
				ASSETCATALOG_COMPILER_GLOBAL_ACCENT_COLOR_NAME = AccentColor;
				CODE_SIGN_STYLE = Automatic;
				CURRENT_PROJECT_VERSION = 1;
				GENERATE_INFOPLIST_FILE = YES;
				INFOPLIST_FILE = MoviesViewer/SupportingFiles/Info.plist;
				INFOPLIST_KEY_UIApplicationSupportsIndirectInputEvents = YES;
				INFOPLIST_KEY_UILaunchStoryboardName = LaunchScreen;
				INFOPLIST_KEY_UISupportedInterfaceOrientations_iPad = "UIInterfaceOrientationPortrait UIInterfaceOrientationPortraitUpsideDown UIInterfaceOrientationLandscapeLeft UIInterfaceOrientationLandscapeRight";
				INFOPLIST_KEY_UISupportedInterfaceOrientations_iPhone = "UIInterfaceOrientationPortrait UIInterfaceOrientationLandscapeLeft UIInterfaceOrientationLandscapeRight";
				INFOPLIST_KEY_UIUserInterfaceStyle = Light;
				LD_RUNPATH_SEARCH_PATHS = (
					"$(inherited)",
					"@executable_path/Frameworks",
				);
				MARKETING_VERSION = 1.0;
				PRODUCT_BUNDLE_IDENTIFIER = example.MoviesViewer;
				PRODUCT_NAME = "$(TARGET_NAME)";
				SWIFT_EMIT_LOC_STRINGS = YES;
				SWIFT_VERSION = 5.0;
				TARGETED_DEVICE_FAMILY = "1,2";
			};
			name = Release;
		};
/* End XCBuildConfiguration section */

/* Begin XCConfigurationList section */
		D7BB284F2929360400C74BAE /* Build configuration list for PBXProject "MoviesViewer" */ = {
			isa = XCConfigurationList;
			buildConfigurations = (
				D7BB28662929360400C74BAE /* Debug */,
				D7BB28672929360400C74BAE /* Release */,
			);
			defaultConfigurationIsVisible = 0;
			defaultConfigurationName = Release;
		};
		D7BB28682929360400C74BAE /* Build configuration list for PBXNativeTarget "MoviesViewer" */ = {
			isa = XCConfigurationList;
			buildConfigurations = (
				D7BB28692929360400C74BAE /* Debug */,
				D7BB286A2929360400C74BAE /* Release */,
			);
			defaultConfigurationIsVisible = 0;
			defaultConfigurationName = Release;
		};
/* End XCConfigurationList section */

/* Begin XCRemoteSwiftPackageReference section */
		D7033B3E296AFDC100D96B79 /* XCRemoteSwiftPackageReference "UIComponents" */ = {
			isa = XCRemoteSwiftPackageReference;
			repositoryURL = "https://github.com/ivkuznetsov/UIComponents.git";
			requirement = {
				branch = main;
				kind = branch;
			};
		};
		D7033B41296AFDD700D96B79 /* XCRemoteSwiftPackageReference "Database" */ = {
			isa = XCRemoteSwiftPackageReference;
			repositoryURL = "https://github.com/ivkuznetsov/Database.git";
			requirement = {
				branch = main;
				kind = branch;
			};
		};
		D7033B44296AFDE500D96B79 /* XCRemoteSwiftPackageReference "Network" */ = {
			isa = XCRemoteSwiftPackageReference;
			repositoryURL = "https://github.com/ivkuznetsov/Network.git";
			requirement = {
				branch = main;
				kind = branch;
			};
		};
		D71640EB292A3FA00059B519 /* XCRemoteSwiftPackageReference "SDWebImage" */ = {
			isa = XCRemoteSwiftPackageReference;
			repositoryURL = "https://github.com/SDWebImage/SDWebImage";
			requirement = {
				kind = upToNextMajorVersion;
				minimumVersion = 5.0.0;
			};
		};
/* End XCRemoteSwiftPackageReference section */

/* Begin XCSwiftPackageProductDependency section */
		D7033B3F296AFDC100D96B79 /* UIComponents */ = {
			isa = XCSwiftPackageProductDependency;
			package = D7033B3E296AFDC100D96B79 /* XCRemoteSwiftPackageReference "UIComponents" */;
			productName = UIComponents;
		};
		D7033B42296AFDD700D96B79 /* Database */ = {
			isa = XCSwiftPackageProductDependency;
			package = D7033B41296AFDD700D96B79 /* XCRemoteSwiftPackageReference "Database" */;
			productName = Database;
		};
		D7033B45296AFDE500D96B79 /* Network */ = {
			isa = XCSwiftPackageProductDependency;
			package = D7033B44296AFDE500D96B79 /* XCRemoteSwiftPackageReference "Network" */;
			productName = Network;
		};
		D71640EC292A3FA00059B519 /* SDWebImage */ = {
			isa = XCSwiftPackageProductDependency;
			package = D71640EB292A3FA00059B519 /* XCRemoteSwiftPackageReference "SDWebImage" */;
			productName = SDWebImage;
		};
/* End XCSwiftPackageProductDependency section */

/* Begin XCVersionGroup section */
		D71640C829293F320059B519 /* MoviesViewer.xcdatamodeld */ = {
			isa = XCVersionGroup;
			children = (
				D71640C929293F320059B519 /* MoviesViewer.xcdatamodel */,
			);
			currentVersion = D71640C929293F320059B519 /* MoviesViewer.xcdatamodel */;
			path = MoviesViewer.xcdatamodeld;
			sourceTree = "<group>";
			versionGroupType = wrapper.xcdatamodel;
		};
/* End XCVersionGroup section */
	};
	rootObject = D7BB284C2929360400C74BAE /* Project object */;
}
