// !$*UTF8*$!
{
	archiveVersion = 1;
	classes = {
	};
	objectVersion = 46;
	objects = {

/* Begin PBXBuildFile section */
		59F7BDAA1CC21B70003610CE /* main.m in Sources */ = {isa = PBXBuildFile; fileRef = 59F7BDA91CC21B70003610CE /* main.m */; };
		59F7BDAD1CC21B70003610CE /* AppDelegate.m in Sources */ = {isa = PBXBuildFile; fileRef = 59F7BDAC1CC21B70003610CE /* AppDelegate.m */; };
		59F7BDB51CC21B70003610CE /* Assets.xcassets in Resources */ = {isa = PBXBuildFile; fileRef = 59F7BDB41CC21B70003610CE /* Assets.xcassets */; };
		59F7BDB81CC21B70003610CE /* LaunchScreen.storyboard in Resources */ = {isa = PBXBuildFile; fileRef = 59F7BDB61CC21B70003610CE /* LaunchScreen.storyboard */; };
		59F7BDC91CC21D4E003610CE /* BaseNavigationController.m in Sources */ = {isa = PBXBuildFile; fileRef = 59F7BDC61CC21D4E003610CE /* BaseNavigationController.m */; };
		59F7BDCA1CC21D4E003610CE /* BaseViewController.m in Sources */ = {isa = PBXBuildFile; fileRef = 59F7BDC81CC21D4E003610CE /* BaseViewController.m */; };
		59F7BDD21CC22884003610CE /* ServiceProvider.m in Sources */ = {isa = PBXBuildFile; fileRef = 59F7BDCF1CC22884003610CE /* ServiceProvider.m */; };
		59F7BDD31CC22884003610CE /* ServiceRequest.m in Sources */ = {isa = PBXBuildFile; fileRef = 59F7BDD11CC22884003610CE /* ServiceRequest.m */; };
		59F7BDE61CC2294B003610CE /* AFHTTPClient.m in Sources */ = {isa = PBXBuildFile; fileRef = 59F7BDD61CC2294B003610CE /* AFHTTPClient.m */; };
		59F7BDE71CC2294B003610CE /* AFHTTPRequestOperation.m in Sources */ = {isa = PBXBuildFile; fileRef = 59F7BDD81CC2294B003610CE /* AFHTTPRequestOperation.m */; };
		59F7BDE81CC2294B003610CE /* AFImageRequestOperation.m in Sources */ = {isa = PBXBuildFile; fileRef = 59F7BDDA1CC2294B003610CE /* AFImageRequestOperation.m */; };
		59F7BDE91CC2294B003610CE /* AFJSONRequestOperation.m in Sources */ = {isa = PBXBuildFile; fileRef = 59F7BDDC1CC2294B003610CE /* AFJSONRequestOperation.m */; };
		59F7BDEA1CC2294B003610CE /* AFNetworkActivityIndicatorManager.m in Sources */ = {isa = PBXBuildFile; fileRef = 59F7BDDE1CC2294B003610CE /* AFNetworkActivityIndicatorManager.m */; };
		59F7BDEB1CC2294B003610CE /* AFPropertyListRequestOperation.m in Sources */ = {isa = PBXBuildFile; fileRef = 59F7BDE11CC2294B003610CE /* AFPropertyListRequestOperation.m */; };
		59F7BDEC1CC2294B003610CE /* AFURLConnectionOperation.m in Sources */ = {isa = PBXBuildFile; fileRef = 59F7BDE31CC2294B003610CE /* AFURLConnectionOperation.m */; };
		59F7BDED1CC2294B003610CE /* AFXMLRequestOperation.m in Sources */ = {isa = PBXBuildFile; fileRef = 59F7BDE51CC2294B003610CE /* AFXMLRequestOperation.m */; };
		59F7BDF01CC22A89003610CE /* NSError+ServiceProvider.m in Sources */ = {isa = PBXBuildFile; fileRef = 59F7BDEF1CC22A89003610CE /* NSError+ServiceProvider.m */; };
		59F7BDF31CC22B51003610CE /* NSDictionary+Validation.m in Sources */ = {isa = PBXBuildFile; fileRef = 59F7BDF21CC22B51003610CE /* NSDictionary+Validation.m */; };
		59F7BDFA1CC236ED003610CE /* Database.m in Sources */ = {isa = PBXBuildFile; fileRef = 59F7BDF71CC236ED003610CE /* Database.m */; };
		59F7BDFB1CC236ED003610CE /* NSManagedObject+Database.m in Sources */ = {isa = PBXBuildFile; fileRef = 59F7BDF91CC236ED003610CE /* NSManagedObject+Database.m */; };
		59F7BDFE1CC24039003610CE /* NSObject+ClassName.m in Sources */ = {isa = PBXBuildFile; fileRef = 59F7BDFD1CC24039003610CE /* NSObject+ClassName.m */; };
		59F7BE031CC242AF003610CE /* LoadingView.m in Sources */ = {isa = PBXBuildFile; fileRef = 59F7BE011CC242AF003610CE /* LoadingView.m */; };
		59F7BE041CC242AF003610CE /* LoadingView.xib in Resources */ = {isa = PBXBuildFile; fileRef = 59F7BE021CC242AF003610CE /* LoadingView.xib */; };
		59F7BE091CC2430C003610CE /* UIView+Frame.m in Sources */ = {isa = PBXBuildFile; fileRef = 59F7BE061CC2430C003610CE /* UIView+Frame.m */; };
		59F7BE0A1CC2430C003610CE /* UIView+LoadFromNib.m in Sources */ = {isa = PBXBuildFile; fileRef = 59F7BE081CC2430C003610CE /* UIView+LoadFromNib.m */; };
		59F7BE0F1CC2455C003610CE /* FailedView.m in Sources */ = {isa = PBXBuildFile; fileRef = 59F7BE0D1CC2455C003610CE /* FailedView.m */; };
		59F7BE101CC2455C003610CE /* FailedView.xib in Resources */ = {isa = PBXBuildFile; fileRef = 59F7BE0E1CC2455C003610CE /* FailedView.xib */; };
		59F7BE141CC246F1003610CE /* AlertView.m in Sources */ = {isa = PBXBuildFile; fileRef = 59F7BE131CC246F1003610CE /* AlertView.m */; };
		59F7BE241CC25043003610CE /* ExploreViewController.m in Sources */ = {isa = PBXBuildFile; fileRef = 59F7BE221CC25043003610CE /* ExploreViewController.m */; };
		59F7BE251CC25043003610CE /* ExploreViewController.xib in Resources */ = {isa = PBXBuildFile; fileRef = 59F7BE231CC25043003610CE /* ExploreViewController.xib */; };
		59F7BE2A1CC25058003610CE /* FavouritesViewController.m in Sources */ = {isa = PBXBuildFile; fileRef = 59F7BE281CC25058003610CE /* FavouritesViewController.m */; };
		59F7BE2B1CC25058003610CE /* FavouritesViewController.xib in Resources */ = {isa = PBXBuildFile; fileRef = 59F7BE291CC25058003610CE /* FavouritesViewController.xib */; };
		59F7BE351CC2678F003610CE /* CollectionViewController.m in Sources */ = {isa = PBXBuildFile; fileRef = 59F7BE341CC2678F003610CE /* CollectionViewController.m */; };
		59F7BE3D1CC26B1E003610CE /* ContainerCell.m in Sources */ = {isa = PBXBuildFile; fileRef = 59F7BE3C1CC26B1E003610CE /* ContainerCell.m */; };
		59F7BE401CC26BE7003610CE /* UICollectionView+Additions.m in Sources */ = {isa = PBXBuildFile; fileRef = 59F7BE3F1CC26BE7003610CE /* UICollectionView+Additions.m */; };
		59F7BE441CC271DA003610CE /* MoviesViewer.xcdatamodeld in Sources */ = {isa = PBXBuildFile; fileRef = 59F7BE421CC271DA003610CE /* MoviesViewer.xcdatamodeld */; };
		59F7BE851CC275A1003610CE /* BaseCell.m in Sources */ = {isa = PBXBuildFile; fileRef = 59F7BE841CC275A1003610CE /* BaseCell.m */; };
		59F7BE891CC275CC003610CE /* MovieCell.m in Sources */ = {isa = PBXBuildFile; fileRef = 59F7BE871CC275CC003610CE /* MovieCell.m */; };
		59F7BE8A1CC275CC003610CE /* MovieCell.xib in Resources */ = {isa = PBXBuildFile; fileRef = 59F7BE881CC275CC003610CE /* MovieCell.xib */; };
		59F7BE941CC276D8003610CE /* Movie+CoreDataProperties.m in Sources */ = {isa = PBXBuildFile; fileRef = 59F7BE8D1CC276D8003610CE /* Movie+CoreDataProperties.m */; };
		59F7BE951CC276D8003610CE /* Movie.m in Sources */ = {isa = PBXBuildFile; fileRef = 59F7BE8F1CC276D8003610CE /* Movie.m */; };
		59F7BE961CC276D8003610CE /* MovieCategory+CoreDataProperties.m in Sources */ = {isa = PBXBuildFile; fileRef = 59F7BE911CC276D8003610CE /* MovieCategory+CoreDataProperties.m */; };
		59F7BE971CC276D8003610CE /* MovieCategory.m in Sources */ = {isa = PBXBuildFile; fileRef = 59F7BE931CC276D8003610CE /* MovieCategory.m */; };
		59F7BE9C1CC27779003610CE /* MovieDetailsViewController.m in Sources */ = {isa = PBXBuildFile; fileRef = 59F7BE9A1CC27779003610CE /* MovieDetailsViewController.m */; };
		59F7BE9D1CC27779003610CE /* MovieDetailsViewController.xib in Resources */ = {isa = PBXBuildFile; fileRef = 59F7BE9B1CC27779003610CE /* MovieDetailsViewController.xib */; };
		59F7BEA01CC2788E003610CE /* NSManagedObject+Notifications.m in Sources */ = {isa = PBXBuildFile; fileRef = 59F7BE9F1CC2788E003610CE /* NSManagedObject+Notifications.m */; };
		59F7BEA71CC27DF0003610CE /* SearchViewController.m in Sources */ = {isa = PBXBuildFile; fileRef = 59F7BEA51CC27DF0003610CE /* SearchViewController.m */; };
		59F7BEA81CC27DF0003610CE /* SearchViewController.xib in Resources */ = {isa = PBXBuildFile; fileRef = 59F7BEA61CC27DF0003610CE /* SearchViewController.xib */; };
		59F7BEAE1CC27F8B003610CE /* SearchRequest.m in Sources */ = {isa = PBXBuildFile; fileRef = 59F7BEAD1CC27F8B003610CE /* SearchRequest.m */; };
		59F7BED11CC2941D003610CE /* MKAnnotationView+WebCache.m in Sources */ = {isa = PBXBuildFile; fileRef = 59F7BEB51CC2941D003610CE /* MKAnnotationView+WebCache.m */; };
		59F7BED21CC2941D003610CE /* NSData+ImageContentType.m in Sources */ = {isa = PBXBuildFile; fileRef = 59F7BEB71CC2941D003610CE /* NSData+ImageContentType.m */; };
		59F7BED31CC2941D003610CE /* SDImageCache.m in Sources */ = {isa = PBXBuildFile; fileRef = 59F7BEB91CC2941D003610CE /* SDImageCache.m */; };
		59F7BED41CC2941D003610CE /* SDWebImageCompat.m in Sources */ = {isa = PBXBuildFile; fileRef = 59F7BEBB1CC2941D003610CE /* SDWebImageCompat.m */; };
		59F7BED51CC2941D003610CE /* SDWebImageDecoder.m in Sources */ = {isa = PBXBuildFile; fileRef = 59F7BEBD1CC2941D003610CE /* SDWebImageDecoder.m */; };
		59F7BED61CC2941D003610CE /* SDWebImageDownloader.m in Sources */ = {isa = PBXBuildFile; fileRef = 59F7BEBF1CC2941D003610CE /* SDWebImageDownloader.m */; };
		59F7BED71CC2941D003610CE /* SDWebImageDownloaderOperation.m in Sources */ = {isa = PBXBuildFile; fileRef = 59F7BEC11CC2941D003610CE /* SDWebImageDownloaderOperation.m */; };
		59F7BED81CC2941D003610CE /* SDWebImageManager.m in Sources */ = {isa = PBXBuildFile; fileRef = 59F7BEC31CC2941D003610CE /* SDWebImageManager.m */; };
		59F7BED91CC2941D003610CE /* SDWebImagePrefetcher.m in Sources */ = {isa = PBXBuildFile; fileRef = 59F7BEC61CC2941D003610CE /* SDWebImagePrefetcher.m */; };
		59F7BEDA1CC2941D003610CE /* UIButton+WebCache.m in Sources */ = {isa = PBXBuildFile; fileRef = 59F7BEC81CC2941D003610CE /* UIButton+WebCache.m */; };
		59F7BEDB1CC2941D003610CE /* UIImage+GIF.m in Sources */ = {isa = PBXBuildFile; fileRef = 59F7BECA1CC2941D003610CE /* UIImage+GIF.m */; };
		59F7BEDC1CC2941D003610CE /* UIImage+MultiFormat.m in Sources */ = {isa = PBXBuildFile; fileRef = 59F7BECC1CC2941D003610CE /* UIImage+MultiFormat.m */; };
		59F7BEDD1CC2941D003610CE /* UIImage+WebP.m in Sources */ = {isa = PBXBuildFile; fileRef = 59F7BECE1CC2941D003610CE /* UIImage+WebP.m */; };
		59F7BEDE1CC2941D003610CE /* UIImageView+WebCache.m in Sources */ = {isa = PBXBuildFile; fileRef = 59F7BED01CC2941D003610CE /* UIImageView+WebCache.m */; };
		59F7BEE11CC294DE003610CE /* UIView+Transitions.m in Sources */ = {isa = PBXBuildFile; fileRef = 59F7BEE01CC294DE003610CE /* UIView+Transitions.m */; };
		59F7BEEF1CC2BAD9003610CE /* FavouritesManager.m in Sources */ = {isa = PBXBuildFile; fileRef = 59F7BEEE1CC2BAD9003610CE /* FavouritesManager.m */; };
		59F7BEF21CC35703003610CE /* DetailsRequest.m in Sources */ = {isa = PBXBuildFile; fileRef = 59F7BEF11CC35703003610CE /* DetailsRequest.m */; };
		59F7BEF51CC365D1003610CE /* PosterContainerView.m in Sources */ = {isa = PBXBuildFile; fileRef = 59F7BEF41CC365D1003610CE /* PosterContainerView.m */; };
		59F7BEFB1CC36921003610CE /* NSMutableArray+Validation.m in Sources */ = {isa = PBXBuildFile; fileRef = 59F7BEFA1CC36921003610CE /* NSMutableArray+Validation.m */; };
		59F7BEFE1CC38EAC003610CE /* FavouritesItem.m in Sources */ = {isa = PBXBuildFile; fileRef = 59F7BEFD1CC38EAC003610CE /* FavouritesItem.m */; };
		59F7BF031CC3AFA8003610CE /* CategoryCell.m in Sources */ = {isa = PBXBuildFile; fileRef = 59F7BF011CC3AFA8003610CE /* CategoryCell.m */; };
		59F7BF041CC3AFA8003610CE /* CategoryCell.xib in Resources */ = {isa = PBXBuildFile; fileRef = 59F7BF021CC3AFA8003610CE /* CategoryCell.xib */; };
		59F7BF0A1CC3B39F003610CE /* SeparatorLineView.m in Sources */ = {isa = PBXBuildFile; fileRef = 59F7BF091CC3B39F003610CE /* SeparatorLineView.m */; };
		59F7BF101CC3BF29003610CE /* LeftAlignedLayout.m in Sources */ = {isa = PBXBuildFile; fileRef = 59F7BF0F1CC3BF29003610CE /* LeftAlignedLayout.m */; };
		59F7BF5D1CCA64BD003610CE /* PredefinedData.plist in Resources */ = {isa = PBXBuildFile; fileRef = 59F7BF5C1CCA64BD003610CE /* PredefinedData.plist */; };
/* End PBXBuildFile section */

/* Begin PBXFileReference section */
		59F7BDA51CC21B70003610CE /* MoviesViewer.app */ = {isa = PBXFileReference; explicitFileType = wrapper.application; includeInIndex = 0; path = MoviesViewer.app; sourceTree = BUILT_PRODUCTS_DIR; };
		59F7BDA91CC21B70003610CE /* main.m */ = {isa = PBXFileReference; lastKnownFileType = sourcecode.c.objc; path = main.m; sourceTree = "<group>"; };
		59F7BDAB1CC21B70003610CE /* AppDelegate.h */ = {isa = PBXFileReference; lastKnownFileType = sourcecode.c.h; path = AppDelegate.h; sourceTree = "<group>"; };
		59F7BDAC1CC21B70003610CE /* AppDelegate.m */ = {isa = PBXFileReference; lastKnownFileType = sourcecode.c.objc; path = AppDelegate.m; sourceTree = "<group>"; };
		59F7BDB41CC21B70003610CE /* Assets.xcassets */ = {isa = PBXFileReference; lastKnownFileType = folder.assetcatalog; path = Assets.xcassets; sourceTree = "<group>"; };
		59F7BDB71CC21B70003610CE /* Base */ = {isa = PBXFileReference; lastKnownFileType = file.storyboard; name = Base; path = Base.lproj/LaunchScreen.storyboard; sourceTree = "<group>"; };
		59F7BDB91CC21B70003610CE /* Info.plist */ = {isa = PBXFileReference; lastKnownFileType = text.plist.xml; path = Info.plist; sourceTree = "<group>"; };
		59F7BDBF1CC21BBE003610CE /* MoviesViewer.pch */ = {isa = PBXFileReference; lastKnownFileType = sourcecode.c.h; path = MoviesViewer.pch; sourceTree = "<group>"; };
		59F7BDC51CC21D4E003610CE /* BaseNavigationController.h */ = {isa = PBXFileReference; fileEncoding = 4; lastKnownFileType = sourcecode.c.h; path = BaseNavigationController.h; sourceTree = "<group>"; };
		59F7BDC61CC21D4E003610CE /* BaseNavigationController.m */ = {isa = PBXFileReference; fileEncoding = 4; lastKnownFileType = sourcecode.c.objc; path = BaseNavigationController.m; sourceTree = "<group>"; };
		59F7BDC71CC21D4E003610CE /* BaseViewController.h */ = {isa = PBXFileReference; fileEncoding = 4; lastKnownFileType = sourcecode.c.h; path = BaseViewController.h; sourceTree = "<group>"; };
		59F7BDC81CC21D4E003610CE /* BaseViewController.m */ = {isa = PBXFileReference; fileEncoding = 4; lastKnownFileType = sourcecode.c.objc; path = BaseViewController.m; sourceTree = "<group>"; };
		59F7BDCE1CC22884003610CE /* ServiceProvider.h */ = {isa = PBXFileReference; fileEncoding = 4; lastKnownFileType = sourcecode.c.h; path = ServiceProvider.h; sourceTree = "<group>"; };
		59F7BDCF1CC22884003610CE /* ServiceProvider.m */ = {isa = PBXFileReference; fileEncoding = 4; lastKnownFileType = sourcecode.c.objc; path = ServiceProvider.m; sourceTree = "<group>"; };
		59F7BDD01CC22884003610CE /* ServiceRequest.h */ = {isa = PBXFileReference; fileEncoding = 4; lastKnownFileType = sourcecode.c.h; path = ServiceRequest.h; sourceTree = "<group>"; };
		59F7BDD11CC22884003610CE /* ServiceRequest.m */ = {isa = PBXFileReference; fileEncoding = 4; lastKnownFileType = sourcecode.c.objc; path = ServiceRequest.m; sourceTree = "<group>"; };
		59F7BDD51CC2294B003610CE /* AFHTTPClient.h */ = {isa = PBXFileReference; fileEncoding = 4; lastKnownFileType = sourcecode.c.h; path = AFHTTPClient.h; sourceTree = "<group>"; };
		59F7BDD61CC2294B003610CE /* AFHTTPClient.m */ = {isa = PBXFileReference; fileEncoding = 4; lastKnownFileType = sourcecode.c.objc; path = AFHTTPClient.m; sourceTree = "<group>"; };
		59F7BDD71CC2294B003610CE /* AFHTTPRequestOperation.h */ = {isa = PBXFileReference; fileEncoding = 4; lastKnownFileType = sourcecode.c.h; path = AFHTTPRequestOperation.h; sourceTree = "<group>"; };
		59F7BDD81CC2294B003610CE /* AFHTTPRequestOperation.m */ = {isa = PBXFileReference; fileEncoding = 4; lastKnownFileType = sourcecode.c.objc; path = AFHTTPRequestOperation.m; sourceTree = "<group>"; };
		59F7BDD91CC2294B003610CE /* AFImageRequestOperation.h */ = {isa = PBXFileReference; fileEncoding = 4; lastKnownFileType = sourcecode.c.h; path = AFImageRequestOperation.h; sourceTree = "<group>"; };
		59F7BDDA1CC2294B003610CE /* AFImageRequestOperation.m */ = {isa = PBXFileReference; fileEncoding = 4; lastKnownFileType = sourcecode.c.objc; path = AFImageRequestOperation.m; sourceTree = "<group>"; };
		59F7BDDB1CC2294B003610CE /* AFJSONRequestOperation.h */ = {isa = PBXFileReference; fileEncoding = 4; lastKnownFileType = sourcecode.c.h; path = AFJSONRequestOperation.h; sourceTree = "<group>"; };
		59F7BDDC1CC2294B003610CE /* AFJSONRequestOperation.m */ = {isa = PBXFileReference; fileEncoding = 4; lastKnownFileType = sourcecode.c.objc; path = AFJSONRequestOperation.m; sourceTree = "<group>"; };
		59F7BDDD1CC2294B003610CE /* AFNetworkActivityIndicatorManager.h */ = {isa = PBXFileReference; fileEncoding = 4; lastKnownFileType = sourcecode.c.h; path = AFNetworkActivityIndicatorManager.h; sourceTree = "<group>"; };
		59F7BDDE1CC2294B003610CE /* AFNetworkActivityIndicatorManager.m */ = {isa = PBXFileReference; fileEncoding = 4; lastKnownFileType = sourcecode.c.objc; path = AFNetworkActivityIndicatorManager.m; sourceTree = "<group>"; };
		59F7BDDF1CC2294B003610CE /* AFNetworking.h */ = {isa = PBXFileReference; fileEncoding = 4; lastKnownFileType = sourcecode.c.h; path = AFNetworking.h; sourceTree = "<group>"; };
		59F7BDE01CC2294B003610CE /* AFPropertyListRequestOperation.h */ = {isa = PBXFileReference; fileEncoding = 4; lastKnownFileType = sourcecode.c.h; path = AFPropertyListRequestOperation.h; sourceTree = "<group>"; };
		59F7BDE11CC2294B003610CE /* AFPropertyListRequestOperation.m */ = {isa = PBXFileReference; fileEncoding = 4; lastKnownFileType = sourcecode.c.objc; path = AFPropertyListRequestOperation.m; sourceTree = "<group>"; };
		59F7BDE21CC2294B003610CE /* AFURLConnectionOperation.h */ = {isa = PBXFileReference; fileEncoding = 4; lastKnownFileType = sourcecode.c.h; path = AFURLConnectionOperation.h; sourceTree = "<group>"; };
		59F7BDE31CC2294B003610CE /* AFURLConnectionOperation.m */ = {isa = PBXFileReference; fileEncoding = 4; lastKnownFileType = sourcecode.c.objc; path = AFURLConnectionOperation.m; sourceTree = "<group>"; };
		59F7BDE41CC2294B003610CE /* AFXMLRequestOperation.h */ = {isa = PBXFileReference; fileEncoding = 4; lastKnownFileType = sourcecode.c.h; path = AFXMLRequestOperation.h; sourceTree = "<group>"; };
		59F7BDE51CC2294B003610CE /* AFXMLRequestOperation.m */ = {isa = PBXFileReference; fileEncoding = 4; lastKnownFileType = sourcecode.c.objc; path = AFXMLRequestOperation.m; sourceTree = "<group>"; };
		59F7BDEE1CC22A89003610CE /* NSError+ServiceProvider.h */ = {isa = PBXFileReference; fileEncoding = 4; lastKnownFileType = sourcecode.c.h; path = "NSError+ServiceProvider.h"; sourceTree = "<group>"; };
		59F7BDEF1CC22A89003610CE /* NSError+ServiceProvider.m */ = {isa = PBXFileReference; fileEncoding = 4; lastKnownFileType = sourcecode.c.objc; path = "NSError+ServiceProvider.m"; sourceTree = "<group>"; };
		59F7BDF11CC22B51003610CE /* NSDictionary+Validation.h */ = {isa = PBXFileReference; fileEncoding = 4; lastKnownFileType = sourcecode.c.h; path = "NSDictionary+Validation.h"; sourceTree = "<group>"; };
		59F7BDF21CC22B51003610CE /* NSDictionary+Validation.m */ = {isa = PBXFileReference; fileEncoding = 4; lastKnownFileType = sourcecode.c.objc; path = "NSDictionary+Validation.m"; sourceTree = "<group>"; };
		59F7BDF41CC22C2E003610CE /* Globals.h */ = {isa = PBXFileReference; lastKnownFileType = sourcecode.c.h; path = Globals.h; sourceTree = "<group>"; };
		59F7BDF61CC236ED003610CE /* Database.h */ = {isa = PBXFileReference; fileEncoding = 4; lastKnownFileType = sourcecode.c.h; path = Database.h; sourceTree = "<group>"; };
		59F7BDF71CC236ED003610CE /* Database.m */ = {isa = PBXFileReference; fileEncoding = 4; lastKnownFileType = sourcecode.c.objc; path = Database.m; sourceTree = "<group>"; };
		59F7BDF81CC236ED003610CE /* NSManagedObject+Database.h */ = {isa = PBXFileReference; fileEncoding = 4; lastKnownFileType = sourcecode.c.h; path = "NSManagedObject+Database.h"; sourceTree = "<group>"; };
		59F7BDF91CC236ED003610CE /* NSManagedObject+Database.m */ = {isa = PBXFileReference; fileEncoding = 4; lastKnownFileType = sourcecode.c.objc; path = "NSManagedObject+Database.m"; sourceTree = "<group>"; };
		59F7BDFC1CC24039003610CE /* NSObject+ClassName.h */ = {isa = PBXFileReference; fileEncoding = 4; lastKnownFileType = sourcecode.c.h; path = "NSObject+ClassName.h"; sourceTree = "<group>"; };
		59F7BDFD1CC24039003610CE /* NSObject+ClassName.m */ = {isa = PBXFileReference; fileEncoding = 4; lastKnownFileType = sourcecode.c.objc; path = "NSObject+ClassName.m"; sourceTree = "<group>"; };
		59F7BE001CC242AF003610CE /* LoadingView.h */ = {isa = PBXFileReference; fileEncoding = 4; lastKnownFileType = sourcecode.c.h; path = LoadingView.h; sourceTree = "<group>"; };
		59F7BE011CC242AF003610CE /* LoadingView.m */ = {isa = PBXFileReference; fileEncoding = 4; lastKnownFileType = sourcecode.c.objc; path = LoadingView.m; sourceTree = "<group>"; };
		59F7BE021CC242AF003610CE /* LoadingView.xib */ = {isa = PBXFileReference; fileEncoding = 4; lastKnownFileType = file.xib; path = LoadingView.xib; sourceTree = "<group>"; };
		59F7BE051CC2430C003610CE /* UIView+Frame.h */ = {isa = PBXFileReference; fileEncoding = 4; lastKnownFileType = sourcecode.c.h; path = "UIView+Frame.h"; sourceTree = "<group>"; };
		59F7BE061CC2430C003610CE /* UIView+Frame.m */ = {isa = PBXFileReference; fileEncoding = 4; lastKnownFileType = sourcecode.c.objc; path = "UIView+Frame.m"; sourceTree = "<group>"; };
		59F7BE071CC2430C003610CE /* UIView+LoadFromNib.h */ = {isa = PBXFileReference; fileEncoding = 4; lastKnownFileType = sourcecode.c.h; path = "UIView+LoadFromNib.h"; sourceTree = "<group>"; };
		59F7BE081CC2430C003610CE /* UIView+LoadFromNib.m */ = {isa = PBXFileReference; fileEncoding = 4; lastKnownFileType = sourcecode.c.objc; path = "UIView+LoadFromNib.m"; sourceTree = "<group>"; };
		59F7BE0C1CC2455C003610CE /* FailedView.h */ = {isa = PBXFileReference; fileEncoding = 4; lastKnownFileType = sourcecode.c.h; path = FailedView.h; sourceTree = "<group>"; };
		59F7BE0D1CC2455C003610CE /* FailedView.m */ = {isa = PBXFileReference; fileEncoding = 4; lastKnownFileType = sourcecode.c.objc; path = FailedView.m; sourceTree = "<group>"; };
		59F7BE0E1CC2455C003610CE /* FailedView.xib */ = {isa = PBXFileReference; fileEncoding = 4; lastKnownFileType = file.xib; path = FailedView.xib; sourceTree = "<group>"; };
		59F7BE121CC246F1003610CE /* AlertView.h */ = {isa = PBXFileReference; fileEncoding = 4; lastKnownFileType = sourcecode.c.h; path = AlertView.h; sourceTree = "<group>"; };
		59F7BE131CC246F1003610CE /* AlertView.m */ = {isa = PBXFileReference; fileEncoding = 4; lastKnownFileType = sourcecode.c.objc; path = AlertView.m; sourceTree = "<group>"; };
		59F7BE211CC25043003610CE /* ExploreViewController.h */ = {isa = PBXFileReference; fileEncoding = 4; lastKnownFileType = sourcecode.c.h; path = ExploreViewController.h; sourceTree = "<group>"; };
		59F7BE221CC25043003610CE /* ExploreViewController.m */ = {isa = PBXFileReference; fileEncoding = 4; lastKnownFileType = sourcecode.c.objc; path = ExploreViewController.m; sourceTree = "<group>"; };
		59F7BE231CC25043003610CE /* ExploreViewController.xib */ = {isa = PBXFileReference; fileEncoding = 4; lastKnownFileType = file.xib; path = ExploreViewController.xib; sourceTree = "<group>"; };
		59F7BE271CC25058003610CE /* FavouritesViewController.h */ = {isa = PBXFileReference; fileEncoding = 4; lastKnownFileType = sourcecode.c.h; path = FavouritesViewController.h; sourceTree = "<group>"; };
		59F7BE281CC25058003610CE /* FavouritesViewController.m */ = {isa = PBXFileReference; fileEncoding = 4; lastKnownFileType = sourcecode.c.objc; path = FavouritesViewController.m; sourceTree = "<group>"; };
		59F7BE291CC25058003610CE /* FavouritesViewController.xib */ = {isa = PBXFileReference; fileEncoding = 4; lastKnownFileType = file.xib; path = FavouritesViewController.xib; sourceTree = "<group>"; };
		59F7BE331CC2678F003610CE /* CollectionViewController.h */ = {isa = PBXFileReference; fileEncoding = 4; lastKnownFileType = sourcecode.c.h; path = CollectionViewController.h; sourceTree = "<group>"; };
		59F7BE341CC2678F003610CE /* CollectionViewController.m */ = {isa = PBXFileReference; fileEncoding = 4; lastKnownFileType = sourcecode.c.objc; path = CollectionViewController.m; sourceTree = "<group>"; };
		59F7BE3B1CC26B1E003610CE /* ContainerCell.h */ = {isa = PBXFileReference; fileEncoding = 4; lastKnownFileType = sourcecode.c.h; path = ContainerCell.h; sourceTree = "<group>"; };
		59F7BE3C1CC26B1E003610CE /* ContainerCell.m */ = {isa = PBXFileReference; fileEncoding = 4; lastKnownFileType = sourcecode.c.objc; path = ContainerCell.m; sourceTree = "<group>"; };
		59F7BE3E1CC26BE7003610CE /* UICollectionView+Additions.h */ = {isa = PBXFileReference; fileEncoding = 4; lastKnownFileType = sourcecode.c.h; path = "UICollectionView+Additions.h"; sourceTree = "<group>"; };
		59F7BE3F1CC26BE7003610CE /* UICollectionView+Additions.m */ = {isa = PBXFileReference; fileEncoding = 4; lastKnownFileType = sourcecode.c.objc; path = "UICollectionView+Additions.m"; sourceTree = "<group>"; };
		59F7BE431CC271DA003610CE /* MoviesViewer.xcdatamodel */ = {isa = PBXFileReference; lastKnownFileType = wrapper.xcdatamodel; path = MoviesViewer.xcdatamodel; sourceTree = "<group>"; };
		59F7BE691CC27424003610CE /* DAL.h */ = {isa = PBXFileReference; lastKnownFileType = sourcecode.c.h; path = DAL.h; sourceTree = "<group>"; };
		59F7BE831CC275A1003610CE /* BaseCell.h */ = {isa = PBXFileReference; fileEncoding = 4; lastKnownFileType = sourcecode.c.h; path = BaseCell.h; sourceTree = "<group>"; };
		59F7BE841CC275A1003610CE /* BaseCell.m */ = {isa = PBXFileReference; fileEncoding = 4; lastKnownFileType = sourcecode.c.objc; path = BaseCell.m; sourceTree = "<group>"; };
		59F7BE861CC275CC003610CE /* MovieCell.h */ = {isa = PBXFileReference; fileEncoding = 4; lastKnownFileType = sourcecode.c.h; path = MovieCell.h; sourceTree = "<group>"; };
		59F7BE871CC275CC003610CE /* MovieCell.m */ = {isa = PBXFileReference; fileEncoding = 4; lastKnownFileType = sourcecode.c.objc; path = MovieCell.m; sourceTree = "<group>"; };
		59F7BE881CC275CC003610CE /* MovieCell.xib */ = {isa = PBXFileReference; fileEncoding = 4; lastKnownFileType = file.xib; path = MovieCell.xib; sourceTree = "<group>"; };
		59F7BE8C1CC276D7003610CE /* Movie+CoreDataProperties.h */ = {isa = PBXFileReference; fileEncoding = 4; lastKnownFileType = sourcecode.c.h; path = "Movie+CoreDataProperties.h"; sourceTree = "<group>"; };
		59F7BE8D1CC276D8003610CE /* Movie+CoreDataProperties.m */ = {isa = PBXFileReference; fileEncoding = 4; lastKnownFileType = sourcecode.c.objc; path = "Movie+CoreDataProperties.m"; sourceTree = "<group>"; };
		59F7BE8E1CC276D8003610CE /* Movie.h */ = {isa = PBXFileReference; fileEncoding = 4; lastKnownFileType = sourcecode.c.h; path = Movie.h; sourceTree = "<group>"; };
		59F7BE8F1CC276D8003610CE /* Movie.m */ = {isa = PBXFileReference; fileEncoding = 4; lastKnownFileType = sourcecode.c.objc; path = Movie.m; sourceTree = "<group>"; };
		59F7BE901CC276D8003610CE /* MovieCategory+CoreDataProperties.h */ = {isa = PBXFileReference; fileEncoding = 4; lastKnownFileType = sourcecode.c.h; path = "MovieCategory+CoreDataProperties.h"; sourceTree = "<group>"; };
		59F7BE911CC276D8003610CE /* MovieCategory+CoreDataProperties.m */ = {isa = PBXFileReference; fileEncoding = 4; lastKnownFileType = sourcecode.c.objc; path = "MovieCategory+CoreDataProperties.m"; sourceTree = "<group>"; };
		59F7BE921CC276D8003610CE /* MovieCategory.h */ = {isa = PBXFileReference; fileEncoding = 4; lastKnownFileType = sourcecode.c.h; path = MovieCategory.h; sourceTree = "<group>"; };
		59F7BE931CC276D8003610CE /* MovieCategory.m */ = {isa = PBXFileReference; fileEncoding = 4; lastKnownFileType = sourcecode.c.objc; path = MovieCategory.m; sourceTree = "<group>"; };
		59F7BE991CC27779003610CE /* MovieDetailsViewController.h */ = {isa = PBXFileReference; fileEncoding = 4; lastKnownFileType = sourcecode.c.h; path = MovieDetailsViewController.h; sourceTree = "<group>"; };
		59F7BE9A1CC27779003610CE /* MovieDetailsViewController.m */ = {isa = PBXFileReference; fileEncoding = 4; lastKnownFileType = sourcecode.c.objc; path = MovieDetailsViewController.m; sourceTree = "<group>"; };
		59F7BE9B1CC27779003610CE /* MovieDetailsViewController.xib */ = {isa = PBXFileReference; fileEncoding = 4; lastKnownFileType = file.xib; path = MovieDetailsViewController.xib; sourceTree = "<group>"; };
		59F7BE9E1CC2788E003610CE /* NSManagedObject+Notifications.h */ = {isa = PBXFileReference; fileEncoding = 4; lastKnownFileType = sourcecode.c.h; path = "NSManagedObject+Notifications.h"; sourceTree = "<group>"; };
		59F7BE9F1CC2788E003610CE /* NSManagedObject+Notifications.m */ = {isa = PBXFileReference; fileEncoding = 4; lastKnownFileType = sourcecode.c.objc; path = "NSManagedObject+Notifications.m"; sourceTree = "<group>"; };
		59F7BEA41CC27DF0003610CE /* SearchViewController.h */ = {isa = PBXFileReference; fileEncoding = 4; lastKnownFileType = sourcecode.c.h; path = SearchViewController.h; sourceTree = "<group>"; };
		59F7BEA51CC27DF0003610CE /* SearchViewController.m */ = {isa = PBXFileReference; fileEncoding = 4; lastKnownFileType = sourcecode.c.objc; path = SearchViewController.m; sourceTree = "<group>"; };
		59F7BEA61CC27DF0003610CE /* SearchViewController.xib */ = {isa = PBXFileReference; fileEncoding = 4; lastKnownFileType = file.xib; path = SearchViewController.xib; sourceTree = "<group>"; };
		59F7BEAC1CC27F8B003610CE /* SearchRequest.h */ = {isa = PBXFileReference; fileEncoding = 4; lastKnownFileType = sourcecode.c.h; path = SearchRequest.h; sourceTree = "<group>"; };
		59F7BEAD1CC27F8B003610CE /* SearchRequest.m */ = {isa = PBXFileReference; fileEncoding = 4; lastKnownFileType = sourcecode.c.objc; path = SearchRequest.m; sourceTree = "<group>"; };
		59F7BEB41CC2941D003610CE /* MKAnnotationView+WebCache.h */ = {isa = PBXFileReference; fileEncoding = 4; lastKnownFileType = sourcecode.c.h; path = "MKAnnotationView+WebCache.h"; sourceTree = "<group>"; };
		59F7BEB51CC2941D003610CE /* MKAnnotationView+WebCache.m */ = {isa = PBXFileReference; fileEncoding = 4; lastKnownFileType = sourcecode.c.objc; path = "MKAnnotationView+WebCache.m"; sourceTree = "<group>"; };
		59F7BEB61CC2941D003610CE /* NSData+ImageContentType.h */ = {isa = PBXFileReference; fileEncoding = 4; lastKnownFileType = sourcecode.c.h; path = "NSData+ImageContentType.h"; sourceTree = "<group>"; };
		59F7BEB71CC2941D003610CE /* NSData+ImageContentType.m */ = {isa = PBXFileReference; fileEncoding = 4; lastKnownFileType = sourcecode.c.objc; path = "NSData+ImageContentType.m"; sourceTree = "<group>"; };
		59F7BEB81CC2941D003610CE /* SDImageCache.h */ = {isa = PBXFileReference; fileEncoding = 4; lastKnownFileType = sourcecode.c.h; path = SDImageCache.h; sourceTree = "<group>"; };
		59F7BEB91CC2941D003610CE /* SDImageCache.m */ = {isa = PBXFileReference; fileEncoding = 4; lastKnownFileType = sourcecode.c.objc; path = SDImageCache.m; sourceTree = "<group>"; };
		59F7BEBA1CC2941D003610CE /* SDWebImageCompat.h */ = {isa = PBXFileReference; fileEncoding = 4; lastKnownFileType = sourcecode.c.h; path = SDWebImageCompat.h; sourceTree = "<group>"; };
		59F7BEBB1CC2941D003610CE /* SDWebImageCompat.m */ = {isa = PBXFileReference; fileEncoding = 4; lastKnownFileType = sourcecode.c.objc; path = SDWebImageCompat.m; sourceTree = "<group>"; };
		59F7BEBC1CC2941D003610CE /* SDWebImageDecoder.h */ = {isa = PBXFileReference; fileEncoding = 4; lastKnownFileType = sourcecode.c.h; path = SDWebImageDecoder.h; sourceTree = "<group>"; };
		59F7BEBD1CC2941D003610CE /* SDWebImageDecoder.m */ = {isa = PBXFileReference; fileEncoding = 4; lastKnownFileType = sourcecode.c.objc; path = SDWebImageDecoder.m; sourceTree = "<group>"; };
		59F7BEBE1CC2941D003610CE /* SDWebImageDownloader.h */ = {isa = PBXFileReference; fileEncoding = 4; lastKnownFileType = sourcecode.c.h; path = SDWebImageDownloader.h; sourceTree = "<group>"; };
		59F7BEBF1CC2941D003610CE /* SDWebImageDownloader.m */ = {isa = PBXFileReference; fileEncoding = 4; lastKnownFileType = sourcecode.c.objc; path = SDWebImageDownloader.m; sourceTree = "<group>"; };
		59F7BEC01CC2941D003610CE /* SDWebImageDownloaderOperation.h */ = {isa = PBXFileReference; fileEncoding = 4; lastKnownFileType = sourcecode.c.h; path = SDWebImageDownloaderOperation.h; sourceTree = "<group>"; };
		59F7BEC11CC2941D003610CE /* SDWebImageDownloaderOperation.m */ = {isa = PBXFileReference; fileEncoding = 4; lastKnownFileType = sourcecode.c.objc; path = SDWebImageDownloaderOperation.m; sourceTree = "<group>"; };
		59F7BEC21CC2941D003610CE /* SDWebImageManager.h */ = {isa = PBXFileReference; fileEncoding = 4; lastKnownFileType = sourcecode.c.h; path = SDWebImageManager.h; sourceTree = "<group>"; };
		59F7BEC31CC2941D003610CE /* SDWebImageManager.m */ = {isa = PBXFileReference; fileEncoding = 4; lastKnownFileType = sourcecode.c.objc; path = SDWebImageManager.m; sourceTree = "<group>"; };
		59F7BEC41CC2941D003610CE /* SDWebImageOperation.h */ = {isa = PBXFileReference; fileEncoding = 4; lastKnownFileType = sourcecode.c.h; path = SDWebImageOperation.h; sourceTree = "<group>"; };
		59F7BEC51CC2941D003610CE /* SDWebImagePrefetcher.h */ = {isa = PBXFileReference; fileEncoding = 4; lastKnownFileType = sourcecode.c.h; path = SDWebImagePrefetcher.h; sourceTree = "<group>"; };
		59F7BEC61CC2941D003610CE /* SDWebImagePrefetcher.m */ = {isa = PBXFileReference; fileEncoding = 4; lastKnownFileType = sourcecode.c.objc; path = SDWebImagePrefetcher.m; sourceTree = "<group>"; };
		59F7BEC71CC2941D003610CE /* UIButton+WebCache.h */ = {isa = PBXFileReference; fileEncoding = 4; lastKnownFileType = sourcecode.c.h; path = "UIButton+WebCache.h"; sourceTree = "<group>"; };
		59F7BEC81CC2941D003610CE /* UIButton+WebCache.m */ = {isa = PBXFileReference; fileEncoding = 4; lastKnownFileType = sourcecode.c.objc; path = "UIButton+WebCache.m"; sourceTree = "<group>"; };
		59F7BEC91CC2941D003610CE /* UIImage+GIF.h */ = {isa = PBXFileReference; fileEncoding = 4; lastKnownFileType = sourcecode.c.h; path = "UIImage+GIF.h"; sourceTree = "<group>"; };
		59F7BECA1CC2941D003610CE /* UIImage+GIF.m */ = {isa = PBXFileReference; fileEncoding = 4; lastKnownFileType = sourcecode.c.objc; path = "UIImage+GIF.m"; sourceTree = "<group>"; };
		59F7BECB1CC2941D003610CE /* UIImage+MultiFormat.h */ = {isa = PBXFileReference; fileEncoding = 4; lastKnownFileType = sourcecode.c.h; path = "UIImage+MultiFormat.h"; sourceTree = "<group>"; };
		59F7BECC1CC2941D003610CE /* UIImage+MultiFormat.m */ = {isa = PBXFileReference; fileEncoding = 4; lastKnownFileType = sourcecode.c.objc; path = "UIImage+MultiFormat.m"; sourceTree = "<group>"; };
		59F7BECD1CC2941D003610CE /* UIImage+WebP.h */ = {isa = PBXFileReference; fileEncoding = 4; lastKnownFileType = sourcecode.c.h; path = "UIImage+WebP.h"; sourceTree = "<group>"; };
		59F7BECE1CC2941D003610CE /* UIImage+WebP.m */ = {isa = PBXFileReference; fileEncoding = 4; lastKnownFileType = sourcecode.c.objc; path = "UIImage+WebP.m"; sourceTree = "<group>"; };
		59F7BECF1CC2941D003610CE /* UIImageView+WebCache.h */ = {isa = PBXFileReference; fileEncoding = 4; lastKnownFileType = sourcecode.c.h; path = "UIImageView+WebCache.h"; sourceTree = "<group>"; };
		59F7BED01CC2941D003610CE /* UIImageView+WebCache.m */ = {isa = PBXFileReference; fileEncoding = 4; lastKnownFileType = sourcecode.c.objc; path = "UIImageView+WebCache.m"; sourceTree = "<group>"; };
		59F7BEDF1CC294DE003610CE /* UIView+Transitions.h */ = {isa = PBXFileReference; fileEncoding = 4; lastKnownFileType = sourcecode.c.h; path = "UIView+Transitions.h"; sourceTree = "<group>"; };
		59F7BEE01CC294DE003610CE /* UIView+Transitions.m */ = {isa = PBXFileReference; fileEncoding = 4; lastKnownFileType = sourcecode.c.objc; path = "UIView+Transitions.m"; sourceTree = "<group>"; };
		59F7BEED1CC2BAD9003610CE /* FavouritesManager.h */ = {isa = PBXFileReference; fileEncoding = 4; lastKnownFileType = sourcecode.c.h; path = FavouritesManager.h; sourceTree = "<group>"; };
		59F7BEEE1CC2BAD9003610CE /* FavouritesManager.m */ = {isa = PBXFileReference; fileEncoding = 4; lastKnownFileType = sourcecode.c.objc; path = FavouritesManager.m; sourceTree = "<group>"; };
		59F7BEF01CC35703003610CE /* DetailsRequest.h */ = {isa = PBXFileReference; fileEncoding = 4; lastKnownFileType = sourcecode.c.h; path = DetailsRequest.h; sourceTree = "<group>"; };
		59F7BEF11CC35703003610CE /* DetailsRequest.m */ = {isa = PBXFileReference; fileEncoding = 4; lastKnownFileType = sourcecode.c.objc; path = DetailsRequest.m; sourceTree = "<group>"; };
		59F7BEF31CC365D1003610CE /* PosterContainerView.h */ = {isa = PBXFileReference; fileEncoding = 4; lastKnownFileType = sourcecode.c.h; path = PosterContainerView.h; sourceTree = "<group>"; };
		59F7BEF41CC365D1003610CE /* PosterContainerView.m */ = {isa = PBXFileReference; fileEncoding = 4; lastKnownFileType = sourcecode.c.objc; path = PosterContainerView.m; sourceTree = "<group>"; };
		59F7BEF91CC36921003610CE /* NSMutableArray+Validation.h */ = {isa = PBXFileReference; fileEncoding = 4; lastKnownFileType = sourcecode.c.h; path = "NSMutableArray+Validation.h"; sourceTree = "<group>"; };
		59F7BEFA1CC36921003610CE /* NSMutableArray+Validation.m */ = {isa = PBXFileReference; fileEncoding = 4; lastKnownFileType = sourcecode.c.objc; path = "NSMutableArray+Validation.m"; sourceTree = "<group>"; };
		59F7BEFC1CC38EAC003610CE /* FavouritesItem.h */ = {isa = PBXFileReference; fileEncoding = 4; lastKnownFileType = sourcecode.c.h; path = FavouritesItem.h; sourceTree = "<group>"; };
		59F7BEFD1CC38EAC003610CE /* FavouritesItem.m */ = {isa = PBXFileReference; fileEncoding = 4; lastKnownFileType = sourcecode.c.objc; path = FavouritesItem.m; sourceTree = "<group>"; };
		59F7BF001CC3AFA8003610CE /* CategoryCell.h */ = {isa = PBXFileReference; fileEncoding = 4; lastKnownFileType = sourcecode.c.h; path = CategoryCell.h; sourceTree = "<group>"; };
		59F7BF011CC3AFA8003610CE /* CategoryCell.m */ = {isa = PBXFileReference; fileEncoding = 4; lastKnownFileType = sourcecode.c.objc; path = CategoryCell.m; sourceTree = "<group>"; };
		59F7BF021CC3AFA8003610CE /* CategoryCell.xib */ = {isa = PBXFileReference; fileEncoding = 4; lastKnownFileType = file.xib; path = CategoryCell.xib; sourceTree = "<group>"; };
		59F7BF081CC3B39F003610CE /* SeparatorLineView.h */ = {isa = PBXFileReference; fileEncoding = 4; lastKnownFileType = sourcecode.c.h; path = SeparatorLineView.h; sourceTree = "<group>"; };
		59F7BF091CC3B39F003610CE /* SeparatorLineView.m */ = {isa = PBXFileReference; fileEncoding = 4; lastKnownFileType = sourcecode.c.objc; path = SeparatorLineView.m; sourceTree = "<group>"; };
		59F7BF0E1CC3BF29003610CE /* LeftAlignedLayout.h */ = {isa = PBXFileReference; fileEncoding = 4; lastKnownFileType = sourcecode.c.h; path = LeftAlignedLayout.h; sourceTree = "<group>"; };
		59F7BF0F1CC3BF29003610CE /* LeftAlignedLayout.m */ = {isa = PBXFileReference; fileEncoding = 4; lastKnownFileType = sourcecode.c.objc; path = LeftAlignedLayout.m; sourceTree = "<group>"; };
		59F7BF5C1CCA64BD003610CE /* PredefinedData.plist */ = {isa = PBXFileReference; fileEncoding = 4; lastKnownFileType = text.plist.xml; path = PredefinedData.plist; sourceTree = "<group>"; };
/* End PBXFileReference section */

/* Begin PBXFrameworksBuildPhase section */
		59F7BDA21CC21B70003610CE /* Frameworks */ = {
			isa = PBXFrameworksBuildPhase;
			buildActionMask = 2147483647;
			files = (
			);
			runOnlyForDeploymentPostprocessing = 0;
		};
/* End PBXFrameworksBuildPhase section */

/* Begin PBXGroup section */
		59F7BD9C1CC21B70003610CE = {
			isa = PBXGroup;
			children = (
				59F7BDA71CC21B70003610CE /* MoviesViewer */,
				59F7BDCC1CC227F6003610CE /* Frameworks */,
				59F7BDA61CC21B70003610CE /* Products */,
			);
			sourceTree = "<group>";
		};
		59F7BDA61CC21B70003610CE /* Products */ = {
			isa = PBXGroup;
			children = (
				59F7BDA51CC21B70003610CE /* MoviesViewer.app */,
			);
			name = Products;
			sourceTree = "<group>";
		};
		59F7BDA71CC21B70003610CE /* MoviesViewer */ = {
			isa = PBXGroup;
			children = (
				59F7BDCB1CC227EC003610CE /* DAL */,
				59F7BDC21CC21CE1003610CE /* CustomViews */,
				59F7BDC11CC21CDC003610CE /* Additions */,
				59F7BDC01CC21C73003610CE /* ViewControllers */,
				59F7BDAB1CC21B70003610CE /* AppDelegate.h */,
				59F7BDAC1CC21B70003610CE /* AppDelegate.m */,
				59F7BDB41CC21B70003610CE /* Assets.xcassets */,
				59F7BDB61CC21B70003610CE /* LaunchScreen.storyboard */,
				59F7BDB91CC21B70003610CE /* Info.plist */,
				59F7BDA81CC21B70003610CE /* Supporting Files */,
			);
			path = MoviesViewer;
			sourceTree = "<group>";
		};
		59F7BDA81CC21B70003610CE /* Supporting Files */ = {
			isa = PBXGroup;
			children = (
				59F7BDA91CC21B70003610CE /* main.m */,
				59F7BDBF1CC21BBE003610CE /* MoviesViewer.pch */,
				59F7BDF41CC22C2E003610CE /* Globals.h */,
				59F7BF5C1CCA64BD003610CE /* PredefinedData.plist */,
			);
			name = "Supporting Files";
			sourceTree = "<group>";
		};
		59F7BDC01CC21C73003610CE /* ViewControllers */ = {
			isa = PBXGroup;
			children = (
				59F7BEA31CC27DB7003610CE /* SearchViewController */,
				59F7BE981CC27762003610CE /* MovieDetailsViewController */,
				59F7BE261CC25047003610CE /* FavouritesViewController */,
				59F7BE201CC25025003610CE /* ExploreViewController */,
				59F7BDC31CC21D03003610CE /* BaseViewControllers */,
			);
			name = ViewControllers;
			sourceTree = "<group>";
		};
		59F7BDC11CC21CDC003610CE /* Additions */ = {
			isa = PBXGroup;
			children = (
				59F7BDF11CC22B51003610CE /* NSDictionary+Validation.h */,
				59F7BDF21CC22B51003610CE /* NSDictionary+Validation.m */,
				59F7BDFC1CC24039003610CE /* NSObject+ClassName.h */,
				59F7BDFD1CC24039003610CE /* NSObject+ClassName.m */,
				59F7BE051CC2430C003610CE /* UIView+Frame.h */,
				59F7BE061CC2430C003610CE /* UIView+Frame.m */,
				59F7BE071CC2430C003610CE /* UIView+LoadFromNib.h */,
				59F7BE081CC2430C003610CE /* UIView+LoadFromNib.m */,
				59F7BE3E1CC26BE7003610CE /* UICollectionView+Additions.h */,
				59F7BE3F1CC26BE7003610CE /* UICollectionView+Additions.m */,
				59F7BEDF1CC294DE003610CE /* UIView+Transitions.h */,
				59F7BEE01CC294DE003610CE /* UIView+Transitions.m */,
				59F7BEF91CC36921003610CE /* NSMutableArray+Validation.h */,
				59F7BEFA1CC36921003610CE /* NSMutableArray+Validation.m */,
			);
			name = Additions;
			sourceTree = "<group>";
		};
		59F7BDC21CC21CE1003610CE /* CustomViews */ = {
			isa = PBXGroup;
			children = (
				59F7BF081CC3B39F003610CE /* SeparatorLineView.h */,
				59F7BF091CC3B39F003610CE /* SeparatorLineView.m */,
				59F7BE121CC246F1003610CE /* AlertView.h */,
				59F7BE131CC246F1003610CE /* AlertView.m */,
				59F7BE0B1CC24553003610CE /* FailedView */,
				59F7BDFF1CC242A5003610CE /* LoadingView */,
				59F7BE831CC275A1003610CE /* BaseCell.h */,
				59F7BE841CC275A1003610CE /* BaseCell.m */,
				59F7BEF31CC365D1003610CE /* PosterContainerView.h */,
				59F7BEF41CC365D1003610CE /* PosterContainerView.m */,
				59F7BEFC1CC38EAC003610CE /* FavouritesItem.h */,
				59F7BEFD1CC38EAC003610CE /* FavouritesItem.m */,
			);
			name = CustomViews;
			sourceTree = "<group>";
		};
		59F7BDC31CC21D03003610CE /* BaseViewControllers */ = {
			isa = PBXGroup;
			children = (
				59F7BE3B1CC26B1E003610CE /* ContainerCell.h */,
				59F7BE3C1CC26B1E003610CE /* ContainerCell.m */,
				59F7BE331CC2678F003610CE /* CollectionViewController.h */,
				59F7BE341CC2678F003610CE /* CollectionViewController.m */,
				59F7BDC51CC21D4E003610CE /* BaseNavigationController.h */,
				59F7BDC61CC21D4E003610CE /* BaseNavigationController.m */,
				59F7BDC71CC21D4E003610CE /* BaseViewController.h */,
				59F7BDC81CC21D4E003610CE /* BaseViewController.m */,
			);
			name = BaseViewControllers;
			sourceTree = "<group>";
		};
		59F7BDCB1CC227EC003610CE /* DAL */ = {
			isa = PBXGroup;
			children = (
				59F7BEEC1CC2BAC6003610CE /* FavouritesManager */,
				59F7BDF51CC236C5003610CE /* Database */,
				59F7BDCD1CC22879003610CE /* ServiceProvider */,
				59F7BE691CC27424003610CE /* DAL.h */,
			);
			name = DAL;
			sourceTree = "<group>";
		};
		59F7BDCC1CC227F6003610CE /* Frameworks */ = {
			isa = PBXGroup;
			children = (
				59F7BEB31CC2941D003610CE /* SDWebImage */,
				59F7BDD41CC2294B003610CE /* AFNetworking */,
			);
			name = Frameworks;
			path = MoviesViewer;
			sourceTree = "<group>";
		};
		59F7BDCD1CC22879003610CE /* ServiceProvider */ = {
			isa = PBXGroup;
			children = (
				59F7BE8B1CC276A1003610CE /* Requests */,
				59F7BDCE1CC22884003610CE /* ServiceProvider.h */,
				59F7BDCF1CC22884003610CE /* ServiceProvider.m */,
				59F7BDD01CC22884003610CE /* ServiceRequest.h */,
				59F7BDD11CC22884003610CE /* ServiceRequest.m */,
				59F7BDEE1CC22A89003610CE /* NSError+ServiceProvider.h */,
				59F7BDEF1CC22A89003610CE /* NSError+ServiceProvider.m */,
			);
			name = ServiceProvider;
			sourceTree = "<group>";
		};
		59F7BDD41CC2294B003610CE /* AFNetworking */ = {
			isa = PBXGroup;
			children = (
				59F7BDD51CC2294B003610CE /* AFHTTPClient.h */,
				59F7BDD61CC2294B003610CE /* AFHTTPClient.m */,
				59F7BDD71CC2294B003610CE /* AFHTTPRequestOperation.h */,
				59F7BDD81CC2294B003610CE /* AFHTTPRequestOperation.m */,
				59F7BDD91CC2294B003610CE /* AFImageRequestOperation.h */,
				59F7BDDA1CC2294B003610CE /* AFImageRequestOperation.m */,
				59F7BDDB1CC2294B003610CE /* AFJSONRequestOperation.h */,
				59F7BDDC1CC2294B003610CE /* AFJSONRequestOperation.m */,
				59F7BDDD1CC2294B003610CE /* AFNetworkActivityIndicatorManager.h */,
				59F7BDDE1CC2294B003610CE /* AFNetworkActivityIndicatorManager.m */,
				59F7BDDF1CC2294B003610CE /* AFNetworking.h */,
				59F7BDE01CC2294B003610CE /* AFPropertyListRequestOperation.h */,
				59F7BDE11CC2294B003610CE /* AFPropertyListRequestOperation.m */,
				59F7BDE21CC2294B003610CE /* AFURLConnectionOperation.h */,
				59F7BDE31CC2294B003610CE /* AFURLConnectionOperation.m */,
				59F7BDE41CC2294B003610CE /* AFXMLRequestOperation.h */,
				59F7BDE51CC2294B003610CE /* AFXMLRequestOperation.m */,
			);
			path = AFNetworking;
			sourceTree = "<group>";
		};
		59F7BDF51CC236C5003610CE /* Database */ = {
			isa = PBXGroup;
			children = (
				59F7BE411CC271BD003610CE /* Objects */,
				59F7BDF61CC236ED003610CE /* Database.h */,
				59F7BDF71CC236ED003610CE /* Database.m */,
				59F7BDF81CC236ED003610CE /* NSManagedObject+Database.h */,
				59F7BDF91CC236ED003610CE /* NSManagedObject+Database.m */,
				59F7BE9E1CC2788E003610CE /* NSManagedObject+Notifications.h */,
				59F7BE9F1CC2788E003610CE /* NSManagedObject+Notifications.m */,
				59F7BE421CC271DA003610CE /* MoviesViewer.xcdatamodeld */,
			);
			name = Database;
			sourceTree = "<group>";
		};
		59F7BDFF1CC242A5003610CE /* LoadingView */ = {
			isa = PBXGroup;
			children = (
				59F7BE001CC242AF003610CE /* LoadingView.h */,
				59F7BE011CC242AF003610CE /* LoadingView.m */,
				59F7BE021CC242AF003610CE /* LoadingView.xib */,
			);
			name = LoadingView;
			sourceTree = "<group>";
		};
		59F7BE0B1CC24553003610CE /* FailedView */ = {
			isa = PBXGroup;
			children = (
				59F7BE0C1CC2455C003610CE /* FailedView.h */,
				59F7BE0D1CC2455C003610CE /* FailedView.m */,
				59F7BE0E1CC2455C003610CE /* FailedView.xib */,
			);
			name = FailedView;
			sourceTree = "<group>";
		};
		59F7BE201CC25025003610CE /* ExploreViewController */ = {
			isa = PBXGroup;
			children = (
				59F7BE821CC27579003610CE /* MovieCell */,
				59F7BE211CC25043003610CE /* ExploreViewController.h */,
				59F7BE221CC25043003610CE /* ExploreViewController.m */,
				59F7BE231CC25043003610CE /* ExploreViewController.xib */,
			);
			name = ExploreViewController;
			sourceTree = "<group>";
		};
		59F7BE261CC25047003610CE /* FavouritesViewController */ = {
			isa = PBXGroup;
			children = (
				59F7BEFF1CC3AF90003610CE /* CategoryCell */,
				59F7BE271CC25058003610CE /* FavouritesViewController.h */,
				59F7BE281CC25058003610CE /* FavouritesViewController.m */,
				59F7BE291CC25058003610CE /* FavouritesViewController.xib */,
				59F7BF0E1CC3BF29003610CE /* LeftAlignedLayout.h */,
				59F7BF0F1CC3BF29003610CE /* LeftAlignedLayout.m */,
			);
			name = FavouritesViewController;
			sourceTree = "<group>";
		};
		59F7BE411CC271BD003610CE /* Objects */ = {
			isa = PBXGroup;
			children = (
				59F7BE8C1CC276D7003610CE /* Movie+CoreDataProperties.h */,
				59F7BE8D1CC276D8003610CE /* Movie+CoreDataProperties.m */,
				59F7BE8E1CC276D8003610CE /* Movie.h */,
				59F7BE8F1CC276D8003610CE /* Movie.m */,
				59F7BE901CC276D8003610CE /* MovieCategory+CoreDataProperties.h */,
				59F7BE911CC276D8003610CE /* MovieCategory+CoreDataProperties.m */,
				59F7BE921CC276D8003610CE /* MovieCategory.h */,
				59F7BE931CC276D8003610CE /* MovieCategory.m */,
			);
			name = Objects;
			sourceTree = "<group>";
		};
		59F7BE821CC27579003610CE /* MovieCell */ = {
			isa = PBXGroup;
			children = (
				59F7BE861CC275CC003610CE /* MovieCell.h */,
				59F7BE871CC275CC003610CE /* MovieCell.m */,
				59F7BE881CC275CC003610CE /* MovieCell.xib */,
			);
			name = MovieCell;
			sourceTree = "<group>";
		};
		59F7BE8B1CC276A1003610CE /* Requests */ = {
			isa = PBXGroup;
			children = (
				59F7BEAC1CC27F8B003610CE /* SearchRequest.h */,
				59F7BEAD1CC27F8B003610CE /* SearchRequest.m */,
				59F7BEF01CC35703003610CE /* DetailsRequest.h */,
				59F7BEF11CC35703003610CE /* DetailsRequest.m */,
			);
			name = Requests;
			sourceTree = "<group>";
		};
		59F7BE981CC27762003610CE /* MovieDetailsViewController */ = {
			isa = PBXGroup;
			children = (
				59F7BE991CC27779003610CE /* MovieDetailsViewController.h */,
				59F7BE9A1CC27779003610CE /* MovieDetailsViewController.m */,
				59F7BE9B1CC27779003610CE /* MovieDetailsViewController.xib */,
			);
			name = MovieDetailsViewController;
			sourceTree = "<group>";
		};
		59F7BEA31CC27DB7003610CE /* SearchViewController */ = {
			isa = PBXGroup;
			children = (
				59F7BEA41CC27DF0003610CE /* SearchViewController.h */,
				59F7BEA51CC27DF0003610CE /* SearchViewController.m */,
				59F7BEA61CC27DF0003610CE /* SearchViewController.xib */,
			);
			name = SearchViewController;
			sourceTree = "<group>";
		};
		59F7BEB31CC2941D003610CE /* SDWebImage */ = {
			isa = PBXGroup;
			children = (
				59F7BEB41CC2941D003610CE /* MKAnnotationView+WebCache.h */,
				59F7BEB51CC2941D003610CE /* MKAnnotationView+WebCache.m */,
				59F7BEB61CC2941D003610CE /* NSData+ImageContentType.h */,
				59F7BEB71CC2941D003610CE /* NSData+ImageContentType.m */,
				59F7BEB81CC2941D003610CE /* SDImageCache.h */,
				59F7BEB91CC2941D003610CE /* SDImageCache.m */,
				59F7BEBA1CC2941D003610CE /* SDWebImageCompat.h */,
				59F7BEBB1CC2941D003610CE /* SDWebImageCompat.m */,
				59F7BEBC1CC2941D003610CE /* SDWebImageDecoder.h */,
				59F7BEBD1CC2941D003610CE /* SDWebImageDecoder.m */,
				59F7BEBE1CC2941D003610CE /* SDWebImageDownloader.h */,
				59F7BEBF1CC2941D003610CE /* SDWebImageDownloader.m */,
				59F7BEC01CC2941D003610CE /* SDWebImageDownloaderOperation.h */,
				59F7BEC11CC2941D003610CE /* SDWebImageDownloaderOperation.m */,
				59F7BEC21CC2941D003610CE /* SDWebImageManager.h */,
				59F7BEC31CC2941D003610CE /* SDWebImageManager.m */,
				59F7BEC41CC2941D003610CE /* SDWebImageOperation.h */,
				59F7BEC51CC2941D003610CE /* SDWebImagePrefetcher.h */,
				59F7BEC61CC2941D003610CE /* SDWebImagePrefetcher.m */,
				59F7BEC71CC2941D003610CE /* UIButton+WebCache.h */,
				59F7BEC81CC2941D003610CE /* UIButton+WebCache.m */,
				59F7BEC91CC2941D003610CE /* UIImage+GIF.h */,
				59F7BECA1CC2941D003610CE /* UIImage+GIF.m */,
				59F7BECB1CC2941D003610CE /* UIImage+MultiFormat.h */,
				59F7BECC1CC2941D003610CE /* UIImage+MultiFormat.m */,
				59F7BECD1CC2941D003610CE /* UIImage+WebP.h */,
				59F7BECE1CC2941D003610CE /* UIImage+WebP.m */,
				59F7BECF1CC2941D003610CE /* UIImageView+WebCache.h */,
				59F7BED01CC2941D003610CE /* UIImageView+WebCache.m */,
			);
			path = SDWebImage;
			sourceTree = "<group>";
		};
		59F7BEEC1CC2BAC6003610CE /* FavouritesManager */ = {
			isa = PBXGroup;
			children = (
				59F7BEED1CC2BAD9003610CE /* FavouritesManager.h */,
				59F7BEEE1CC2BAD9003610CE /* FavouritesManager.m */,
			);
			name = FavouritesManager;
			sourceTree = "<group>";
		};
		59F7BEFF1CC3AF90003610CE /* CategoryCell */ = {
			isa = PBXGroup;
			children = (
				59F7BF001CC3AFA8003610CE /* CategoryCell.h */,
				59F7BF011CC3AFA8003610CE /* CategoryCell.m */,
				59F7BF021CC3AFA8003610CE /* CategoryCell.xib */,
			);
			name = CategoryCell;
			sourceTree = "<group>";
		};
/* End PBXGroup section */

/* Begin PBXNativeTarget section */
		59F7BDA41CC21B70003610CE /* MoviesViewer */ = {
			isa = PBXNativeTarget;
			buildConfigurationList = 59F7BDBC1CC21B70003610CE /* Build configuration list for PBXNativeTarget "MoviesViewer" */;
			buildPhases = (
				59F7BDA11CC21B70003610CE /* Sources */,
				59F7BDA21CC21B70003610CE /* Frameworks */,
				59F7BDA31CC21B70003610CE /* Resources */,
			);
			buildRules = (
			);
			dependencies = (
			);
			name = MoviesViewer;
			productName = MoviesViewer;
			productReference = 59F7BDA51CC21B70003610CE /* MoviesViewer.app */;
			productType = "com.apple.product-type.application";
		};
/* End PBXNativeTarget section */

/* Begin PBXProject section */
		59F7BD9D1CC21B70003610CE /* Project object */ = {
			isa = PBXProject;
			attributes = {
				LastUpgradeCheck = 0730;
				ORGANIZATIONNAME = "Ilya Kuznetsov";
				TargetAttributes = {
					59F7BDA41CC21B70003610CE = {
						CreatedOnToolsVersion = 7.3;
					};
				};
			};
			buildConfigurationList = 59F7BDA01CC21B70003610CE /* Build configuration list for PBXProject "MoviesViewer" */;
			compatibilityVersion = "Xcode 3.2";
			developmentRegion = English;
			hasScannedForEncodings = 0;
			knownRegions = (
				en,
				Base,
			);
			mainGroup = 59F7BD9C1CC21B70003610CE;
			productRefGroup = 59F7BDA61CC21B70003610CE /* Products */;
			projectDirPath = "";
			projectRoot = "";
			targets = (
				59F7BDA41CC21B70003610CE /* MoviesViewer */,
			);
		};
/* End PBXProject section */

/* Begin PBXResourcesBuildPhase section */
		59F7BDA31CC21B70003610CE /* Resources */ = {
			isa = PBXResourcesBuildPhase;
			buildActionMask = 2147483647;
			files = (
				59F7BE041CC242AF003610CE /* LoadingView.xib in Resources */,
				59F7BE9D1CC27779003610CE /* MovieDetailsViewController.xib in Resources */,
				59F7BDB81CC21B70003610CE /* LaunchScreen.storyboard in Resources */,
				59F7BE2B1CC25058003610CE /* FavouritesViewController.xib in Resources */,
				59F7BDB51CC21B70003610CE /* Assets.xcassets in Resources */,
				59F7BF041CC3AFA8003610CE /* CategoryCell.xib in Resources */,
				59F7BE101CC2455C003610CE /* FailedView.xib in Resources */,
				59F7BE8A1CC275CC003610CE /* MovieCell.xib in Resources */,
				59F7BF5D1CCA64BD003610CE /* PredefinedData.plist in Resources */,
				59F7BEA81CC27DF0003610CE /* SearchViewController.xib in Resources */,
				59F7BE251CC25043003610CE /* ExploreViewController.xib in Resources */,
			);
			runOnlyForDeploymentPostprocessing = 0;
		};
/* End PBXResourcesBuildPhase section */

/* Begin PBXSourcesBuildPhase section */
		59F7BDA11CC21B70003610CE /* Sources */ = {
			isa = PBXSourcesBuildPhase;
			buildActionMask = 2147483647;
			files = (
				59F7BEF21CC35703003610CE /* DetailsRequest.m in Sources */,
				59F7BE241CC25043003610CE /* ExploreViewController.m in Sources */,
				59F7BEDD1CC2941D003610CE /* UIImage+WebP.m in Sources */,
				59F7BEDA1CC2941D003610CE /* UIButton+WebCache.m in Sources */,
				59F7BF101CC3BF29003610CE /* LeftAlignedLayout.m in Sources */,
				59F7BDEC1CC2294B003610CE /* AFURLConnectionOperation.m in Sources */,
				59F7BF031CC3AFA8003610CE /* CategoryCell.m in Sources */,
				59F7BE951CC276D8003610CE /* Movie.m in Sources */,
				59F7BE891CC275CC003610CE /* MovieCell.m in Sources */,
				59F7BE141CC246F1003610CE /* AlertView.m in Sources */,
				59F7BEF51CC365D1003610CE /* PosterContainerView.m in Sources */,
				59F7BE031CC242AF003610CE /* LoadingView.m in Sources */,
				59F7BEFE1CC38EAC003610CE /* FavouritesItem.m in Sources */,
				59F7BDF31CC22B51003610CE /* NSDictionary+Validation.m in Sources */,
				59F7BEE11CC294DE003610CE /* UIView+Transitions.m in Sources */,
				59F7BEFB1CC36921003610CE /* NSMutableArray+Validation.m in Sources */,
				59F7BED31CC2941D003610CE /* SDImageCache.m in Sources */,
				59F7BE091CC2430C003610CE /* UIView+Frame.m in Sources */,
				59F7BED21CC2941D003610CE /* NSData+ImageContentType.m in Sources */,
				59F7BDFE1CC24039003610CE /* NSObject+ClassName.m in Sources */,
				59F7BE941CC276D8003610CE /* Movie+CoreDataProperties.m in Sources */,
				59F7BE961CC276D8003610CE /* MovieCategory+CoreDataProperties.m in Sources */,
				59F7BED11CC2941D003610CE /* MKAnnotationView+WebCache.m in Sources */,
				59F7BDAD1CC21B70003610CE /* AppDelegate.m in Sources */,
				59F7BE441CC271DA003610CE /* MoviesViewer.xcdatamodeld in Sources */,
				59F7BF0A1CC3B39F003610CE /* SeparatorLineView.m in Sources */,
				59F7BE351CC2678F003610CE /* CollectionViewController.m in Sources */,
				59F7BEA01CC2788E003610CE /* NSManagedObject+Notifications.m in Sources */,
				59F7BED71CC2941D003610CE /* SDWebImageDownloaderOperation.m in Sources */,
				59F7BE3D1CC26B1E003610CE /* ContainerCell.m in Sources */,
				59F7BEDE1CC2941D003610CE /* UIImageView+WebCache.m in Sources */,
				59F7BE0A1CC2430C003610CE /* UIView+LoadFromNib.m in Sources */,
				59F7BE971CC276D8003610CE /* MovieCategory.m in Sources */,
				59F7BDD31CC22884003610CE /* ServiceRequest.m in Sources */,
				59F7BED41CC2941D003610CE /* SDWebImageCompat.m in Sources */,
				59F7BDEB1CC2294B003610CE /* AFPropertyListRequestOperation.m in Sources */,
				59F7BEDB1CC2941D003610CE /* UIImage+GIF.m in Sources */,
				59F7BDCA1CC21D4E003610CE /* BaseViewController.m in Sources */,
				59F7BEDC1CC2941D003610CE /* UIImage+MultiFormat.m in Sources */,
				59F7BDFA1CC236ED003610CE /* Database.m in Sources */,
				59F7BEA71CC27DF0003610CE /* SearchViewController.m in Sources */,
				59F7BDAA1CC21B70003610CE /* main.m in Sources */,
				59F7BED81CC2941D003610CE /* SDWebImageManager.m in Sources */,
				59F7BED51CC2941D003610CE /* SDWebImageDecoder.m in Sources */,
				59F7BDED1CC2294B003610CE /* AFXMLRequestOperation.m in Sources */,
				59F7BDEA1CC2294B003610CE /* AFNetworkActivityIndicatorManager.m in Sources */,
				59F7BDE71CC2294B003610CE /* AFHTTPRequestOperation.m in Sources */,
				59F7BEEF1CC2BAD9003610CE /* FavouritesManager.m in Sources */,
				59F7BDC91CC21D4E003610CE /* BaseNavigationController.m in Sources */,
				59F7BED61CC2941D003610CE /* SDWebImageDownloader.m in Sources */,
				59F7BE0F1CC2455C003610CE /* FailedView.m in Sources */,
				59F7BE9C1CC27779003610CE /* MovieDetailsViewController.m in Sources */,
				59F7BDFB1CC236ED003610CE /* NSManagedObject+Database.m in Sources */,
				59F7BDE81CC2294B003610CE /* AFImageRequestOperation.m in Sources */,
				59F7BED91CC2941D003610CE /* SDWebImagePrefetcher.m in Sources */,
				59F7BDF01CC22A89003610CE /* NSError+ServiceProvider.m in Sources */,
				59F7BDE61CC2294B003610CE /* AFHTTPClient.m in Sources */,
				59F7BE401CC26BE7003610CE /* UICollectionView+Additions.m in Sources */,
				59F7BE851CC275A1003610CE /* BaseCell.m in Sources */,
				59F7BDE91CC2294B003610CE /* AFJSONRequestOperation.m in Sources */,
				59F7BEAE1CC27F8B003610CE /* SearchRequest.m in Sources */,
				59F7BE2A1CC25058003610CE /* FavouritesViewController.m in Sources */,
				59F7BDD21CC22884003610CE /* ServiceProvider.m in Sources */,
			);
			runOnlyForDeploymentPostprocessing = 0;
		};
/* End PBXSourcesBuildPhase section */

/* Begin PBXVariantGroup section */
		59F7BDB61CC21B70003610CE /* LaunchScreen.storyboard */ = {
			isa = PBXVariantGroup;
			children = (
				59F7BDB71CC21B70003610CE /* Base */,
			);
			name = LaunchScreen.storyboard;
			sourceTree = "<group>";
		};
/* End PBXVariantGroup section */

/* Begin XCBuildConfiguration section */
		59F7BDBA1CC21B70003610CE /* Debug */ = {
			isa = XCBuildConfiguration;
			buildSettings = {
				ALWAYS_SEARCH_USER_PATHS = NO;
				CLANG_ANALYZER_NONNULL = YES;
				CLANG_CXX_LANGUAGE_STANDARD = "gnu++0x";
				CLANG_CXX_LIBRARY = "libc++";
				CLANG_ENABLE_MODULES = YES;
				CLANG_ENABLE_OBJC_ARC = YES;
				CLANG_WARN_BOOL_CONVERSION = YES;
				CLANG_WARN_CONSTANT_CONVERSION = YES;
				CLANG_WARN_DIRECT_OBJC_ISA_USAGE = YES_ERROR;
				CLANG_WARN_EMPTY_BODY = YES;
				CLANG_WARN_ENUM_CONVERSION = YES;
				CLANG_WARN_INT_CONVERSION = YES;
				CLANG_WARN_OBJC_ROOT_CLASS = YES_ERROR;
				CLANG_WARN_UNREACHABLE_CODE = YES;
				CLANG_WARN__DUPLICATE_METHOD_MATCH = YES;
				"CODE_SIGN_IDENTITY[sdk=iphoneos*]" = "iPhone Developer";
				COPY_PHASE_STRIP = NO;
				DEBUG_INFORMATION_FORMAT = dwarf;
				ENABLE_STRICT_OBJC_MSGSEND = YES;
				ENABLE_TESTABILITY = YES;
				GCC_C_LANGUAGE_STANDARD = gnu99;
				GCC_DYNAMIC_NO_PIC = NO;
				GCC_NO_COMMON_BLOCKS = YES;
				GCC_OPTIMIZATION_LEVEL = 0;
				GCC_PREFIX_HEADER = MoviesViewer/MoviesViewer.pch;
				GCC_PREPROCESSOR_DEFINITIONS = (
					"DEBUG=1",
					"$(inherited)",
				);
				GCC_WARN_64_TO_32_BIT_CONVERSION = YES;
				GCC_WARN_ABOUT_RETURN_TYPE = YES_ERROR;
				GCC_WARN_UNDECLARED_SELECTOR = YES;
				GCC_WARN_UNINITIALIZED_AUTOS = YES_AGGRESSIVE;
				GCC_WARN_UNUSED_FUNCTION = YES;
				GCC_WARN_UNUSED_VARIABLE = YES;
				IPHONEOS_DEPLOYMENT_TARGET = 8.0;
				MTL_ENABLE_DEBUG_INFO = YES;
				ONLY_ACTIVE_ARCH = YES;
				SDKROOT = iphoneos;
			};
			name = Debug;
		};
		59F7BDBB1CC21B70003610CE /* Release */ = {
			isa = XCBuildConfiguration;
			buildSettings = {
				ALWAYS_SEARCH_USER_PATHS = NO;
				CLANG_ANALYZER_NONNULL = YES;
				CLANG_CXX_LANGUAGE_STANDARD = "gnu++0x";
				CLANG_CXX_LIBRARY = "libc++";
				CLANG_ENABLE_MODULES = YES;
				CLANG_ENABLE_OBJC_ARC = YES;
				CLANG_WARN_BOOL_CONVERSION = YES;
				CLANG_WARN_CONSTANT_CONVERSION = YES;
				CLANG_WARN_DIRECT_OBJC_ISA_USAGE = YES_ERROR;
				CLANG_WARN_EMPTY_BODY = YES;
				CLANG_WARN_ENUM_CONVERSION = YES;
				CLANG_WARN_INT_CONVERSION = YES;
				CLANG_WARN_OBJC_ROOT_CLASS = YES_ERROR;
				CLANG_WARN_UNREACHABLE_CODE = YES;
				CLANG_WARN__DUPLICATE_METHOD_MATCH = YES;
				"CODE_SIGN_IDENTITY[sdk=iphoneos*]" = "iPhone Developer";
				COPY_PHASE_STRIP = NO;
				DEBUG_INFORMATION_FORMAT = "dwarf-with-dsym";
				ENABLE_NS_ASSERTIONS = NO;
				ENABLE_STRICT_OBJC_MSGSEND = YES;
				GCC_C_LANGUAGE_STANDARD = gnu99;
				GCC_NO_COMMON_BLOCKS = YES;
				GCC_PREFIX_HEADER = MoviesViewer/MoviesViewer.pch;
				GCC_WARN_64_TO_32_BIT_CONVERSION = YES;
				GCC_WARN_ABOUT_RETURN_TYPE = YES_ERROR;
				GCC_WARN_UNDECLARED_SELECTOR = YES;
				GCC_WARN_UNINITIALIZED_AUTOS = YES_AGGRESSIVE;
				GCC_WARN_UNUSED_FUNCTION = YES;
				GCC_WARN_UNUSED_VARIABLE = YES;
				IPHONEOS_DEPLOYMENT_TARGET = 8.0;
				MTL_ENABLE_DEBUG_INFO = NO;
				SDKROOT = iphoneos;
				VALIDATE_PRODUCT = YES;
			};
			name = Release;
		};
		59F7BDBD1CC21B70003610CE /* Debug */ = {
			isa = XCBuildConfiguration;
			buildSettings = {
				ASSETCATALOG_COMPILER_APPICON_NAME = AppIcon;
				INFOPLIST_FILE = MoviesViewer/Info.plist;
				LD_RUNPATH_SEARCH_PATHS = "$(inherited) @executable_path/Frameworks";
				PRODUCT_BUNDLE_IDENTIFIER = ilyakuznetsov.MoviesViewer;
				PRODUCT_NAME = "$(TARGET_NAME)";
				TARGETED_DEVICE_FAMILY = "1,2";
			};
			name = Debug;
		};
		59F7BDBE1CC21B70003610CE /* Release */ = {
			isa = XCBuildConfiguration;
			buildSettings = {
				ASSETCATALOG_COMPILER_APPICON_NAME = AppIcon;
				INFOPLIST_FILE = MoviesViewer/Info.plist;
				LD_RUNPATH_SEARCH_PATHS = "$(inherited) @executable_path/Frameworks";
				PRODUCT_BUNDLE_IDENTIFIER = ilyakuznetsov.MoviesViewer;
				PRODUCT_NAME = "$(TARGET_NAME)";
				TARGETED_DEVICE_FAMILY = "1,2";
			};
			name = Release;
		};
/* End XCBuildConfiguration section */

/* Begin XCConfigurationList section */
		59F7BDA01CC21B70003610CE /* Build configuration list for PBXProject "MoviesViewer" */ = {
			isa = XCConfigurationList;
			buildConfigurations = (
				59F7BDBA1CC21B70003610CE /* Debug */,
				59F7BDBB1CC21B70003610CE /* Release */,
			);
			defaultConfigurationIsVisible = 0;
			defaultConfigurationName = Release;
		};
		59F7BDBC1CC21B70003610CE /* Build configuration list for PBXNativeTarget "MoviesViewer" */ = {
			isa = XCConfigurationList;
			buildConfigurations = (
				59F7BDBD1CC21B70003610CE /* Debug */,
				59F7BDBE1CC21B70003610CE /* Release */,
			);
			defaultConfigurationIsVisible = 0;
			defaultConfigurationName = Release;
		};
/* End XCConfigurationList section */

/* Begin XCVersionGroup section */
		59F7BE421CC271DA003610CE /* MoviesViewer.xcdatamodeld */ = {
			isa = XCVersionGroup;
			children = (
				59F7BE431CC271DA003610CE /* MoviesViewer.xcdatamodel */,
			);
			currentVersion = 59F7BE431CC271DA003610CE /* MoviesViewer.xcdatamodel */;
			path = MoviesViewer.xcdatamodeld;
			sourceTree = "<group>";
			versionGroupType = wrapper.xcdatamodel;
		};
/* End XCVersionGroup section */
	};
	rootObject = 59F7BD9D1CC21B70003610CE /* Project object */;
}
