// !$*UTF8*$!
{
	archiveVersion = 1;
	classes = {
	};
	objectVersion = 46;
	objects = {

/* Begin PBXBuildFile section */
		59F7BDAA1CC21B70003610CE /* main.m in Sources */ = {isa = PBXBuildFile; fileRef = 59F7BDA91CC21B70003610CE /* main.m */; };
		59F7BDAD1CC21B70003610CE /* AppDelegate.m in Sources */ = {isa = PBXBuildFile; fileRef = 59F7BDAC1CC21B70003610CE /* AppDelegate.m */; };
		59F7BDB51CC21B70003610CE /* Assets.xcassets in Resources */ = {isa = PBXBuildFile; fileRef = 59F7BDB41CC21B70003610CE /* Assets.xcassets */; };
		59F7BDB81CC21B70003610CE /* LaunchScreen.storyboard in Resources */ = {isa = PBXBuildFile; fileRef = 59F7BDB61CC21B70003610CE /* LaunchScreen.storyboard */; };
		59F7BDC91CC21D4E003610CE /* BaseNavigationController.m in Sources */ = {isa = PBXBuildFile; fileRef = 59F7BDC61CC21D4E003610CE /* BaseNavigationController.m */; };
		59F7BDD21CC22884003610CE /* ServiceProvider.m in Sources */ = {isa = PBXBuildFile; fileRef = 59F7BDCF1CC22884003610CE /* ServiceProvider.m */; };
		59F7BDD31CC22884003610CE /* ServiceRequest.m in Sources */ = {isa = PBXBuildFile; fileRef = 59F7BDD11CC22884003610CE /* ServiceRequest.m */; };
		59F7BDE61CC2294B003610CE /* AFHTTPClient.m in Sources */ = {isa = PBXBuildFile; fileRef = 59F7BDD61CC2294B003610CE /* AFHTTPClient.m */; };
		59F7BDE71CC2294B003610CE /* AFHTTPRequestOperation.m in Sources */ = {isa = PBXBuildFile; fileRef = 59F7BDD81CC2294B003610CE /* AFHTTPRequestOperation.m */; };
		59F7BDE81CC2294B003610CE /* AFImageRequestOperation.m in Sources */ = {isa = PBXBuildFile; fileRef = 59F7BDDA1CC2294B003610CE /* AFImageRequestOperation.m */; };
		59F7BDE91CC2294B003610CE /* AFJSONRequestOperation.m in Sources */ = {isa = PBXBuildFile; fileRef = 59F7BDDC1CC2294B003610CE /* AFJSONRequestOperation.m */; };
		59F7BDEA1CC2294B003610CE /* AFNetworkActivityIndicatorManager.m in Sources */ = {isa = PBXBuildFile; fileRef = 59F7BDDE1CC2294B003610CE /* AFNetworkActivityIndicatorManager.m */; };
		59F7BDEB1CC2294B003610CE /* AFPropertyListRequestOperation.m in Sources */ = {isa = PBXBuildFile; fileRef = 59F7BDE11CC2294B003610CE /* AFPropertyListRequestOperation.m */; };
		59F7BDEC1CC2294B003610CE /* AFURLConnectionOperation.m in Sources */ = {isa = PBXBuildFile; fileRef = 59F7BDE31CC2294B003610CE /* AFURLConnectionOperation.m */; };
		59F7BDED1CC2294B003610CE /* AFXMLRequestOperation.m in Sources */ = {isa = PBXBuildFile; fileRef = 59F7BDE51CC2294B003610CE /* AFXMLRequestOperation.m */; };
		59F7BDF01CC22A89003610CE /* NSError+ServiceProvider.m in Sources */ = {isa = PBXBuildFile; fileRef = 59F7BDEF1CC22A89003610CE /* NSError+ServiceProvider.m */; };
		59F7BE241CC25043003610CE /* ExploreViewController.m in Sources */ = {isa = PBXBuildFile; fileRef = 59F7BE221CC25043003610CE /* ExploreViewController.m */; };
		59F7BE2A1CC25058003610CE /* FavouritesViewController.m in Sources */ = {isa = PBXBuildFile; fileRef = 59F7BE281CC25058003610CE /* FavouritesViewController.m */; };
		59F7BE441CC271DA003610CE /* MoviesViewer.xcdatamodeld in Sources */ = {isa = PBXBuildFile; fileRef = 59F7BE421CC271DA003610CE /* MoviesViewer.xcdatamodeld */; };
		59F7BE891CC275CC003610CE /* MovieCell.m in Sources */ = {isa = PBXBuildFile; fileRef = 59F7BE871CC275CC003610CE /* MovieCell.m */; };
		59F7BE8A1CC275CC003610CE /* MovieCell.xib in Resources */ = {isa = PBXBuildFile; fileRef = 59F7BE881CC275CC003610CE /* MovieCell.xib */; };
		59F7BE9C1CC27779003610CE /* MovieDetailsViewController.m in Sources */ = {isa = PBXBuildFile; fileRef = 59F7BE9A1CC27779003610CE /* MovieDetailsViewController.m */; };
		59F7BE9D1CC27779003610CE /* MovieDetailsViewController.xib in Resources */ = {isa = PBXBuildFile; fileRef = 59F7BE9B1CC27779003610CE /* MovieDetailsViewController.xib */; };
		59F7BEA01CC2788E003610CE /* NSManagedObject+Notifications.m in Sources */ = {isa = PBXBuildFile; fileRef = 59F7BE9F1CC2788E003610CE /* NSManagedObject+Notifications.m */; };
		59F7BEA71CC27DF0003610CE /* SearchViewController.m in Sources */ = {isa = PBXBuildFile; fileRef = 59F7BEA51CC27DF0003610CE /* SearchViewController.m */; };
		59F7BEAE1CC27F8B003610CE /* SearchRequest.m in Sources */ = {isa = PBXBuildFile; fileRef = 59F7BEAD1CC27F8B003610CE /* SearchRequest.m */; };
		59F7BEEF1CC2BAD9003610CE /* ObjectsContainer.m in Sources */ = {isa = PBXBuildFile; fileRef = 59F7BEEE1CC2BAD9003610CE /* ObjectsContainer.m */; };
		59F7BEF21CC35703003610CE /* DetailsRequest.m in Sources */ = {isa = PBXBuildFile; fileRef = 59F7BEF11CC35703003610CE /* DetailsRequest.m */; };
		59F7BEF51CC365D1003610CE /* PosterContainerView.m in Sources */ = {isa = PBXBuildFile; fileRef = 59F7BEF41CC365D1003610CE /* PosterContainerView.m */; };
		59F7BEFE1CC38EAC003610CE /* FavouritesItem.m in Sources */ = {isa = PBXBuildFile; fileRef = 59F7BEFD1CC38EAC003610CE /* FavouritesItem.m */; };
		59F7BF5D1CCA64BD003610CE /* PredefinedData.plist in Resources */ = {isa = PBXBuildFile; fileRef = 59F7BF5C1CCA64BD003610CE /* PredefinedData.plist */; };
		D7E9DABB1FA7AAA80046A908 /* AMAppkit.framework in Frameworks */ = {isa = PBXBuildFile; fileRef = D7E9DAB81FA7A9230046A908 /* AMAppkit.framework */; };
		D7E9DABE1FA7ABD10046A908 /* BaseCell.m in Sources */ = {isa = PBXBuildFile; fileRef = D7E9DABD1FA7ABD10046A908 /* BaseCell.m */; };
		D7E9DAC11FA7ABFD0046A908 /* NSDictionary+Validation.m in Sources */ = {isa = PBXBuildFile; fileRef = D7E9DAC01FA7ABFD0046A908 /* NSDictionary+Validation.m */; };
		D7E9DAC51FA7B6040046A908 /* NSMutableArray+Validation.m in Sources */ = {isa = PBXBuildFile; fileRef = D7E9DAC31FA7B6040046A908 /* NSMutableArray+Validation.m */; };
		D7E9DAC81FA8BF440046A908 /* ConfigurationRequest.m in Sources */ = {isa = PBXBuildFile; fileRef = D7E9DAC71FA8BF440046A908 /* ConfigurationRequest.m */; };
		D7EE69D91FA616A7000B843C /* libAMDatabase.a in Frameworks */ = {isa = PBXBuildFile; fileRef = D7EE69D61FA6169B000B843C /* libAMDatabase.a */; };
		D7EE69E61FA6177E000B843C /* AppContainer.m in Sources */ = {isa = PBXBuildFile; fileRef = D7EE69E51FA6177E000B843C /* AppContainer.m */; };
		D7EE69E91FA6359D000B843C /* Movie+Additions.m in Sources */ = {isa = PBXBuildFile; fileRef = D7EE69E81FA6359D000B843C /* Movie+Additions.m */; };
/* End PBXBuildFile section */

/* Begin PBXContainerItemProxy section */
		D7E9DAB71FA7A9230046A908 /* PBXContainerItemProxy */ = {
			isa = PBXContainerItemProxy;
			containerPortal = D7E9DAB31FA7A9230046A908 /* AMAppkit.xcodeproj */;
			proxyType = 2;
			remoteGlobalIDString = 592060E81E38E26C0066BE0D;
			remoteInfo = AMAppkit;
		};
		D7E9DAB91FA7AAA40046A908 /* PBXContainerItemProxy */ = {
			isa = PBXContainerItemProxy;
			containerPortal = D7E9DAB31FA7A9230046A908 /* AMAppkit.xcodeproj */;
			proxyType = 1;
			remoteGlobalIDString = 592060E71E38E26C0066BE0D;
			remoteInfo = AMAppkit;
		};
		D7EE69D51FA6169B000B843C /* PBXContainerItemProxy */ = {
			isa = PBXContainerItemProxy;
			containerPortal = D7EE69D11FA6169B000B843C /* AMDatabase.xcodeproj */;
			proxyType = 2;
			remoteGlobalIDString = 596F08C01E5CC86E00D8FC22;
			remoteInfo = AMDatabase;
		};
		D7EE69D71FA616A4000B843C /* PBXContainerItemProxy */ = {
			isa = PBXContainerItemProxy;
			containerPortal = D7EE69D11FA6169B000B843C /* AMDatabase.xcodeproj */;
			proxyType = 1;
			remoteGlobalIDString = 596F08BF1E5CC86E00D8FC22;
			remoteInfo = AMDatabase;
		};
/* End PBXContainerItemProxy section */

/* Begin PBXFileReference section */
		59F7BDA51CC21B70003610CE /* MoviesViewer.app */ = {isa = PBXFileReference; explicitFileType = wrapper.application; includeInIndex = 0; path = MoviesViewer.app; sourceTree = BUILT_PRODUCTS_DIR; };
		59F7BDA91CC21B70003610CE /* main.m */ = {isa = PBXFileReference; lastKnownFileType = sourcecode.c.objc; path = main.m; sourceTree = "<group>"; };
		59F7BDAB1CC21B70003610CE /* AppDelegate.h */ = {isa = PBXFileReference; lastKnownFileType = sourcecode.c.h; path = AppDelegate.h; sourceTree = "<group>"; };
		59F7BDAC1CC21B70003610CE /* AppDelegate.m */ = {isa = PBXFileReference; lastKnownFileType = sourcecode.c.objc; path = AppDelegate.m; sourceTree = "<group>"; };
		59F7BDB41CC21B70003610CE /* Assets.xcassets */ = {isa = PBXFileReference; lastKnownFileType = folder.assetcatalog; path = Assets.xcassets; sourceTree = "<group>"; };
		59F7BDB71CC21B70003610CE /* Base */ = {isa = PBXFileReference; lastKnownFileType = file.storyboard; name = Base; path = Base.lproj/LaunchScreen.storyboard; sourceTree = "<group>"; };
		59F7BDB91CC21B70003610CE /* Info.plist */ = {isa = PBXFileReference; lastKnownFileType = text.plist.xml; path = Info.plist; sourceTree = "<group>"; };
		59F7BDBF1CC21BBE003610CE /* MoviesViewer.pch */ = {isa = PBXFileReference; lastKnownFileType = sourcecode.c.h; path = MoviesViewer.pch; sourceTree = "<group>"; };
		59F7BDC51CC21D4E003610CE /* BaseNavigationController.h */ = {isa = PBXFileReference; fileEncoding = 4; lastKnownFileType = sourcecode.c.h; path = BaseNavigationController.h; sourceTree = "<group>"; };
		59F7BDC61CC21D4E003610CE /* BaseNavigationController.m */ = {isa = PBXFileReference; fileEncoding = 4; lastKnownFileType = sourcecode.c.objc; path = BaseNavigationController.m; sourceTree = "<group>"; };
		59F7BDCE1CC22884003610CE /* ServiceProvider.h */ = {isa = PBXFileReference; fileEncoding = 4; lastKnownFileType = sourcecode.c.h; path = ServiceProvider.h; sourceTree = "<group>"; };
		59F7BDCF1CC22884003610CE /* ServiceProvider.m */ = {isa = PBXFileReference; fileEncoding = 4; lastKnownFileType = sourcecode.c.objc; path = ServiceProvider.m; sourceTree = "<group>"; };
		59F7BDD01CC22884003610CE /* ServiceRequest.h */ = {isa = PBXFileReference; fileEncoding = 4; lastKnownFileType = sourcecode.c.h; path = ServiceRequest.h; sourceTree = "<group>"; };
		59F7BDD11CC22884003610CE /* ServiceRequest.m */ = {isa = PBXFileReference; fileEncoding = 4; lastKnownFileType = sourcecode.c.objc; path = ServiceRequest.m; sourceTree = "<group>"; };
		59F7BDD51CC2294B003610CE /* AFHTTPClient.h */ = {isa = PBXFileReference; fileEncoding = 4; lastKnownFileType = sourcecode.c.h; path = AFHTTPClient.h; sourceTree = "<group>"; };
		59F7BDD61CC2294B003610CE /* AFHTTPClient.m */ = {isa = PBXFileReference; fileEncoding = 4; lastKnownFileType = sourcecode.c.objc; path = AFHTTPClient.m; sourceTree = "<group>"; };
		59F7BDD71CC2294B003610CE /* AFHTTPRequestOperation.h */ = {isa = PBXFileReference; fileEncoding = 4; lastKnownFileType = sourcecode.c.h; path = AFHTTPRequestOperation.h; sourceTree = "<group>"; };
		59F7BDD81CC2294B003610CE /* AFHTTPRequestOperation.m */ = {isa = PBXFileReference; fileEncoding = 4; lastKnownFileType = sourcecode.c.objc; path = AFHTTPRequestOperation.m; sourceTree = "<group>"; };
		59F7BDD91CC2294B003610CE /* AFImageRequestOperation.h */ = {isa = PBXFileReference; fileEncoding = 4; lastKnownFileType = sourcecode.c.h; path = AFImageRequestOperation.h; sourceTree = "<group>"; };
		59F7BDDA1CC2294B003610CE /* AFImageRequestOperation.m */ = {isa = PBXFileReference; fileEncoding = 4; lastKnownFileType = sourcecode.c.objc; path = AFImageRequestOperation.m; sourceTree = "<group>"; };
		59F7BDDB1CC2294B003610CE /* AFJSONRequestOperation.h */ = {isa = PBXFileReference; fileEncoding = 4; lastKnownFileType = sourcecode.c.h; path = AFJSONRequestOperation.h; sourceTree = "<group>"; };
		59F7BDDC1CC2294B003610CE /* AFJSONRequestOperation.m */ = {isa = PBXFileReference; fileEncoding = 4; lastKnownFileType = sourcecode.c.objc; path = AFJSONRequestOperation.m; sourceTree = "<group>"; };
		59F7BDDD1CC2294B003610CE /* AFNetworkActivityIndicatorManager.h */ = {isa = PBXFileReference; fileEncoding = 4; lastKnownFileType = sourcecode.c.h; path = AFNetworkActivityIndicatorManager.h; sourceTree = "<group>"; };
		59F7BDDE1CC2294B003610CE /* AFNetworkActivityIndicatorManager.m */ = {isa = PBXFileReference; fileEncoding = 4; lastKnownFileType = sourcecode.c.objc; path = AFNetworkActivityIndicatorManager.m; sourceTree = "<group>"; };
		59F7BDDF1CC2294B003610CE /* AFNetworking.h */ = {isa = PBXFileReference; fileEncoding = 4; lastKnownFileType = sourcecode.c.h; path = AFNetworking.h; sourceTree = "<group>"; };
		59F7BDE01CC2294B003610CE /* AFPropertyListRequestOperation.h */ = {isa = PBXFileReference; fileEncoding = 4; lastKnownFileType = sourcecode.c.h; path = AFPropertyListRequestOperation.h; sourceTree = "<group>"; };
		59F7BDE11CC2294B003610CE /* AFPropertyListRequestOperation.m */ = {isa = PBXFileReference; fileEncoding = 4; lastKnownFileType = sourcecode.c.objc; path = AFPropertyListRequestOperation.m; sourceTree = "<group>"; };
		59F7BDE21CC2294B003610CE /* AFURLConnectionOperation.h */ = {isa = PBXFileReference; fileEncoding = 4; lastKnownFileType = sourcecode.c.h; path = AFURLConnectionOperation.h; sourceTree = "<group>"; };
		59F7BDE31CC2294B003610CE /* AFURLConnectionOperation.m */ = {isa = PBXFileReference; fileEncoding = 4; lastKnownFileType = sourcecode.c.objc; path = AFURLConnectionOperation.m; sourceTree = "<group>"; };
		59F7BDE41CC2294B003610CE /* AFXMLRequestOperation.h */ = {isa = PBXFileReference; fileEncoding = 4; lastKnownFileType = sourcecode.c.h; path = AFXMLRequestOperation.h; sourceTree = "<group>"; };
		59F7BDE51CC2294B003610CE /* AFXMLRequestOperation.m */ = {isa = PBXFileReference; fileEncoding = 4; lastKnownFileType = sourcecode.c.objc; path = AFXMLRequestOperation.m; sourceTree = "<group>"; };
		59F7BDEE1CC22A89003610CE /* NSError+ServiceProvider.h */ = {isa = PBXFileReference; fileEncoding = 4; lastKnownFileType = sourcecode.c.h; path = "NSError+ServiceProvider.h"; sourceTree = "<group>"; };
		59F7BDEF1CC22A89003610CE /* NSError+ServiceProvider.m */ = {isa = PBXFileReference; fileEncoding = 4; lastKnownFileType = sourcecode.c.objc; path = "NSError+ServiceProvider.m"; sourceTree = "<group>"; };
		59F7BE211CC25043003610CE /* ExploreViewController.h */ = {isa = PBXFileReference; fileEncoding = 4; lastKnownFileType = sourcecode.c.h; path = ExploreViewController.h; sourceTree = "<group>"; };
		59F7BE221CC25043003610CE /* ExploreViewController.m */ = {isa = PBXFileReference; fileEncoding = 4; lastKnownFileType = sourcecode.c.objc; path = ExploreViewController.m; sourceTree = "<group>"; };
		59F7BE271CC25058003610CE /* FavouritesViewController.h */ = {isa = PBXFileReference; fileEncoding = 4; lastKnownFileType = sourcecode.c.h; path = FavouritesViewController.h; sourceTree = "<group>"; };
		59F7BE281CC25058003610CE /* FavouritesViewController.m */ = {isa = PBXFileReference; fileEncoding = 4; lastKnownFileType = sourcecode.c.objc; path = FavouritesViewController.m; sourceTree = "<group>"; };
		59F7BE431CC271DA003610CE /* MoviesViewer.xcdatamodel */ = {isa = PBXFileReference; lastKnownFileType = wrapper.xcdatamodel; path = MoviesViewer.xcdatamodel; sourceTree = "<group>"; };
		59F7BE691CC27424003610CE /* DAL.h */ = {isa = PBXFileReference; lastKnownFileType = sourcecode.c.h; path = DAL.h; sourceTree = "<group>"; };
		59F7BE861CC275CC003610CE /* MovieCell.h */ = {isa = PBXFileReference; fileEncoding = 4; lastKnownFileType = sourcecode.c.h; path = MovieCell.h; sourceTree = "<group>"; };
		59F7BE871CC275CC003610CE /* MovieCell.m */ = {isa = PBXFileReference; fileEncoding = 4; lastKnownFileType = sourcecode.c.objc; path = MovieCell.m; sourceTree = "<group>"; };
		59F7BE881CC275CC003610CE /* MovieCell.xib */ = {isa = PBXFileReference; fileEncoding = 4; lastKnownFileType = file.xib; path = MovieCell.xib; sourceTree = "<group>"; };
		59F7BE991CC27779003610CE /* MovieDetailsViewController.h */ = {isa = PBXFileReference; fileEncoding = 4; lastKnownFileType = sourcecode.c.h; path = MovieDetailsViewController.h; sourceTree = "<group>"; };
		59F7BE9A1CC27779003610CE /* MovieDetailsViewController.m */ = {isa = PBXFileReference; fileEncoding = 4; lastKnownFileType = sourcecode.c.objc; path = MovieDetailsViewController.m; sourceTree = "<group>"; };
		59F7BE9B1CC27779003610CE /* MovieDetailsViewController.xib */ = {isa = PBXFileReference; fileEncoding = 4; lastKnownFileType = file.xib; path = MovieDetailsViewController.xib; sourceTree = "<group>"; };
		59F7BE9E1CC2788E003610CE /* NSManagedObject+Notifications.h */ = {isa = PBXFileReference; fileEncoding = 4; lastKnownFileType = sourcecode.c.h; path = "NSManagedObject+Notifications.h"; sourceTree = "<group>"; };
		59F7BE9F1CC2788E003610CE /* NSManagedObject+Notifications.m */ = {isa = PBXFileReference; fileEncoding = 4; lastKnownFileType = sourcecode.c.objc; path = "NSManagedObject+Notifications.m"; sourceTree = "<group>"; };
		59F7BEA41CC27DF0003610CE /* SearchViewController.h */ = {isa = PBXFileReference; fileEncoding = 4; lastKnownFileType = sourcecode.c.h; path = SearchViewController.h; sourceTree = "<group>"; };
		59F7BEA51CC27DF0003610CE /* SearchViewController.m */ = {isa = PBXFileReference; fileEncoding = 4; lastKnownFileType = sourcecode.c.objc; path = SearchViewController.m; sourceTree = "<group>"; };
		59F7BEAC1CC27F8B003610CE /* SearchRequest.h */ = {isa = PBXFileReference; fileEncoding = 4; lastKnownFileType = sourcecode.c.h; path = SearchRequest.h; sourceTree = "<group>"; };
		59F7BEAD1CC27F8B003610CE /* SearchRequest.m */ = {isa = PBXFileReference; fileEncoding = 4; lastKnownFileType = sourcecode.c.objc; path = SearchRequest.m; sourceTree = "<group>"; };
		59F7BEED1CC2BAD9003610CE /* ObjectsContainer.h */ = {isa = PBXFileReference; fileEncoding = 4; lastKnownFileType = sourcecode.c.h; path = ObjectsContainer.h; sourceTree = "<group>"; };
		59F7BEEE1CC2BAD9003610CE /* ObjectsContainer.m */ = {isa = PBXFileReference; fileEncoding = 4; lastKnownFileType = sourcecode.c.objc; path = ObjectsContainer.m; sourceTree = "<group>"; };
		59F7BEF01CC35703003610CE /* DetailsRequest.h */ = {isa = PBXFileReference; fileEncoding = 4; lastKnownFileType = sourcecode.c.h; path = DetailsRequest.h; sourceTree = "<group>"; };
		59F7BEF11CC35703003610CE /* DetailsRequest.m */ = {isa = PBXFileReference; fileEncoding = 4; lastKnownFileType = sourcecode.c.objc; path = DetailsRequest.m; sourceTree = "<group>"; };
		59F7BEF31CC365D1003610CE /* PosterContainerView.h */ = {isa = PBXFileReference; fileEncoding = 4; lastKnownFileType = sourcecode.c.h; path = PosterContainerView.h; sourceTree = "<group>"; };
		59F7BEF41CC365D1003610CE /* PosterContainerView.m */ = {isa = PBXFileReference; fileEncoding = 4; lastKnownFileType = sourcecode.c.objc; path = PosterContainerView.m; sourceTree = "<group>"; };
		59F7BEFC1CC38EAC003610CE /* FavouritesItem.h */ = {isa = PBXFileReference; fileEncoding = 4; lastKnownFileType = sourcecode.c.h; path = FavouritesItem.h; sourceTree = "<group>"; };
		59F7BEFD1CC38EAC003610CE /* FavouritesItem.m */ = {isa = PBXFileReference; fileEncoding = 4; lastKnownFileType = sourcecode.c.objc; path = FavouritesItem.m; sourceTree = "<group>"; };
		59F7BF5C1CCA64BD003610CE /* PredefinedData.plist */ = {isa = PBXFileReference; fileEncoding = 4; lastKnownFileType = text.plist.xml; path = PredefinedData.plist; sourceTree = "<group>"; };
		D7E9DAAE1FA66E4A0046A908 /* CoreData.framework */ = {isa = PBXFileReference; lastKnownFileType = wrapper.framework; name = CoreData.framework; path = System/Library/Frameworks/CoreData.framework; sourceTree = SDKROOT; };
		D7E9DAB31FA7A9230046A908 /* AMAppkit.xcodeproj */ = {isa = PBXFileReference; lastKnownFileType = "wrapper.pb-project"; name = AMAppkit.xcodeproj; path = AMAppkit/AMAppkit.xcodeproj; sourceTree = SOURCE_ROOT; };
		D7E9DABC1FA7ABD00046A908 /* BaseCell.h */ = {isa = PBXFileReference; fileEncoding = 4; lastKnownFileType = sourcecode.c.h; path = BaseCell.h; sourceTree = "<group>"; };
		D7E9DABD1FA7ABD10046A908 /* BaseCell.m */ = {isa = PBXFileReference; fileEncoding = 4; lastKnownFileType = sourcecode.c.objc; path = BaseCell.m; sourceTree = "<group>"; };
		D7E9DABF1FA7ABFD0046A908 /* NSDictionary+Validation.h */ = {isa = PBXFileReference; fileEncoding = 4; lastKnownFileType = sourcecode.c.h; path = "NSDictionary+Validation.h"; sourceTree = "<group>"; };
		D7E9DAC01FA7ABFD0046A908 /* NSDictionary+Validation.m */ = {isa = PBXFileReference; fileEncoding = 4; lastKnownFileType = sourcecode.c.objc; path = "NSDictionary+Validation.m"; sourceTree = "<group>"; };
		D7E9DAC31FA7B6040046A908 /* NSMutableArray+Validation.m */ = {isa = PBXFileReference; fileEncoding = 4; lastKnownFileType = sourcecode.c.objc; path = "NSMutableArray+Validation.m"; sourceTree = "<group>"; };
		D7E9DAC41FA7B6040046A908 /* NSMutableArray+Validation.h */ = {isa = PBXFileReference; fileEncoding = 4; lastKnownFileType = sourcecode.c.h; path = "NSMutableArray+Validation.h"; sourceTree = "<group>"; };
		D7E9DAC61FA8BF440046A908 /* ConfigurationRequest.h */ = {isa = PBXFileReference; lastKnownFileType = sourcecode.c.h; path = ConfigurationRequest.h; sourceTree = "<group>"; };
		D7E9DAC71FA8BF440046A908 /* ConfigurationRequest.m */ = {isa = PBXFileReference; lastKnownFileType = sourcecode.c.objc; path = ConfigurationRequest.m; sourceTree = "<group>"; };
		D7EE69D11FA6169B000B843C /* AMDatabase.xcodeproj */ = {isa = PBXFileReference; lastKnownFileType = "wrapper.pb-project"; name = AMDatabase.xcodeproj; path = AMDatabase/AMDatabase.xcodeproj; sourceTree = SOURCE_ROOT; };
		D7EE69E41FA6177E000B843C /* AppContainer.h */ = {isa = PBXFileReference; lastKnownFileType = sourcecode.c.h; path = AppContainer.h; sourceTree = "<group>"; };
		D7EE69E51FA6177E000B843C /* AppContainer.m */ = {isa = PBXFileReference; lastKnownFileType = sourcecode.c.objc; path = AppContainer.m; sourceTree = "<group>"; };
		D7EE69E71FA6359D000B843C /* Movie+Additions.h */ = {isa = PBXFileReference; lastKnownFileType = sourcecode.c.h; path = "Movie+Additions.h"; sourceTree = "<group>"; };
		D7EE69E81FA6359D000B843C /* Movie+Additions.m */ = {isa = PBXFileReference; lastKnownFileType = sourcecode.c.objc; path = "Movie+Additions.m"; sourceTree = "<group>"; };
/* End PBXFileReference section */

/* Begin PBXFrameworksBuildPhase section */
		59F7BDA21CC21B70003610CE /* Frameworks */ = {
			isa = PBXFrameworksBuildPhase;
			buildActionMask = 2147483647;
			files = (
				D7E9DABB1FA7AAA80046A908 /* AMAppkit.framework in Frameworks */,
				D7EE69D91FA616A7000B843C /* libAMDatabase.a in Frameworks */,
			);
			runOnlyForDeploymentPostprocessing = 0;
		};
/* End PBXFrameworksBuildPhase section */

/* Begin PBXGroup section */
		59F7BD9C1CC21B70003610CE = {
			isa = PBXGroup;
			children = (
				59F7BDA71CC21B70003610CE /* MoviesViewer */,
				59F7BDCC1CC227F6003610CE /* Frameworks */,
				59F7BDA61CC21B70003610CE /* Products */,
			);
			sourceTree = "<group>";
		};
		59F7BDA61CC21B70003610CE /* Products */ = {
			isa = PBXGroup;
			children = (
				59F7BDA51CC21B70003610CE /* MoviesViewer.app */,
			);
			name = Products;
			sourceTree = "<group>";
		};
		59F7BDA71CC21B70003610CE /* MoviesViewer */ = {
			isa = PBXGroup;
			children = (
				D7E9DAC21FA7AC000046A908 /* Additions */,
				59F7BDCB1CC227EC003610CE /* DAL */,
				59F7BDC21CC21CE1003610CE /* CustomViews */,
				59F7BDC01CC21C73003610CE /* ViewControllers */,
				59F7BDAB1CC21B70003610CE /* AppDelegate.h */,
				59F7BDAC1CC21B70003610CE /* AppDelegate.m */,
				59F7BDB41CC21B70003610CE /* Assets.xcassets */,
				59F7BDA81CC21B70003610CE /* Supporting Files */,
			);
			path = MoviesViewer;
			sourceTree = "<group>";
		};
		59F7BDA81CC21B70003610CE /* Supporting Files */ = {
			isa = PBXGroup;
			children = (
				59F7BDB91CC21B70003610CE /* Info.plist */,
				59F7BDB61CC21B70003610CE /* LaunchScreen.storyboard */,
				59F7BDA91CC21B70003610CE /* main.m */,
				59F7BDBF1CC21BBE003610CE /* MoviesViewer.pch */,
				59F7BF5C1CCA64BD003610CE /* PredefinedData.plist */,
			);
			name = "Supporting Files";
			sourceTree = "<group>";
		};
		59F7BDC01CC21C73003610CE /* ViewControllers */ = {
			isa = PBXGroup;
			children = (
				59F7BEA31CC27DB7003610CE /* SearchViewController */,
				59F7BE981CC27762003610CE /* MovieDetailsViewController */,
				59F7BE261CC25047003610CE /* FavouritesViewController */,
				59F7BE201CC25025003610CE /* ExploreViewController */,
				59F7BDC31CC21D03003610CE /* BaseViewControllers */,
			);
			name = ViewControllers;
			sourceTree = "<group>";
		};
		59F7BDC21CC21CE1003610CE /* CustomViews */ = {
			isa = PBXGroup;
			children = (
				D7E9DABC1FA7ABD00046A908 /* BaseCell.h */,
				D7E9DABD1FA7ABD10046A908 /* BaseCell.m */,
				59F7BEF31CC365D1003610CE /* PosterContainerView.h */,
				59F7BEF41CC365D1003610CE /* PosterContainerView.m */,
				59F7BEFC1CC38EAC003610CE /* FavouritesItem.h */,
				59F7BEFD1CC38EAC003610CE /* FavouritesItem.m */,
			);
			name = CustomViews;
			sourceTree = "<group>";
		};
		59F7BDC31CC21D03003610CE /* BaseViewControllers */ = {
			isa = PBXGroup;
			children = (
				59F7BDC51CC21D4E003610CE /* BaseNavigationController.h */,
				59F7BDC61CC21D4E003610CE /* BaseNavigationController.m */,
			);
			name = BaseViewControllers;
			sourceTree = "<group>";
		};
		59F7BDCB1CC227EC003610CE /* DAL */ = {
			isa = PBXGroup;
			children = (
				D7EE69E41FA6177E000B843C /* AppContainer.h */,
				D7EE69E51FA6177E000B843C /* AppContainer.m */,
				59F7BEEC1CC2BAC6003610CE /* ObjectsContainer */,
				59F7BDF51CC236C5003610CE /* Database */,
				59F7BDCD1CC22879003610CE /* ServiceProvider */,
				59F7BE691CC27424003610CE /* DAL.h */,
			);
			name = DAL;
			sourceTree = "<group>";
		};
		59F7BDCC1CC227F6003610CE /* Frameworks */ = {
			isa = PBXGroup;
			children = (
				D7E9DAB31FA7A9230046A908 /* AMAppkit.xcodeproj */,
				D7EE69D11FA6169B000B843C /* AMDatabase.xcodeproj */,
				D7E9DAAE1FA66E4A0046A908 /* CoreData.framework */,
				59F7BDD41CC2294B003610CE /* AFNetworking */,
			);
			name = Frameworks;
			path = MoviesViewer;
			sourceTree = "<group>";
		};
		59F7BDCD1CC22879003610CE /* ServiceProvider */ = {
			isa = PBXGroup;
			children = (
				59F7BE8B1CC276A1003610CE /* Requests */,
				59F7BDCE1CC22884003610CE /* ServiceProvider.h */,
				59F7BDCF1CC22884003610CE /* ServiceProvider.m */,
				59F7BDD01CC22884003610CE /* ServiceRequest.h */,
				59F7BDD11CC22884003610CE /* ServiceRequest.m */,
				59F7BDEE1CC22A89003610CE /* NSError+ServiceProvider.h */,
				59F7BDEF1CC22A89003610CE /* NSError+ServiceProvider.m */,
			);
			name = ServiceProvider;
			sourceTree = "<group>";
		};
		59F7BDD41CC2294B003610CE /* AFNetworking */ = {
			isa = PBXGroup;
			children = (
				59F7BDD51CC2294B003610CE /* AFHTTPClient.h */,
				59F7BDD61CC2294B003610CE /* AFHTTPClient.m */,
				59F7BDD71CC2294B003610CE /* AFHTTPRequestOperation.h */,
				59F7BDD81CC2294B003610CE /* AFHTTPRequestOperation.m */,
				59F7BDD91CC2294B003610CE /* AFImageRequestOperation.h */,
				59F7BDDA1CC2294B003610CE /* AFImageRequestOperation.m */,
				59F7BDDB1CC2294B003610CE /* AFJSONRequestOperation.h */,
				59F7BDDC1CC2294B003610CE /* AFJSONRequestOperation.m */,
				59F7BDDD1CC2294B003610CE /* AFNetworkActivityIndicatorManager.h */,
				59F7BDDE1CC2294B003610CE /* AFNetworkActivityIndicatorManager.m */,
				59F7BDDF1CC2294B003610CE /* AFNetworking.h */,
				59F7BDE01CC2294B003610CE /* AFPropertyListRequestOperation.h */,
				59F7BDE11CC2294B003610CE /* AFPropertyListRequestOperation.m */,
				59F7BDE21CC2294B003610CE /* AFURLConnectionOperation.h */,
				59F7BDE31CC2294B003610CE /* AFURLConnectionOperation.m */,
				59F7BDE41CC2294B003610CE /* AFXMLRequestOperation.h */,
				59F7BDE51CC2294B003610CE /* AFXMLRequestOperation.m */,
			);
			path = AFNetworking;
			sourceTree = "<group>";
		};
		59F7BDF51CC236C5003610CE /* Database */ = {
			isa = PBXGroup;
			children = (
				59F7BE411CC271BD003610CE /* Objects */,
				59F7BE9E1CC2788E003610CE /* NSManagedObject+Notifications.h */,
				59F7BE9F1CC2788E003610CE /* NSManagedObject+Notifications.m */,
				59F7BE421CC271DA003610CE /* MoviesViewer.xcdatamodeld */,
			);
			name = Database;
			sourceTree = "<group>";
		};
		59F7BE201CC25025003610CE /* ExploreViewController */ = {
			isa = PBXGroup;
			children = (
				59F7BE821CC27579003610CE /* MovieCell */,
				59F7BE211CC25043003610CE /* ExploreViewController.h */,
				59F7BE221CC25043003610CE /* ExploreViewController.m */,
			);
			name = ExploreViewController;
			sourceTree = "<group>";
		};
		59F7BE261CC25047003610CE /* FavouritesViewController */ = {
			isa = PBXGroup;
			children = (
				59F7BE271CC25058003610CE /* FavouritesViewController.h */,
				59F7BE281CC25058003610CE /* FavouritesViewController.m */,
			);
			name = FavouritesViewController;
			sourceTree = "<group>";
		};
		59F7BE411CC271BD003610CE /* Objects */ = {
			isa = PBXGroup;
			children = (
				D7EE69E71FA6359D000B843C /* Movie+Additions.h */,
				D7EE69E81FA6359D000B843C /* Movie+Additions.m */,
			);
			name = Objects;
			sourceTree = "<group>";
		};
		59F7BE821CC27579003610CE /* MovieCell */ = {
			isa = PBXGroup;
			children = (
				59F7BE861CC275CC003610CE /* MovieCell.h */,
				59F7BE871CC275CC003610CE /* MovieCell.m */,
				59F7BE881CC275CC003610CE /* MovieCell.xib */,
			);
			name = MovieCell;
			sourceTree = "<group>";
		};
		59F7BE8B1CC276A1003610CE /* Requests */ = {
			isa = PBXGroup;
			children = (
				D7E9DAC61FA8BF440046A908 /* ConfigurationRequest.h */,
				D7E9DAC71FA8BF440046A908 /* ConfigurationRequest.m */,
				59F7BEAC1CC27F8B003610CE /* SearchRequest.h */,
				59F7BEAD1CC27F8B003610CE /* SearchRequest.m */,
				59F7BEF01CC35703003610CE /* DetailsRequest.h */,
				59F7BEF11CC35703003610CE /* DetailsRequest.m */,
			);
			name = Requests;
			sourceTree = "<group>";
		};
		59F7BE981CC27762003610CE /* MovieDetailsViewController */ = {
			isa = PBXGroup;
			children = (
				59F7BE991CC27779003610CE /* MovieDetailsViewController.h */,
				59F7BE9A1CC27779003610CE /* MovieDetailsViewController.m */,
				59F7BE9B1CC27779003610CE /* MovieDetailsViewController.xib */,
			);
			name = MovieDetailsViewController;
			sourceTree = "<group>";
		};
		59F7BEA31CC27DB7003610CE /* SearchViewController */ = {
			isa = PBXGroup;
			children = (
				59F7BEA41CC27DF0003610CE /* SearchViewController.h */,
				59F7BEA51CC27DF0003610CE /* SearchViewController.m */,
			);
			name = SearchViewController;
			sourceTree = "<group>";
		};
		59F7BEEC1CC2BAC6003610CE /* ObjectsContainer */ = {
			isa = PBXGroup;
			children = (
				59F7BEED1CC2BAD9003610CE /* ObjectsContainer.h */,
				59F7BEEE1CC2BAD9003610CE /* ObjectsContainer.m */,
			);
			name = ObjectsContainer;
			sourceTree = "<group>";
		};
		D7E9DAB41FA7A9230046A908 /* Products */ = {
			isa = PBXGroup;
			children = (
				D7E9DAB81FA7A9230046A908 /* AMAppkit.framework */,
			);
			name = Products;
			sourceTree = "<group>";
		};
		D7E9DAC21FA7AC000046A908 /* Additions */ = {
			isa = PBXGroup;
			children = (
				D7E9DAC41FA7B6040046A908 /* NSMutableArray+Validation.h */,
				D7E9DAC31FA7B6040046A908 /* NSMutableArray+Validation.m */,
				D7E9DABF1FA7ABFD0046A908 /* NSDictionary+Validation.h */,
				D7E9DAC01FA7ABFD0046A908 /* NSDictionary+Validation.m */,
			);
			name = Additions;
			sourceTree = "<group>";
		};
		D7EE69D21FA6169B000B843C /* Products */ = {
			isa = PBXGroup;
			children = (
				D7EE69D61FA6169B000B843C /* libAMDatabase.a */,
			);
			name = Products;
			sourceTree = "<group>";
		};
/* End PBXGroup section */

/* Begin PBXNativeTarget section */
		59F7BDA41CC21B70003610CE /* MoviesViewer */ = {
			isa = PBXNativeTarget;
			buildConfigurationList = 59F7BDBC1CC21B70003610CE /* Build configuration list for PBXNativeTarget "MoviesViewer" */;
			buildPhases = (
				59F7BDA11CC21B70003610CE /* Sources */,
				59F7BDA21CC21B70003610CE /* Frameworks */,
				59F7BDA31CC21B70003610CE /* Resources */,
			);
			buildRules = (
			);
			dependencies = (
				D7E9DABA1FA7AAA40046A908 /* PBXTargetDependency */,
				D7EE69D81FA616A4000B843C /* PBXTargetDependency */,
			);
			name = MoviesViewer;
			productName = MoviesViewer;
			productReference = 59F7BDA51CC21B70003610CE /* MoviesViewer.app */;
			productType = "com.apple.product-type.application";
		};
/* End PBXNativeTarget section */

/* Begin PBXProject section */
		59F7BD9D1CC21B70003610CE /* Project object */ = {
			isa = PBXProject;
			attributes = {
				LastUpgradeCheck = 0900;
				ORGANIZATIONNAME = "Ilya Kuznetsov";
				TargetAttributes = {
					59F7BDA41CC21B70003610CE = {
						CreatedOnToolsVersion = 7.3;
					};
				};
			};
			buildConfigurationList = 59F7BDA01CC21B70003610CE /* Build configuration list for PBXProject "MoviesViewer" */;
			compatibilityVersion = "Xcode 3.2";
			developmentRegion = English;
			hasScannedForEncodings = 0;
			knownRegions = (
				en,
				Base,
			);
			mainGroup = 59F7BD9C1CC21B70003610CE;
			productRefGroup = 59F7BDA61CC21B70003610CE /* Products */;
			projectDirPath = "";
			projectReferences = (
				{
					ProductGroup = D7E9DAB41FA7A9230046A908 /* Products */;
					ProjectRef = D7E9DAB31FA7A9230046A908 /* AMAppkit.xcodeproj */;
				},
				{
					ProductGroup = D7EE69D21FA6169B000B843C /* Products */;
					ProjectRef = D7EE69D11FA6169B000B843C /* AMDatabase.xcodeproj */;
				},
			);
			projectRoot = "";
			targets = (
				59F7BDA41CC21B70003610CE /* MoviesViewer */,
			);
		};
/* End PBXProject section */

/* Begin PBXReferenceProxy section */
		D7E9DAB81FA7A9230046A908 /* AMAppkit.framework */ = {
			isa = PBXReferenceProxy;
			fileType = wrapper.framework;
			path = AMAppkit.framework;
			remoteRef = D7E9DAB71FA7A9230046A908 /* PBXContainerItemProxy */;
			sourceTree = BUILT_PRODUCTS_DIR;
		};
		D7EE69D61FA6169B000B843C /* libAMDatabase.a */ = {
			isa = PBXReferenceProxy;
			fileType = archive.ar;
			path = libAMDatabase.a;
			remoteRef = D7EE69D51FA6169B000B843C /* PBXContainerItemProxy */;
			sourceTree = BUILT_PRODUCTS_DIR;
		};
/* End PBXReferenceProxy section */

/* Begin PBXResourcesBuildPhase section */
		59F7BDA31CC21B70003610CE /* Resources */ = {
			isa = PBXResourcesBuildPhase;
			buildActionMask = 2147483647;
			files = (
				59F7BE9D1CC27779003610CE /* MovieDetailsViewController.xib in Resources */,
				59F7BDB81CC21B70003610CE /* LaunchScreen.storyboard in Resources */,
				59F7BDB51CC21B70003610CE /* Assets.xcassets in Resources */,
				59F7BE8A1CC275CC003610CE /* MovieCell.xib in Resources */,
				59F7BF5D1CCA64BD003610CE /* PredefinedData.plist in Resources */,
			);
			runOnlyForDeploymentPostprocessing = 0;
		};
/* End PBXResourcesBuildPhase section */

/* Begin PBXSourcesBuildPhase section */
		59F7BDA11CC21B70003610CE /* Sources */ = {
			isa = PBXSourcesBuildPhase;
			buildActionMask = 2147483647;
			files = (
				59F7BEF21CC35703003610CE /* DetailsRequest.m in Sources */,
				59F7BE241CC25043003610CE /* ExploreViewController.m in Sources */,
				59F7BDEC1CC2294B003610CE /* AFURLConnectionOperation.m in Sources */,
				D7E9DAC51FA7B6040046A908 /* NSMutableArray+Validation.m in Sources */,
				59F7BE891CC275CC003610CE /* MovieCell.m in Sources */,
				59F7BEF51CC365D1003610CE /* PosterContainerView.m in Sources */,
				59F7BEFE1CC38EAC003610CE /* FavouritesItem.m in Sources */,
				59F7BDAD1CC21B70003610CE /* AppDelegate.m in Sources */,
				59F7BE441CC271DA003610CE /* MoviesViewer.xcdatamodeld in Sources */,
				D7EE69E91FA6359D000B843C /* Movie+Additions.m in Sources */,
				59F7BEA01CC2788E003610CE /* NSManagedObject+Notifications.m in Sources */,
				59F7BDD31CC22884003610CE /* ServiceRequest.m in Sources */,
				59F7BDEB1CC2294B003610CE /* AFPropertyListRequestOperation.m in Sources */,
				59F7BEA71CC27DF0003610CE /* SearchViewController.m in Sources */,
				D7EE69E61FA6177E000B843C /* AppContainer.m in Sources */,
				59F7BDAA1CC21B70003610CE /* main.m in Sources */,
				59F7BDED1CC2294B003610CE /* AFXMLRequestOperation.m in Sources */,
				59F7BDEA1CC2294B003610CE /* AFNetworkActivityIndicatorManager.m in Sources */,
				D7E9DAC81FA8BF440046A908 /* ConfigurationRequest.m in Sources */,
				59F7BDE71CC2294B003610CE /* AFHTTPRequestOperation.m in Sources */,
				59F7BEEF1CC2BAD9003610CE /* ObjectsContainer.m in Sources */,
				59F7BDC91CC21D4E003610CE /* BaseNavigationController.m in Sources */,
				59F7BE9C1CC27779003610CE /* MovieDetailsViewController.m in Sources */,
				59F7BDE81CC2294B003610CE /* AFImageRequestOperation.m in Sources */,
				59F7BDF01CC22A89003610CE /* NSError+ServiceProvider.m in Sources */,
				D7E9DAC11FA7ABFD0046A908 /* NSDictionary+Validation.m in Sources */,
				59F7BDE61CC2294B003610CE /* AFHTTPClient.m in Sources */,
				59F7BDE91CC2294B003610CE /* AFJSONRequestOperation.m in Sources */,
				59F7BEAE1CC27F8B003610CE /* SearchRequest.m in Sources */,
				D7E9DABE1FA7ABD10046A908 /* BaseCell.m in Sources */,
				59F7BE2A1CC25058003610CE /* FavouritesViewController.m in Sources */,
				59F7BDD21CC22884003610CE /* ServiceProvider.m in Sources */,
			);
			runOnlyForDeploymentPostprocessing = 0;
		};
/* End PBXSourcesBuildPhase section */

/* Begin PBXTargetDependency section */
		D7E9DABA1FA7AAA40046A908 /* PBXTargetDependency */ = {
			isa = PBXTargetDependency;
			name = AMAppkit;
			targetProxy = D7E9DAB91FA7AAA40046A908 /* PBXContainerItemProxy */;
		};
		D7EE69D81FA616A4000B843C /* PBXTargetDependency */ = {
			isa = PBXTargetDependency;
			name = AMDatabase;
			targetProxy = D7EE69D71FA616A4000B843C /* PBXContainerItemProxy */;
		};
/* End PBXTargetDependency section */

/* Begin PBXVariantGroup section */
		59F7BDB61CC21B70003610CE /* LaunchScreen.storyboard */ = {
			isa = PBXVariantGroup;
			children = (
				59F7BDB71CC21B70003610CE /* Base */,
			);
			name = LaunchScreen.storyboard;
			sourceTree = "<group>";
		};
/* End PBXVariantGroup section */

/* Begin XCBuildConfiguration section */
		59F7BDBA1CC21B70003610CE /* Debug */ = {
			isa = XCBuildConfiguration;
			buildSettings = {
				ALWAYS_SEARCH_USER_PATHS = NO;
				CLANG_ANALYZER_NONNULL = YES;
				CLANG_CXX_LANGUAGE_STANDARD = "gnu++0x";
				CLANG_CXX_LIBRARY = "libc++";
				CLANG_ENABLE_MODULES = YES;
				CLANG_ENABLE_OBJC_ARC = YES;
				CLANG_WARN_BLOCK_CAPTURE_AUTORELEASING = YES;
				CLANG_WARN_BOOL_CONVERSION = YES;
				CLANG_WARN_COMMA = YES;
				CLANG_WARN_CONSTANT_CONVERSION = YES;
				CLANG_WARN_DIRECT_OBJC_ISA_USAGE = YES_ERROR;
				CLANG_WARN_EMPTY_BODY = YES;
				CLANG_WARN_ENUM_CONVERSION = YES;
				CLANG_WARN_INFINITE_RECURSION = YES;
				CLANG_WARN_INT_CONVERSION = YES;
				CLANG_WARN_NON_LITERAL_NULL_CONVERSION = YES;
				CLANG_WARN_OBJC_LITERAL_CONVERSION = YES;
				CLANG_WARN_OBJC_ROOT_CLASS = YES_ERROR;
				CLANG_WARN_RANGE_LOOP_ANALYSIS = YES;
				CLANG_WARN_STRICT_PROTOTYPES = YES;
				CLANG_WARN_SUSPICIOUS_MOVE = YES;
				CLANG_WARN_UNREACHABLE_CODE = YES;
				CLANG_WARN__DUPLICATE_METHOD_MATCH = YES;
				"CODE_SIGN_IDENTITY[sdk=iphoneos*]" = "iPhone Developer";
				COPY_PHASE_STRIP = NO;
				DEBUG_INFORMATION_FORMAT = dwarf;
				ENABLE_STRICT_OBJC_MSGSEND = YES;
				ENABLE_TESTABILITY = YES;
				GCC_C_LANGUAGE_STANDARD = gnu99;
				GCC_DYNAMIC_NO_PIC = NO;
				GCC_NO_COMMON_BLOCKS = YES;
				GCC_OPTIMIZATION_LEVEL = 0;
				GCC_PREFIX_HEADER = MoviesViewer/MoviesViewer.pch;
				GCC_PREPROCESSOR_DEFINITIONS = (
					"DEBUG=1",
					"$(inherited)",
				);
				GCC_WARN_64_TO_32_BIT_CONVERSION = YES;
				GCC_WARN_ABOUT_RETURN_TYPE = YES_ERROR;
				GCC_WARN_UNDECLARED_SELECTOR = YES;
				GCC_WARN_UNINITIALIZED_AUTOS = YES_AGGRESSIVE;
				GCC_WARN_UNUSED_FUNCTION = YES;
				GCC_WARN_UNUSED_VARIABLE = YES;
				HEADER_SEARCH_PATHS = (
					"AMDatabase/**",
					"AMAppkit/**",
				);
				IPHONEOS_DEPLOYMENT_TARGET = 8.0;
				MTL_ENABLE_DEBUG_INFO = YES;
				ONLY_ACTIVE_ARCH = YES;
				SDKROOT = iphoneos;
			};
			name = Debug;
		};
		59F7BDBB1CC21B70003610CE /* Release */ = {
			isa = XCBuildConfiguration;
			buildSettings = {
				ALWAYS_SEARCH_USER_PATHS = NO;
				CLANG_ANALYZER_NONNULL = YES;
				CLANG_CXX_LANGUAGE_STANDARD = "gnu++0x";
				CLANG_CXX_LIBRARY = "libc++";
				CLANG_ENABLE_MODULES = YES;
				CLANG_ENABLE_OBJC_ARC = YES;
				CLANG_WARN_BLOCK_CAPTURE_AUTORELEASING = YES;
				CLANG_WARN_BOOL_CONVERSION = YES;
				CLANG_WARN_COMMA = YES;
				CLANG_WARN_CONSTANT_CONVERSION = YES;
				CLANG_WARN_DIRECT_OBJC_ISA_USAGE = YES_ERROR;
				CLANG_WARN_EMPTY_BODY = YES;
				CLANG_WARN_ENUM_CONVERSION = YES;
				CLANG_WARN_INFINITE_RECURSION = YES;
				CLANG_WARN_INT_CONVERSION = YES;
				CLANG_WARN_NON_LITERAL_NULL_CONVERSION = YES;
				CLANG_WARN_OBJC_LITERAL_CONVERSION = YES;
				CLANG_WARN_OBJC_ROOT_CLASS = YES_ERROR;
				CLANG_WARN_RANGE_LOOP_ANALYSIS = YES;
				CLANG_WARN_STRICT_PROTOTYPES = YES;
				CLANG_WARN_SUSPICIOUS_MOVE = YES;
				CLANG_WARN_UNREACHABLE_CODE = YES;
				CLANG_WARN__DUPLICATE_METHOD_MATCH = YES;
				"CODE_SIGN_IDENTITY[sdk=iphoneos*]" = "iPhone Developer";
				COPY_PHASE_STRIP = NO;
				DEBUG_INFORMATION_FORMAT = "dwarf-with-dsym";
				ENABLE_NS_ASSERTIONS = NO;
				ENABLE_STRICT_OBJC_MSGSEND = YES;
				GCC_C_LANGUAGE_STANDARD = gnu99;
				GCC_NO_COMMON_BLOCKS = YES;
				GCC_PREFIX_HEADER = MoviesViewer/MoviesViewer.pch;
				GCC_WARN_64_TO_32_BIT_CONVERSION = YES;
				GCC_WARN_ABOUT_RETURN_TYPE = YES_ERROR;
				GCC_WARN_UNDECLARED_SELECTOR = YES;
				GCC_WARN_UNINITIALIZED_AUTOS = YES_AGGRESSIVE;
				GCC_WARN_UNUSED_FUNCTION = YES;
				GCC_WARN_UNUSED_VARIABLE = YES;
				HEADER_SEARCH_PATHS = (
					"AMDatabase/**",
					"AMAppkit/**",
				);
				IPHONEOS_DEPLOYMENT_TARGET = 8.0;
				MTL_ENABLE_DEBUG_INFO = NO;
				SDKROOT = iphoneos;
				VALIDATE_PRODUCT = YES;
			};
			name = Release;
		};
		59F7BDBD1CC21B70003610CE /* Debug */ = {
			isa = XCBuildConfiguration;
			buildSettings = {
				ASSETCATALOG_COMPILER_APPICON_NAME = AppIcon;
				INFOPLIST_FILE = MoviesViewer/Info.plist;
				LD_RUNPATH_SEARCH_PATHS = "$(inherited) @executable_path/Frameworks";
				OTHER_LDFLAGS = "-ObjC";
				PRODUCT_BUNDLE_IDENTIFIER = ilyakuznetsov.MoviesViewer;
				PRODUCT_NAME = "$(TARGET_NAME)";
				TARGETED_DEVICE_FAMILY = "1,2";
			};
			name = Debug;
		};
		59F7BDBE1CC21B70003610CE /* Release */ = {
			isa = XCBuildConfiguration;
			buildSettings = {
				ASSETCATALOG_COMPILER_APPICON_NAME = AppIcon;
				INFOPLIST_FILE = MoviesViewer/Info.plist;
				LD_RUNPATH_SEARCH_PATHS = "$(inherited) @executable_path/Frameworks";
				OTHER_LDFLAGS = "-ObjC";
				PRODUCT_BUNDLE_IDENTIFIER = ilyakuznetsov.MoviesViewer;
				PRODUCT_NAME = "$(TARGET_NAME)";
				TARGETED_DEVICE_FAMILY = "1,2";
			};
			name = Release;
		};
/* End XCBuildConfiguration section */

/* Begin XCConfigurationList section */
		59F7BDA01CC21B70003610CE /* Build configuration list for PBXProject "MoviesViewer" */ = {
			isa = XCConfigurationList;
			buildConfigurations = (
				59F7BDBA1CC21B70003610CE /* Debug */,
				59F7BDBB1CC21B70003610CE /* Release */,
			);
			defaultConfigurationIsVisible = 0;
			defaultConfigurationName = Release;
		};
		59F7BDBC1CC21B70003610CE /* Build configuration list for PBXNativeTarget "MoviesViewer" */ = {
			isa = XCConfigurationList;
			buildConfigurations = (
				59F7BDBD1CC21B70003610CE /* Debug */,
				59F7BDBE1CC21B70003610CE /* Release */,
			);
			defaultConfigurationIsVisible = 0;
			defaultConfigurationName = Release;
		};
/* End XCConfigurationList section */

/* Begin XCVersionGroup section */
		59F7BE421CC271DA003610CE /* MoviesViewer.xcdatamodeld */ = {
			isa = XCVersionGroup;
			children = (
				59F7BE431CC271DA003610CE /* MoviesViewer.xcdatamodel */,
			);
			currentVersion = 59F7BE431CC271DA003610CE /* MoviesViewer.xcdatamodel */;
			path = MoviesViewer.xcdatamodeld;
			sourceTree = "<group>";
			versionGroupType = wrapper.xcdatamodel;
		};
/* End XCVersionGroup section */
	};
	rootObject = 59F7BD9D1CC21B70003610CE /* Project object */;
}
