// !$*UTF8*$!
{
	archiveVersion = 1;
	classes = {
	};
	objectVersion = 46;
	objects = {

/* Begin PBXBuildFile section */
		592060ED1E38E26C0066BE0D /* AMAppkit.h in Headers */ = {isa = PBXBuildFile; fileRef = 592060EB1E38E26C0066BE0D /* AMAppkit.h */; settings = {ATTRIBUTES = (Public, ); }; };
		592060F91E38E6B50066BE0D /* AMOperationHelper.h in Headers */ = {isa = PBXBuildFile; fileRef = 592060F71E38E6B50066BE0D /* AMOperationHelper.h */; settings = {ATTRIBUTES = (Public, ); }; };
		592060FA1E38E6B50066BE0D /* AMOperationHelper.m in Sources */ = {isa = PBXBuildFile; fileRef = 592060F81E38E6B50066BE0D /* AMOperationHelper.m */; };
		592060FE1E38EF1D0066BE0D /* AMFailedView.h in Headers */ = {isa = PBXBuildFile; fileRef = 592060FC1E38EF1D0066BE0D /* AMFailedView.h */; settings = {ATTRIBUTES = (Public, ); }; };
		592060FF1E38EF1D0066BE0D /* AMFailedView.m in Sources */ = {isa = PBXBuildFile; fileRef = 592060FD1E38EF1D0066BE0D /* AMFailedView.m */; };
		592061011E38EF270066BE0D /* AMFailedView.xib in Resources */ = {isa = PBXBuildFile; fileRef = 592061001E38EF270066BE0D /* AMFailedView.xib */; };
		592061051E38F5B30066BE0D /* AMLoadingView.h in Headers */ = {isa = PBXBuildFile; fileRef = 592061031E38F5B30066BE0D /* AMLoadingView.h */; settings = {ATTRIBUTES = (Public, ); }; };
		592061061E38F5B30066BE0D /* AMLoadingView.m in Sources */ = {isa = PBXBuildFile; fileRef = 592061041E38F5B30066BE0D /* AMLoadingView.m */; };
		592061081E38F5BB0066BE0D /* AMLoadingView.xib in Resources */ = {isa = PBXBuildFile; fileRef = 592061071E38F5BB0066BE0D /* AMLoadingView.xib */; };
		5920610C1E38FA030066BE0D /* AMLoadingBarView.h in Headers */ = {isa = PBXBuildFile; fileRef = 5920610A1E38FA030066BE0D /* AMLoadingBarView.h */; settings = {ATTRIBUTES = (Public, ); }; };
		5920610D1E38FA030066BE0D /* AMLoadingBarView.m in Sources */ = {isa = PBXBuildFile; fileRef = 5920610B1E38FA030066BE0D /* AMLoadingBarView.m */; };
		592061111E39008D0066BE0D /* AMAlertBarView.h in Headers */ = {isa = PBXBuildFile; fileRef = 5920610F1E39008D0066BE0D /* AMAlertBarView.h */; settings = {ATTRIBUTES = (Public, ); }; };
		592061121E39008D0066BE0D /* AMAlertBarView.m in Sources */ = {isa = PBXBuildFile; fileRef = 592061101E39008D0066BE0D /* AMAlertBarView.m */; };
		592061151E3902430066BE0D /* AMBaseViewController.h in Headers */ = {isa = PBXBuildFile; fileRef = 592061131E3902430066BE0D /* AMBaseViewController.h */; settings = {ATTRIBUTES = (Public, ); }; };
		592061161E3902430066BE0D /* AMBaseViewController.m in Sources */ = {isa = PBXBuildFile; fileRef = 592061141E3902430066BE0D /* AMBaseViewController.m */; };
		5920611C1E390B780066BE0D /* AMTableHelper.h in Headers */ = {isa = PBXBuildFile; fileRef = 5920611A1E390B780066BE0D /* AMTableHelper.h */; settings = {ATTRIBUTES = (Public, ); }; };
		5920611D1E390B780066BE0D /* AMTableHelper.m in Sources */ = {isa = PBXBuildFile; fileRef = 5920611B1E390B780066BE0D /* AMTableHelper.m */; };
		592061201E39160E0066BE0D /* AMBaseTableViewCell.h in Headers */ = {isa = PBXBuildFile; fileRef = 5920611E1E39160E0066BE0D /* AMBaseTableViewCell.h */; settings = {ATTRIBUTES = (Public, ); }; };
		592061211E39160E0066BE0D /* AMBaseTableViewCell.m in Sources */ = {isa = PBXBuildFile; fileRef = 5920611F1E39160E0066BE0D /* AMBaseTableViewCell.m */; };
		5920612D1E3A06E80066BE0D /* AMNotificationManager.h in Headers */ = {isa = PBXBuildFile; fileRef = 5920612B1E3A06E80066BE0D /* AMNotificationManager.h */; settings = {ATTRIBUTES = (Public, ); }; };
		5920612E1E3A06E80066BE0D /* AMNotificationManager.m in Sources */ = {isa = PBXBuildFile; fileRef = 5920612C1E3A06E80066BE0D /* AMNotificationManager.m */; };
		592061311E3A08800066BE0D /* AMNotification.h in Headers */ = {isa = PBXBuildFile; fileRef = 5920612F1E3A08800066BE0D /* AMNotification.h */; settings = {ATTRIBUTES = (Public, ); }; };
		592061321E3A08800066BE0D /* AMNotification.m in Sources */ = {isa = PBXBuildFile; fileRef = 592061301E3A08800066BE0D /* AMNotification.m */; };
		592061351E3A12170066BE0D /* AMObservable.h in Headers */ = {isa = PBXBuildFile; fileRef = 592061331E3A12170066BE0D /* AMObservable.h */; settings = {ATTRIBUTES = (Public, ); }; };
		592061361E3A12170066BE0D /* AMObservable.m in Sources */ = {isa = PBXBuildFile; fileRef = 592061341E3A12170066BE0D /* AMObservable.m */; };
		592061391E3A1CAE0066BE0D /* AMCircularProgressView.h in Headers */ = {isa = PBXBuildFile; fileRef = 592061371E3A1CAE0066BE0D /* AMCircularProgressView.h */; settings = {ATTRIBUTES = (Public, ); }; };
		5920613A1E3A1CAE0066BE0D /* AMCircularProgressView.m in Sources */ = {isa = PBXBuildFile; fileRef = 592061381E3A1CAE0066BE0D /* AMCircularProgressView.m */; };
		5920613D1E3A1F810066BE0D /* UIView+LoadingFromFrameworkNib.h in Headers */ = {isa = PBXBuildFile; fileRef = 5920613B1E3A1F810066BE0D /* UIView+LoadingFromFrameworkNib.h */; settings = {ATTRIBUTES = (Public, ); }; };
		5920613E1E3A1F810066BE0D /* UIView+LoadingFromFrameworkNib.m in Sources */ = {isa = PBXBuildFile; fileRef = 5920613C1E3A1F810066BE0D /* UIView+LoadingFromFrameworkNib.m */; };
		592061471E3A26B90066BE0D /* UITableView+Reloading.h in Headers */ = {isa = PBXBuildFile; fileRef = 592061451E3A26B90066BE0D /* UITableView+Reloading.h */; settings = {ATTRIBUTES = (Public, ); }; };
		592061481E3A26B90066BE0D /* UITableView+Reloading.m in Sources */ = {isa = PBXBuildFile; fileRef = 592061461E3A26B90066BE0D /* UITableView+Reloading.m */; };
		5920614D1E3A31770066BE0D /* AMNoObjectsView.h in Headers */ = {isa = PBXBuildFile; fileRef = 5920614B1E3A31770066BE0D /* AMNoObjectsView.h */; settings = {ATTRIBUTES = (Public, ); }; };
		5920614E1E3A31770066BE0D /* AMNoObjectsView.m in Sources */ = {isa = PBXBuildFile; fileRef = 5920614C1E3A31770066BE0D /* AMNoObjectsView.m */; };
		592061501E3A31850066BE0D /* AMNoObjectsView.xib in Resources */ = {isa = PBXBuildFile; fileRef = 5920614F1E3A31850066BE0D /* AMNoObjectsView.xib */; };
		592061571E3A3F760066BE0D /* AMCollectionHelper.h in Headers */ = {isa = PBXBuildFile; fileRef = 592061551E3A3F760066BE0D /* AMCollectionHelper.h */; settings = {ATTRIBUTES = (Public, ); }; };
		592061581E3A3F760066BE0D /* AMCollectionHelper.m in Sources */ = {isa = PBXBuildFile; fileRef = 592061561E3A3F760066BE0D /* AMCollectionHelper.m */; };
		5920615B1E3A42CB0066BE0D /* AMCollectionView.h in Headers */ = {isa = PBXBuildFile; fileRef = 592061591E3A42CB0066BE0D /* AMCollectionView.h */; settings = {ATTRIBUTES = (Public, ); }; };
		5920615C1E3A42CB0066BE0D /* AMCollectionView.m in Sources */ = {isa = PBXBuildFile; fileRef = 5920615A1E3A42CB0066BE0D /* AMCollectionView.m */; };
		5920615F1E3A43620066BE0D /* AMContainerCell.h in Headers */ = {isa = PBXBuildFile; fileRef = 5920615D1E3A43620066BE0D /* AMContainerCell.h */; settings = {ATTRIBUTES = (Public, ); }; };
		592061601E3A43620066BE0D /* AMContainerCell.m in Sources */ = {isa = PBXBuildFile; fileRef = 5920615E1E3A43620066BE0D /* AMContainerCell.m */; };
		592061651E3A62610066BE0D /* UICollectionView+Reloading.h in Headers */ = {isa = PBXBuildFile; fileRef = 592061631E3A62610066BE0D /* UICollectionView+Reloading.h */; settings = {ATTRIBUTES = (Public, ); }; };
		592061661E3A62610066BE0D /* UICollectionView+Reloading.m in Sources */ = {isa = PBXBuildFile; fileRef = 592061641E3A62610066BE0D /* UICollectionView+Reloading.m */; };
		592061891E3B59850066BE0D /* AMFadeButton.h in Headers */ = {isa = PBXBuildFile; fileRef = 592061871E3B59850066BE0D /* AMFadeButton.h */; settings = {ATTRIBUTES = (Public, ); }; };
		5920618A1E3B59850066BE0D /* AMFadeButton.m in Sources */ = {isa = PBXBuildFile; fileRef = 592061881E3B59850066BE0D /* AMFadeButton.m */; };
		592061911E3B5BFD0066BE0D /* AMSeparatorView.h in Headers */ = {isa = PBXBuildFile; fileRef = 5920618F1E3B5BFD0066BE0D /* AMSeparatorView.h */; settings = {ATTRIBUTES = (Public, ); }; };
		592061921E3B5BFD0066BE0D /* AMSeparatorView.m in Sources */ = {isa = PBXBuildFile; fileRef = 592061901E3B5BFD0066BE0D /* AMSeparatorView.m */; };
		592061AF1E3B71210066BE0D /* AMBorderedButton.h in Headers */ = {isa = PBXBuildFile; fileRef = 592061AD1E3B71210066BE0D /* AMBorderedButton.h */; settings = {ATTRIBUTES = (Public, ); }; };
		592061B01E3B71210066BE0D /* AMBorderedButton.m in Sources */ = {isa = PBXBuildFile; fileRef = 592061AE1E3B71210066BE0D /* AMBorderedButton.m */; };
		5938D3BE1E44BD5B00EB398C /* AMCollectionViewLeftAlignedLayout.h in Headers */ = {isa = PBXBuildFile; fileRef = 5938D3BC1E44BD5B00EB398C /* AMCollectionViewLeftAlignedLayout.h */; settings = {ATTRIBUTES = (Public, ); }; };
		5938D3BF1E44BD5B00EB398C /* AMCollectionViewLeftAlignedLayout.m in Sources */ = {isa = PBXBuildFile; fileRef = 5938D3BD1E44BD5B00EB398C /* AMCollectionViewLeftAlignedLayout.m */; };
		593F49B71EC5BB550030BEBE /* AMPagingCollectionHelper.h in Headers */ = {isa = PBXBuildFile; fileRef = 593F49B51EC5BB550030BEBE /* AMPagingCollectionHelper.h */; settings = {ATTRIBUTES = (Public, ); }; };
		593F49B81EC5BB550030BEBE /* AMPagingCollectionHelper.m in Sources */ = {isa = PBXBuildFile; fileRef = 593F49B61EC5BB550030BEBE /* AMPagingCollectionHelper.m */; };
		593F49BB1EC5D9E80030BEBE /* AMPagingLoader.h in Headers */ = {isa = PBXBuildFile; fileRef = 593F49B91EC5D9E80030BEBE /* AMPagingLoader.h */; settings = {ATTRIBUTES = (Public, ); }; };
		593F49BC1EC5D9E80030BEBE /* AMPagingLoader.m in Sources */ = {isa = PBXBuildFile; fileRef = 593F49BA1EC5D9E80030BEBE /* AMPagingLoader.m */; };
		596A293C1E4747ED00F6AA7A /* AMPagingTableHelper.h in Headers */ = {isa = PBXBuildFile; fileRef = 596A293A1E4747ED00F6AA7A /* AMPagingTableHelper.h */; settings = {ATTRIBUTES = (Public, ); }; };
		596A293D1E4747ED00F6AA7A /* AMPagingTableHelper.m in Sources */ = {isa = PBXBuildFile; fileRef = 596A293B1E4747ED00F6AA7A /* AMPagingTableHelper.m */; };
		596A29401E474F8600F6AA7A /* PrivateTableViewController.h in Headers */ = {isa = PBXBuildFile; fileRef = 596A293E1E474F8600F6AA7A /* PrivateTableViewController.h */; };
		596A29411E474F8600F6AA7A /* PrivateTableViewController.m in Sources */ = {isa = PBXBuildFile; fileRef = 596A293F1E474F8600F6AA7A /* PrivateTableViewController.m */; };
		596A29451E4752A800F6AA7A /* AMFooterLoadingView.h in Headers */ = {isa = PBXBuildFile; fileRef = 596A29431E4752A800F6AA7A /* AMFooterLoadingView.h */; settings = {ATTRIBUTES = (Public, ); }; };
		596A29461E4752A800F6AA7A /* AMFooterLoadingView.m in Sources */ = {isa = PBXBuildFile; fileRef = 596A29441E4752A800F6AA7A /* AMFooterLoadingView.m */; };
		596A29491E4752DB00F6AA7A /* AMFooterLoadingView.xib in Resources */ = {isa = PBXBuildFile; fileRef = 596A29481E4752DB00F6AA7A /* AMFooterLoadingView.xib */; };
		59C559FD1E3E43760049748A /* AMAppearance.h in Headers */ = {isa = PBXBuildFile; fileRef = 59C559FB1E3E43760049748A /* AMAppearance.h */; settings = {ATTRIBUTES = (Public, ); }; };
		59C559FE1E3E43760049748A /* AMAppearance.m in Sources */ = {isa = PBXBuildFile; fileRef = 59C559FC1E3E43760049748A /* AMAppearance.m */; };
		59C55A011E3E45800049748A /* AMAppearanceSupportObject.h in Headers */ = {isa = PBXBuildFile; fileRef = 59C559FF1E3E45800049748A /* AMAppearanceSupportObject.h */; settings = {ATTRIBUTES = (Public, ); }; };
		59C55A021E3E45800049748A /* AMAppearanceSupportObject.m in Sources */ = {isa = PBXBuildFile; fileRef = 59C55A001E3E45800049748A /* AMAppearanceSupportObject.m */; };
		59C55A081E3E5D200049748A /* AMAlertBarView.xib in Resources */ = {isa = PBXBuildFile; fileRef = 59C55A071E3E5D200049748A /* AMAlertBarView.xib */; };
		59C55A201E3F404A0049748A /* NSManagedObject+Notifications.h in Headers */ = {isa = PBXBuildFile; fileRef = 59C55A1E1E3F404A0049748A /* NSManagedObject+Notifications.h */; settings = {ATTRIBUTES = (Public, ); }; };
		59C55A211E3F404A0049748A /* NSManagedObject+Notifications.m in Sources */ = {isa = PBXBuildFile; fileRef = 59C55A1F1E3F404A0049748A /* NSManagedObject+Notifications.m */; };
		D7FCA5CD1FA243F10005DAEB /* UITableViewCell+Additions.h in Headers */ = {isa = PBXBuildFile; fileRef = D7FCA5CB1FA243F00005DAEB /* UITableViewCell+Additions.h */; settings = {ATTRIBUTES = (Public, ); }; };
		D7FCA5CE1FA243F10005DAEB /* UITableViewCell+Additions.m in Sources */ = {isa = PBXBuildFile; fileRef = D7FCA5CC1FA243F10005DAEB /* UITableViewCell+Additions.m */; };
		D7FCA5D11FA2441F0005DAEB /* UIView+Frame.h in Headers */ = {isa = PBXBuildFile; fileRef = D7FCA5CF1FA2441F0005DAEB /* UIView+Frame.h */; settings = {ATTRIBUTES = (Public, ); }; };
		D7FCA5D21FA2441F0005DAEB /* UIView+Frame.m in Sources */ = {isa = PBXBuildFile; fileRef = D7FCA5D01FA2441F0005DAEB /* UIView+Frame.m */; };
		D7FCA5D51FA244490005DAEB /* UIImage+Tint.h in Headers */ = {isa = PBXBuildFile; fileRef = D7FCA5D31FA244480005DAEB /* UIImage+Tint.h */; settings = {ATTRIBUTES = (Public, ); }; };
		D7FCA5D61FA244490005DAEB /* UIImage+Tint.m in Sources */ = {isa = PBXBuildFile; fileRef = D7FCA5D41FA244490005DAEB /* UIImage+Tint.m */; };
		D7FCA5E71FA245B60005DAEB /* UIView+SSToolkitAdditions.m in Sources */ = {isa = PBXBuildFile; fileRef = D7FCA5DF1FA245B50005DAEB /* UIView+SSToolkitAdditions.m */; };
		D7FCA5E81FA245B60005DAEB /* UIView+SSToolkitAdditions.h in Headers */ = {isa = PBXBuildFile; fileRef = D7FCA5E01FA245B50005DAEB /* UIView+SSToolkitAdditions.h */; settings = {ATTRIBUTES = (Public, ); }; };
		D7FCA6021FA246370005DAEB /* NSObject+ClassName.h in Headers */ = {isa = PBXBuildFile; fileRef = D7FCA5F21FA246350005DAEB /* NSObject+ClassName.h */; settings = {ATTRIBUTES = (Public, ); }; };
		D7FCA6081FA246370005DAEB /* NSArray+Validation.h in Headers */ = {isa = PBXBuildFile; fileRef = D7FCA5F81FA246360005DAEB /* NSArray+Validation.h */; settings = {ATTRIBUTES = (Public, ); }; };
		D7FCA6091FA246370005DAEB /* NSString+Validation.h in Headers */ = {isa = PBXBuildFile; fileRef = D7FCA5F91FA246360005DAEB /* NSString+Validation.h */; settings = {ATTRIBUTES = (Public, ); }; };
		D7FCA60B1FA246370005DAEB /* NSString+Validation.m in Sources */ = {isa = PBXBuildFile; fileRef = D7FCA5FB1FA246370005DAEB /* NSString+Validation.m */; };
		D7FCA60D1FA246370005DAEB /* NSArray+Validation.m in Sources */ = {isa = PBXBuildFile; fileRef = D7FCA5FD1FA246370005DAEB /* NSArray+Validation.m */; };
		D7FCA60E1FA246370005DAEB /* NSObject+ClassName.m in Sources */ = {isa = PBXBuildFile; fileRef = D7FCA5FE1FA246370005DAEB /* NSObject+ClassName.m */; };
		D7FCA6181FA246C10005DAEB /* AMAlertView.m in Sources */ = {isa = PBXBuildFile; fileRef = D7FCA6101FA246C00005DAEB /* AMAlertView.m */; };
		D7FCA61C1FA246C10005DAEB /* AMAlertView.h in Headers */ = {isa = PBXBuildFile; fileRef = D7FCA6141FA246C00005DAEB /* AMAlertView.h */; settings = {ATTRIBUTES = (Public, ); }; };
		D7FCA61E1FA246C10005DAEB /* AMUtils.h in Headers */ = {isa = PBXBuildFile; fileRef = D7FCA6161FA246C10005DAEB /* AMUtils.h */; settings = {ATTRIBUTES = (Public, ); }; };
		D7FCA61F1FA246C10005DAEB /* AMUtils.m in Sources */ = {isa = PBXBuildFile; fileRef = D7FCA6171FA246C10005DAEB /* AMUtils.m */; };
		D7FCA6421FA2474C0005DAEB /* UIImage+WebP.m in Sources */ = {isa = PBXBuildFile; fileRef = D7FCA6211FA2474C0005DAEB /* UIImage+WebP.m */; };
		D7FCA6431FA2474C0005DAEB /* MKAnnotationView+WebCache.m in Sources */ = {isa = PBXBuildFile; fileRef = D7FCA6221FA2474C0005DAEB /* MKAnnotationView+WebCache.m */; };
		D7FCA6441FA2474C0005DAEB /* UIImageView+WebCache.h in Headers */ = {isa = PBXBuildFile; fileRef = D7FCA6231FA2474C0005DAEB /* UIImageView+WebCache.h */; settings = {ATTRIBUTES = (Public, ); }; };
		D7FCA6451FA2474C0005DAEB /* NSData+ImageContentType.h in Headers */ = {isa = PBXBuildFile; fileRef = D7FCA6241FA2474C0005DAEB /* NSData+ImageContentType.h */; settings = {ATTRIBUTES = (Public, ); }; };
		D7FCA6461FA2474C0005DAEB /* SDWebImageManager.m in Sources */ = {isa = PBXBuildFile; fileRef = D7FCA6251FA2474C0005DAEB /* SDWebImageManager.m */; };
		D7FCA6471FA2474C0005DAEB /* SDWebImageDecoder.m in Sources */ = {isa = PBXBuildFile; fileRef = D7FCA6261FA2474C0005DAEB /* SDWebImageDecoder.m */; };
		D7FCA6481FA2474C0005DAEB /* SDWebImageDownloaderOperation.h in Headers */ = {isa = PBXBuildFile; fileRef = D7FCA6271FA2474C0005DAEB /* SDWebImageDownloaderOperation.h */; settings = {ATTRIBUTES = (Public, ); }; };
		D7FCA6491FA2474C0005DAEB /* UIImageView+HighlightedWebCache.m in Sources */ = {isa = PBXBuildFile; fileRef = D7FCA6281FA2474C0005DAEB /* UIImageView+HighlightedWebCache.m */; };
		D7FCA64A1FA2474C0005DAEB /* SDImageCache.h in Headers */ = {isa = PBXBuildFile; fileRef = D7FCA6291FA2474C0005DAEB /* SDImageCache.h */; settings = {ATTRIBUTES = (Public, ); }; };
		D7FCA64B1FA2474C0005DAEB /* SDWebImageDownloader.m in Sources */ = {isa = PBXBuildFile; fileRef = D7FCA62A1FA2474C0005DAEB /* SDWebImageDownloader.m */; };
		D7FCA64C1FA2474C0005DAEB /* UIImage+GIF.m in Sources */ = {isa = PBXBuildFile; fileRef = D7FCA62B1FA2474C0005DAEB /* UIImage+GIF.m */; };
		D7FCA64D1FA2474C0005DAEB /* UIButton+WebCache.h in Headers */ = {isa = PBXBuildFile; fileRef = D7FCA62C1FA2474C0005DAEB /* UIButton+WebCache.h */; settings = {ATTRIBUTES = (Public, ); }; };
		D7FCA64E1FA2474C0005DAEB /* UIImage+MultiFormat.m in Sources */ = {isa = PBXBuildFile; fileRef = D7FCA62D1FA2474C0005DAEB /* UIImage+MultiFormat.m */; };
		D7FCA64F1FA2474C0005DAEB /* SDWebImageCompat.m in Sources */ = {isa = PBXBuildFile; fileRef = D7FCA62E1FA2474C0005DAEB /* SDWebImageCompat.m */; };
		D7FCA6501FA2474C0005DAEB /* SDWebImagePrefetcher.m in Sources */ = {isa = PBXBuildFile; fileRef = D7FCA62F1FA2474C0005DAEB /* SDWebImagePrefetcher.m */; };
		D7FCA6511FA2474C0005DAEB /* UIView+WebCacheOperation.h in Headers */ = {isa = PBXBuildFile; fileRef = D7FCA6301FA2474C0005DAEB /* UIView+WebCacheOperation.h */; settings = {ATTRIBUTES = (Public, ); }; };
		D7FCA6521FA2474C0005DAEB /* MKAnnotationView+WebCache.h in Headers */ = {isa = PBXBuildFile; fileRef = D7FCA6311FA2474C0005DAEB /* MKAnnotationView+WebCache.h */; settings = {ATTRIBUTES = (Public, ); }; };
		D7FCA6531FA2474C0005DAEB /* UIImage+WebP.h in Headers */ = {isa = PBXBuildFile; fileRef = D7FCA6321FA2474C0005DAEB /* UIImage+WebP.h */; settings = {ATTRIBUTES = (Public, ); }; };
		D7FCA6541FA2474C0005DAEB /* SDImageCache.m in Sources */ = {isa = PBXBuildFile; fileRef = D7FCA6331FA2474C0005DAEB /* SDImageCache.m */; };
		D7FCA6551FA2474C0005DAEB /* UIImageView+HighlightedWebCache.h in Headers */ = {isa = PBXBuildFile; fileRef = D7FCA6341FA2474C0005DAEB /* UIImageView+HighlightedWebCache.h */; settings = {ATTRIBUTES = (Public, ); }; };
		D7FCA6561FA2474C0005DAEB /* SDWebImageDownloaderOperation.m in Sources */ = {isa = PBXBuildFile; fileRef = D7FCA6351FA2474C0005DAEB /* SDWebImageDownloaderOperation.m */; };
		D7FCA6571FA2474C0005DAEB /* SDWebImageDecoder.h in Headers */ = {isa = PBXBuildFile; fileRef = D7FCA6361FA2474C0005DAEB /* SDWebImageDecoder.h */; settings = {ATTRIBUTES = (Public, ); }; };
		D7FCA6581FA2474C0005DAEB /* SDWebImageManager.h in Headers */ = {isa = PBXBuildFile; fileRef = D7FCA6371FA2474C0005DAEB /* SDWebImageManager.h */; settings = {ATTRIBUTES = (Public, ); }; };
		D7FCA6591FA2474C0005DAEB /* NSData+ImageContentType.m in Sources */ = {isa = PBXBuildFile; fileRef = D7FCA6381FA2474C0005DAEB /* NSData+ImageContentType.m */; };
		D7FCA65A1FA2474C0005DAEB /* UIImageView+WebCache.m in Sources */ = {isa = PBXBuildFile; fileRef = D7FCA6391FA2474C0005DAEB /* UIImageView+WebCache.m */; };
		D7FCA65B1FA2474C0005DAEB /* SDWebImageOperation.h in Headers */ = {isa = PBXBuildFile; fileRef = D7FCA63A1FA2474C0005DAEB /* SDWebImageOperation.h */; settings = {ATTRIBUTES = (Public, ); }; };
		D7FCA65C1FA2474C0005DAEB /* SDWebImageDownloader.h in Headers */ = {isa = PBXBuildFile; fileRef = D7FCA63B1FA2474C0005DAEB /* SDWebImageDownloader.h */; settings = {ATTRIBUTES = (Public, ); }; };
		D7FCA65D1FA2474C0005DAEB /* UIView+WebCacheOperation.m in Sources */ = {isa = PBXBuildFile; fileRef = D7FCA63C1FA2474C0005DAEB /* UIView+WebCacheOperation.m */; };
		D7FCA65E1FA2474C0005DAEB /* SDWebImagePrefetcher.h in Headers */ = {isa = PBXBuildFile; fileRef = D7FCA63D1FA2474C0005DAEB /* SDWebImagePrefetcher.h */; settings = {ATTRIBUTES = (Public, ); }; };
		D7FCA65F1FA2474C0005DAEB /* SDWebImageCompat.h in Headers */ = {isa = PBXBuildFile; fileRef = D7FCA63E1FA2474C0005DAEB /* SDWebImageCompat.h */; settings = {ATTRIBUTES = (Public, ); }; };
		D7FCA6601FA2474C0005DAEB /* UIImage+MultiFormat.h in Headers */ = {isa = PBXBuildFile; fileRef = D7FCA63F1FA2474C0005DAEB /* UIImage+MultiFormat.h */; settings = {ATTRIBUTES = (Public, ); }; };
		D7FCA6611FA2474C0005DAEB /* UIButton+WebCache.m in Sources */ = {isa = PBXBuildFile; fileRef = D7FCA6401FA2474C0005DAEB /* UIButton+WebCache.m */; };
		D7FCA6621FA2474C0005DAEB /* UIImage+GIF.h in Headers */ = {isa = PBXBuildFile; fileRef = D7FCA6411FA2474C0005DAEB /* UIImage+GIF.h */; settings = {ATTRIBUTES = (Public, ); }; };
		D7FCA6641FA248C60005DAEB /* AMAppkitDefines.h in Headers */ = {isa = PBXBuildFile; fileRef = D7FCA6631FA248B50005DAEB /* AMAppkitDefines.h */; settings = {ATTRIBUTES = (Public, ); }; };
/* End PBXBuildFile section */

/* Begin PBXFileReference section */
		592060E81E38E26C0066BE0D /* AMAppkit.framework */ = {isa = PBXFileReference; explicitFileType = wrapper.framework; includeInIndex = 0; path = AMAppkit.framework; sourceTree = BUILT_PRODUCTS_DIR; };
		592060EB1E38E26C0066BE0D /* AMAppkit.h */ = {isa = PBXFileReference; lastKnownFileType = sourcecode.c.h; path = AMAppkit.h; sourceTree = "<group>"; };
		592060EC1E38E26C0066BE0D /* Info.plist */ = {isa = PBXFileReference; lastKnownFileType = text.plist.xml; path = Info.plist; sourceTree = "<group>"; };
		592060F71E38E6B50066BE0D /* AMOperationHelper.h */ = {isa = PBXFileReference; fileEncoding = 4; lastKnownFileType = sourcecode.c.h; path = AMOperationHelper.h; sourceTree = "<group>"; };
		592060F81E38E6B50066BE0D /* AMOperationHelper.m */ = {isa = PBXFileReference; fileEncoding = 4; lastKnownFileType = sourcecode.c.objc; path = AMOperationHelper.m; sourceTree = "<group>"; };
		592060FC1E38EF1D0066BE0D /* AMFailedView.h */ = {isa = PBXFileReference; fileEncoding = 4; lastKnownFileType = sourcecode.c.h; path = AMFailedView.h; sourceTree = "<group>"; };
		592060FD1E38EF1D0066BE0D /* AMFailedView.m */ = {isa = PBXFileReference; fileEncoding = 4; lastKnownFileType = sourcecode.c.objc; path = AMFailedView.m; sourceTree = "<group>"; };
		592061001E38EF270066BE0D /* AMFailedView.xib */ = {isa = PBXFileReference; fileEncoding = 4; lastKnownFileType = file.xib; path = AMFailedView.xib; sourceTree = "<group>"; };
		592061031E38F5B30066BE0D /* AMLoadingView.h */ = {isa = PBXFileReference; fileEncoding = 4; lastKnownFileType = sourcecode.c.h; path = AMLoadingView.h; sourceTree = "<group>"; };
		592061041E38F5B30066BE0D /* AMLoadingView.m */ = {isa = PBXFileReference; fileEncoding = 4; lastKnownFileType = sourcecode.c.objc; path = AMLoadingView.m; sourceTree = "<group>"; };
		592061071E38F5BB0066BE0D /* AMLoadingView.xib */ = {isa = PBXFileReference; fileEncoding = 4; lastKnownFileType = file.xib; path = AMLoadingView.xib; sourceTree = "<group>"; };
		5920610A1E38FA030066BE0D /* AMLoadingBarView.h */ = {isa = PBXFileReference; fileEncoding = 4; lastKnownFileType = sourcecode.c.h; path = AMLoadingBarView.h; sourceTree = "<group>"; };
		5920610B1E38FA030066BE0D /* AMLoadingBarView.m */ = {isa = PBXFileReference; fileEncoding = 4; lastKnownFileType = sourcecode.c.objc; path = AMLoadingBarView.m; sourceTree = "<group>"; };
		5920610F1E39008D0066BE0D /* AMAlertBarView.h */ = {isa = PBXFileReference; fileEncoding = 4; lastKnownFileType = sourcecode.c.h; path = AMAlertBarView.h; sourceTree = "<group>"; };
		592061101E39008D0066BE0D /* AMAlertBarView.m */ = {isa = PBXFileReference; fileEncoding = 4; lastKnownFileType = sourcecode.c.objc; path = AMAlertBarView.m; sourceTree = "<group>"; };
		592061131E3902430066BE0D /* AMBaseViewController.h */ = {isa = PBXFileReference; fileEncoding = 4; lastKnownFileType = sourcecode.c.h; path = AMBaseViewController.h; sourceTree = "<group>"; };
		592061141E3902430066BE0D /* AMBaseViewController.m */ = {isa = PBXFileReference; fileEncoding = 4; lastKnownFileType = sourcecode.c.objc; path = AMBaseViewController.m; sourceTree = "<group>"; };
		5920611A1E390B780066BE0D /* AMTableHelper.h */ = {isa = PBXFileReference; fileEncoding = 4; lastKnownFileType = sourcecode.c.h; path = AMTableHelper.h; sourceTree = "<group>"; };
		5920611B1E390B780066BE0D /* AMTableHelper.m */ = {isa = PBXFileReference; fileEncoding = 4; lastKnownFileType = sourcecode.c.objc; path = AMTableHelper.m; sourceTree = "<group>"; };
		5920611E1E39160E0066BE0D /* AMBaseTableViewCell.h */ = {isa = PBXFileReference; fileEncoding = 4; lastKnownFileType = sourcecode.c.h; path = AMBaseTableViewCell.h; sourceTree = "<group>"; };
		5920611F1E39160E0066BE0D /* AMBaseTableViewCell.m */ = {isa = PBXFileReference; fileEncoding = 4; lastKnownFileType = sourcecode.c.objc; path = AMBaseTableViewCell.m; sourceTree = "<group>"; };
		5920612B1E3A06E80066BE0D /* AMNotificationManager.h */ = {isa = PBXFileReference; fileEncoding = 4; lastKnownFileType = sourcecode.c.h; path = AMNotificationManager.h; sourceTree = "<group>"; };
		5920612C1E3A06E80066BE0D /* AMNotificationManager.m */ = {isa = PBXFileReference; fileEncoding = 4; lastKnownFileType = sourcecode.c.objc; path = AMNotificationManager.m; sourceTree = "<group>"; };
		5920612F1E3A08800066BE0D /* AMNotification.h */ = {isa = PBXFileReference; fileEncoding = 4; lastKnownFileType = sourcecode.c.h; path = AMNotification.h; sourceTree = "<group>"; };
		592061301E3A08800066BE0D /* AMNotification.m */ = {isa = PBXFileReference; fileEncoding = 4; lastKnownFileType = sourcecode.c.objc; path = AMNotification.m; sourceTree = "<group>"; };
		592061331E3A12170066BE0D /* AMObservable.h */ = {isa = PBXFileReference; fileEncoding = 4; lastKnownFileType = sourcecode.c.h; path = AMObservable.h; sourceTree = "<group>"; };
		592061341E3A12170066BE0D /* AMObservable.m */ = {isa = PBXFileReference; fileEncoding = 4; lastKnownFileType = sourcecode.c.objc; path = AMObservable.m; sourceTree = "<group>"; };
		592061371E3A1CAE0066BE0D /* AMCircularProgressView.h */ = {isa = PBXFileReference; fileEncoding = 4; lastKnownFileType = sourcecode.c.h; path = AMCircularProgressView.h; sourceTree = "<group>"; };
		592061381E3A1CAE0066BE0D /* AMCircularProgressView.m */ = {isa = PBXFileReference; fileEncoding = 4; lastKnownFileType = sourcecode.c.objc; path = AMCircularProgressView.m; sourceTree = "<group>"; };
		5920613B1E3A1F810066BE0D /* UIView+LoadingFromFrameworkNib.h */ = {isa = PBXFileReference; fileEncoding = 4; lastKnownFileType = sourcecode.c.h; path = "UIView+LoadingFromFrameworkNib.h"; sourceTree = "<group>"; };
		5920613C1E3A1F810066BE0D /* UIView+LoadingFromFrameworkNib.m */ = {isa = PBXFileReference; fileEncoding = 4; lastKnownFileType = sourcecode.c.objc; path = "UIView+LoadingFromFrameworkNib.m"; sourceTree = "<group>"; };
		592061451E3A26B90066BE0D /* UITableView+Reloading.h */ = {isa = PBXFileReference; fileEncoding = 4; lastKnownFileType = sourcecode.c.h; path = "UITableView+Reloading.h"; sourceTree = "<group>"; };
		592061461E3A26B90066BE0D /* UITableView+Reloading.m */ = {isa = PBXFileReference; fileEncoding = 4; lastKnownFileType = sourcecode.c.objc; path = "UITableView+Reloading.m"; sourceTree = "<group>"; };
		5920614B1E3A31770066BE0D /* AMNoObjectsView.h */ = {isa = PBXFileReference; fileEncoding = 4; lastKnownFileType = sourcecode.c.h; path = AMNoObjectsView.h; sourceTree = "<group>"; };
		5920614C1E3A31770066BE0D /* AMNoObjectsView.m */ = {isa = PBXFileReference; fileEncoding = 4; lastKnownFileType = sourcecode.c.objc; path = AMNoObjectsView.m; sourceTree = "<group>"; };
		5920614F1E3A31850066BE0D /* AMNoObjectsView.xib */ = {isa = PBXFileReference; fileEncoding = 4; lastKnownFileType = file.xib; path = AMNoObjectsView.xib; sourceTree = "<group>"; };
		592061551E3A3F760066BE0D /* AMCollectionHelper.h */ = {isa = PBXFileReference; fileEncoding = 4; lastKnownFileType = sourcecode.c.h; path = AMCollectionHelper.h; sourceTree = "<group>"; };
		592061561E3A3F760066BE0D /* AMCollectionHelper.m */ = {isa = PBXFileReference; fileEncoding = 4; lastKnownFileType = sourcecode.c.objc; path = AMCollectionHelper.m; sourceTree = "<group>"; };
		592061591E3A42CB0066BE0D /* AMCollectionView.h */ = {isa = PBXFileReference; fileEncoding = 4; lastKnownFileType = sourcecode.c.h; path = AMCollectionView.h; sourceTree = "<group>"; };
		5920615A1E3A42CB0066BE0D /* AMCollectionView.m */ = {isa = PBXFileReference; fileEncoding = 4; lastKnownFileType = sourcecode.c.objc; path = AMCollectionView.m; sourceTree = "<group>"; };
		5920615D1E3A43620066BE0D /* AMContainerCell.h */ = {isa = PBXFileReference; fileEncoding = 4; lastKnownFileType = sourcecode.c.h; path = AMContainerCell.h; sourceTree = "<group>"; };
		5920615E1E3A43620066BE0D /* AMContainerCell.m */ = {isa = PBXFileReference; fileEncoding = 4; lastKnownFileType = sourcecode.c.objc; path = AMContainerCell.m; sourceTree = "<group>"; };
		592061631E3A62610066BE0D /* UICollectionView+Reloading.h */ = {isa = PBXFileReference; fileEncoding = 4; lastKnownFileType = sourcecode.c.h; path = "UICollectionView+Reloading.h"; sourceTree = "<group>"; };
		592061641E3A62610066BE0D /* UICollectionView+Reloading.m */ = {isa = PBXFileReference; fileEncoding = 4; lastKnownFileType = sourcecode.c.objc; path = "UICollectionView+Reloading.m"; sourceTree = "<group>"; };
		592061871E3B59850066BE0D /* AMFadeButton.h */ = {isa = PBXFileReference; fileEncoding = 4; lastKnownFileType = sourcecode.c.h; path = AMFadeButton.h; sourceTree = "<group>"; };
		592061881E3B59850066BE0D /* AMFadeButton.m */ = {isa = PBXFileReference; fileEncoding = 4; lastKnownFileType = sourcecode.c.objc; path = AMFadeButton.m; sourceTree = "<group>"; };
		5920618F1E3B5BFD0066BE0D /* AMSeparatorView.h */ = {isa = PBXFileReference; fileEncoding = 4; lastKnownFileType = sourcecode.c.h; path = AMSeparatorView.h; sourceTree = "<group>"; };
		592061901E3B5BFD0066BE0D /* AMSeparatorView.m */ = {isa = PBXFileReference; fileEncoding = 4; lastKnownFileType = sourcecode.c.objc; path = AMSeparatorView.m; sourceTree = "<group>"; };
		592061AD1E3B71210066BE0D /* AMBorderedButton.h */ = {isa = PBXFileReference; fileEncoding = 4; lastKnownFileType = sourcecode.c.h; path = AMBorderedButton.h; sourceTree = "<group>"; };
		592061AE1E3B71210066BE0D /* AMBorderedButton.m */ = {isa = PBXFileReference; fileEncoding = 4; lastKnownFileType = sourcecode.c.objc; path = AMBorderedButton.m; sourceTree = "<group>"; };
		5938D3BC1E44BD5B00EB398C /* AMCollectionViewLeftAlignedLayout.h */ = {isa = PBXFileReference; fileEncoding = 4; lastKnownFileType = sourcecode.c.h; path = AMCollectionViewLeftAlignedLayout.h; sourceTree = "<group>"; };
		5938D3BD1E44BD5B00EB398C /* AMCollectionViewLeftAlignedLayout.m */ = {isa = PBXFileReference; fileEncoding = 4; lastKnownFileType = sourcecode.c.objc; path = AMCollectionViewLeftAlignedLayout.m; sourceTree = "<group>"; };
		593F49B51EC5BB550030BEBE /* AMPagingCollectionHelper.h */ = {isa = PBXFileReference; fileEncoding = 4; lastKnownFileType = sourcecode.c.h; path = AMPagingCollectionHelper.h; sourceTree = "<group>"; };
		593F49B61EC5BB550030BEBE /* AMPagingCollectionHelper.m */ = {isa = PBXFileReference; fileEncoding = 4; lastKnownFileType = sourcecode.c.objc; path = AMPagingCollectionHelper.m; sourceTree = "<group>"; };
		593F49B91EC5D9E80030BEBE /* AMPagingLoader.h */ = {isa = PBXFileReference; fileEncoding = 4; lastKnownFileType = sourcecode.c.h; path = AMPagingLoader.h; sourceTree = "<group>"; };
		593F49BA1EC5D9E80030BEBE /* AMPagingLoader.m */ = {isa = PBXFileReference; fileEncoding = 4; lastKnownFileType = sourcecode.c.objc; path = AMPagingLoader.m; sourceTree = "<group>"; };
		596A293A1E4747ED00F6AA7A /* AMPagingTableHelper.h */ = {isa = PBXFileReference; fileEncoding = 4; lastKnownFileType = sourcecode.c.h; path = AMPagingTableHelper.h; sourceTree = "<group>"; };
		596A293B1E4747ED00F6AA7A /* AMPagingTableHelper.m */ = {isa = PBXFileReference; fileEncoding = 4; lastKnownFileType = sourcecode.c.objc; path = AMPagingTableHelper.m; sourceTree = "<group>"; };
		596A293E1E474F8600F6AA7A /* PrivateTableViewController.h */ = {isa = PBXFileReference; fileEncoding = 4; lastKnownFileType = sourcecode.c.h; path = PrivateTableViewController.h; sourceTree = "<group>"; };
		596A293F1E474F8600F6AA7A /* PrivateTableViewController.m */ = {isa = PBXFileReference; fileEncoding = 4; lastKnownFileType = sourcecode.c.objc; path = PrivateTableViewController.m; sourceTree = "<group>"; };
		596A29431E4752A800F6AA7A /* AMFooterLoadingView.h */ = {isa = PBXFileReference; fileEncoding = 4; lastKnownFileType = sourcecode.c.h; path = AMFooterLoadingView.h; sourceTree = "<group>"; };
		596A29441E4752A800F6AA7A /* AMFooterLoadingView.m */ = {isa = PBXFileReference; fileEncoding = 4; lastKnownFileType = sourcecode.c.objc; path = AMFooterLoadingView.m; sourceTree = "<group>"; };
		596A29481E4752DB00F6AA7A /* AMFooterLoadingView.xib */ = {isa = PBXFileReference; fileEncoding = 4; lastKnownFileType = file.xib; path = AMFooterLoadingView.xib; sourceTree = "<group>"; };
		59C559FB1E3E43760049748A /* AMAppearance.h */ = {isa = PBXFileReference; fileEncoding = 4; lastKnownFileType = sourcecode.c.h; path = AMAppearance.h; sourceTree = "<group>"; };
		59C559FC1E3E43760049748A /* AMAppearance.m */ = {isa = PBXFileReference; fileEncoding = 4; lastKnownFileType = sourcecode.c.objc; path = AMAppearance.m; sourceTree = "<group>"; };
		59C559FF1E3E45800049748A /* AMAppearanceSupportObject.h */ = {isa = PBXFileReference; fileEncoding = 4; lastKnownFileType = sourcecode.c.h; path = AMAppearanceSupportObject.h; sourceTree = "<group>"; };
		59C55A001E3E45800049748A /* AMAppearanceSupportObject.m */ = {isa = PBXFileReference; fileEncoding = 4; lastKnownFileType = sourcecode.c.objc; path = AMAppearanceSupportObject.m; sourceTree = "<group>"; };
		59C55A071E3E5D200049748A /* AMAlertBarView.xib */ = {isa = PBXFileReference; fileEncoding = 4; lastKnownFileType = file.xib; path = AMAlertBarView.xib; sourceTree = "<group>"; };
		59C55A1E1E3F404A0049748A /* NSManagedObject+Notifications.h */ = {isa = PBXFileReference; fileEncoding = 4; lastKnownFileType = sourcecode.c.h; path = "NSManagedObject+Notifications.h"; sourceTree = "<group>"; };
		59C55A1F1E3F404A0049748A /* NSManagedObject+Notifications.m */ = {isa = PBXFileReference; fileEncoding = 4; lastKnownFileType = sourcecode.c.objc; path = "NSManagedObject+Notifications.m"; sourceTree = "<group>"; };
		D7FCA5CB1FA243F00005DAEB /* UITableViewCell+Additions.h */ = {isa = PBXFileReference; fileEncoding = 4; lastKnownFileType = sourcecode.c.h; path = "UITableViewCell+Additions.h"; sourceTree = "<group>"; };
		D7FCA5CC1FA243F10005DAEB /* UITableViewCell+Additions.m */ = {isa = PBXFileReference; fileEncoding = 4; lastKnownFileType = sourcecode.c.objc; path = "UITableViewCell+Additions.m"; sourceTree = "<group>"; };
		D7FCA5CF1FA2441F0005DAEB /* UIView+Frame.h */ = {isa = PBXFileReference; fileEncoding = 4; lastKnownFileType = sourcecode.c.h; path = "UIView+Frame.h"; sourceTree = "<group>"; };
		D7FCA5D01FA2441F0005DAEB /* UIView+Frame.m */ = {isa = PBXFileReference; fileEncoding = 4; lastKnownFileType = sourcecode.c.objc; path = "UIView+Frame.m"; sourceTree = "<group>"; };
		D7FCA5D31FA244480005DAEB /* UIImage+Tint.h */ = {isa = PBXFileReference; fileEncoding = 4; lastKnownFileType = sourcecode.c.h; path = "UIImage+Tint.h"; sourceTree = "<group>"; };
		D7FCA5D41FA244490005DAEB /* UIImage+Tint.m */ = {isa = PBXFileReference; fileEncoding = 4; lastKnownFileType = sourcecode.c.objc; path = "UIImage+Tint.m"; sourceTree = "<group>"; };
		D7FCA5DF1FA245B50005DAEB /* UIView+SSToolkitAdditions.m */ = {isa = PBXFileReference; fileEncoding = 4; lastKnownFileType = sourcecode.c.objc; path = "UIView+SSToolkitAdditions.m"; sourceTree = "<group>"; };
		D7FCA5E01FA245B50005DAEB /* UIView+SSToolkitAdditions.h */ = {isa = PBXFileReference; fileEncoding = 4; lastKnownFileType = sourcecode.c.h; path = "UIView+SSToolkitAdditions.h"; sourceTree = "<group>"; };
		D7FCA5F21FA246350005DAEB /* NSObject+ClassName.h */ = {isa = PBXFileReference; fileEncoding = 4; lastKnownFileType = sourcecode.c.h; path = "NSObject+ClassName.h"; sourceTree = "<group>"; };
		D7FCA5F81FA246360005DAEB /* NSArray+Validation.h */ = {isa = PBXFileReference; fileEncoding = 4; lastKnownFileType = sourcecode.c.h; path = "NSArray+Validation.h"; sourceTree = "<group>"; };
		D7FCA5F91FA246360005DAEB /* NSString+Validation.h */ = {isa = PBXFileReference; fileEncoding = 4; lastKnownFileType = sourcecode.c.h; path = "NSString+Validation.h"; sourceTree = "<group>"; };
		D7FCA5FB1FA246370005DAEB /* NSString+Validation.m */ = {isa = PBXFileReference; fileEncoding = 4; lastKnownFileType = sourcecode.c.objc; path = "NSString+Validation.m"; sourceTree = "<group>"; };
		D7FCA5FD1FA246370005DAEB /* NSArray+Validation.m */ = {isa = PBXFileReference; fileEncoding = 4; lastKnownFileType = sourcecode.c.objc; path = "NSArray+Validation.m"; sourceTree = "<group>"; };
		D7FCA5FE1FA246370005DAEB /* NSObject+ClassName.m */ = {isa = PBXFileReference; fileEncoding = 4; lastKnownFileType = sourcecode.c.objc; path = "NSObject+ClassName.m"; sourceTree = "<group>"; };
		D7FCA6101FA246C00005DAEB /* AMAlertView.m */ = {isa = PBXFileReference; fileEncoding = 4; lastKnownFileType = sourcecode.c.objc; path = AMAlertView.m; sourceTree = "<group>"; };
		D7FCA6141FA246C00005DAEB /* AMAlertView.h */ = {isa = PBXFileReference; fileEncoding = 4; lastKnownFileType = sourcecode.c.h; path = AMAlertView.h; sourceTree = "<group>"; };
		D7FCA6161FA246C10005DAEB /* AMUtils.h */ = {isa = PBXFileReference; fileEncoding = 4; lastKnownFileType = sourcecode.c.h; path = AMUtils.h; sourceTree = "<group>"; };
		D7FCA6171FA246C10005DAEB /* AMUtils.m */ = {isa = PBXFileReference; fileEncoding = 4; lastKnownFileType = sourcecode.c.objc; path = AMUtils.m; sourceTree = "<group>"; };
		D7FCA6211FA2474C0005DAEB /* UIImage+WebP.m */ = {isa = PBXFileReference; fileEncoding = 4; lastKnownFileType = sourcecode.c.objc; path = "UIImage+WebP.m"; sourceTree = "<group>"; };
		D7FCA6221FA2474C0005DAEB /* MKAnnotationView+WebCache.m */ = {isa = PBXFileReference; fileEncoding = 4; lastKnownFileType = sourcecode.c.objc; path = "MKAnnotationView+WebCache.m"; sourceTree = "<group>"; };
		D7FCA6231FA2474C0005DAEB /* UIImageView+WebCache.h */ = {isa = PBXFileReference; fileEncoding = 4; lastKnownFileType = sourcecode.c.h; path = "UIImageView+WebCache.h"; sourceTree = "<group>"; };
		D7FCA6241FA2474C0005DAEB /* NSData+ImageContentType.h */ = {isa = PBXFileReference; fileEncoding = 4; lastKnownFileType = sourcecode.c.h; path = "NSData+ImageContentType.h"; sourceTree = "<group>"; };
		D7FCA6251FA2474C0005DAEB /* SDWebImageManager.m */ = {isa = PBXFileReference; fileEncoding = 4; lastKnownFileType = sourcecode.c.objc; path = SDWebImageManager.m; sourceTree = "<group>"; };
		D7FCA6261FA2474C0005DAEB /* SDWebImageDecoder.m */ = {isa = PBXFileReference; fileEncoding = 4; lastKnownFileType = sourcecode.c.objc; path = SDWebImageDecoder.m; sourceTree = "<group>"; };
		D7FCA6271FA2474C0005DAEB /* SDWebImageDownloaderOperation.h */ = {isa = PBXFileReference; fileEncoding = 4; lastKnownFileType = sourcecode.c.h; path = SDWebImageDownloaderOperation.h; sourceTree = "<group>"; };
		D7FCA6281FA2474C0005DAEB /* UIImageView+HighlightedWebCache.m */ = {isa = PBXFileReference; fileEncoding = 4; lastKnownFileType = sourcecode.c.objc; path = "UIImageView+HighlightedWebCache.m"; sourceTree = "<group>"; };
		D7FCA6291FA2474C0005DAEB /* SDImageCache.h */ = {isa = PBXFileReference; fileEncoding = 4; lastKnownFileType = sourcecode.c.h; path = SDImageCache.h; sourceTree = "<group>"; };
		D7FCA62A1FA2474C0005DAEB /* SDWebImageDownloader.m */ = {isa = PBXFileReference; fileEncoding = 4; lastKnownFileType = sourcecode.c.objc; path = SDWebImageDownloader.m; sourceTree = "<group>"; };
		D7FCA62B1FA2474C0005DAEB /* UIImage+GIF.m */ = {isa = PBXFileReference; fileEncoding = 4; lastKnownFileType = sourcecode.c.objc; path = "UIImage+GIF.m"; sourceTree = "<group>"; };
		D7FCA62C1FA2474C0005DAEB /* UIButton+WebCache.h */ = {isa = PBXFileReference; fileEncoding = 4; lastKnownFileType = sourcecode.c.h; path = "UIButton+WebCache.h"; sourceTree = "<group>"; };
		D7FCA62D1FA2474C0005DAEB /* UIImage+MultiFormat.m */ = {isa = PBXFileReference; fileEncoding = 4; lastKnownFileType = sourcecode.c.objc; path = "UIImage+MultiFormat.m"; sourceTree = "<group>"; };
		D7FCA62E1FA2474C0005DAEB /* SDWebImageCompat.m */ = {isa = PBXFileReference; fileEncoding = 4; lastKnownFileType = sourcecode.c.objc; path = SDWebImageCompat.m; sourceTree = "<group>"; };
		D7FCA62F1FA2474C0005DAEB /* SDWebImagePrefetcher.m */ = {isa = PBXFileReference; fileEncoding = 4; lastKnownFileType = sourcecode.c.objc; path = SDWebImagePrefetcher.m; sourceTree = "<group>"; };
		D7FCA6301FA2474C0005DAEB /* UIView+WebCacheOperation.h */ = {isa = PBXFileReference; fileEncoding = 4; lastKnownFileType = sourcecode.c.h; path = "UIView+WebCacheOperation.h"; sourceTree = "<group>"; };
		D7FCA6311FA2474C0005DAEB /* MKAnnotationView+WebCache.h */ = {isa = PBXFileReference; fileEncoding = 4; lastKnownFileType = sourcecode.c.h; path = "MKAnnotationView+WebCache.h"; sourceTree = "<group>"; };
		D7FCA6321FA2474C0005DAEB /* UIImage+WebP.h */ = {isa = PBXFileReference; fileEncoding = 4; lastKnownFileType = sourcecode.c.h; path = "UIImage+WebP.h"; sourceTree = "<group>"; };
		D7FCA6331FA2474C0005DAEB /* SDImageCache.m */ = {isa = PBXFileReference; fileEncoding = 4; lastKnownFileType = sourcecode.c.objc; path = SDImageCache.m; sourceTree = "<group>"; };
		D7FCA6341FA2474C0005DAEB /* UIImageView+HighlightedWebCache.h */ = {isa = PBXFileReference; fileEncoding = 4; lastKnownFileType = sourcecode.c.h; path = "UIImageView+HighlightedWebCache.h"; sourceTree = "<group>"; };
		D7FCA6351FA2474C0005DAEB /* SDWebImageDownloaderOperation.m */ = {isa = PBXFileReference; fileEncoding = 4; lastKnownFileType = sourcecode.c.objc; path = SDWebImageDownloaderOperation.m; sourceTree = "<group>"; };
		D7FCA6361FA2474C0005DAEB /* SDWebImageDecoder.h */ = {isa = PBXFileReference; fileEncoding = 4; lastKnownFileType = sourcecode.c.h; path = SDWebImageDecoder.h; sourceTree = "<group>"; };
		D7FCA6371FA2474C0005DAEB /* SDWebImageManager.h */ = {isa = PBXFileReference; fileEncoding = 4; lastKnownFileType = sourcecode.c.h; path = SDWebImageManager.h; sourceTree = "<group>"; };
		D7FCA6381FA2474C0005DAEB /* NSData+ImageContentType.m */ = {isa = PBXFileReference; fileEncoding = 4; lastKnownFileType = sourcecode.c.objc; path = "NSData+ImageContentType.m"; sourceTree = "<group>"; };
		D7FCA6391FA2474C0005DAEB /* UIImageView+WebCache.m */ = {isa = PBXFileReference; fileEncoding = 4; lastKnownFileType = sourcecode.c.objc; path = "UIImageView+WebCache.m"; sourceTree = "<group>"; };
		D7FCA63A1FA2474C0005DAEB /* SDWebImageOperation.h */ = {isa = PBXFileReference; fileEncoding = 4; lastKnownFileType = sourcecode.c.h; path = SDWebImageOperation.h; sourceTree = "<group>"; };
		D7FCA63B1FA2474C0005DAEB /* SDWebImageDownloader.h */ = {isa = PBXFileReference; fileEncoding = 4; lastKnownFileType = sourcecode.c.h; path = SDWebImageDownloader.h; sourceTree = "<group>"; };
		D7FCA63C1FA2474C0005DAEB /* UIView+WebCacheOperation.m */ = {isa = PBXFileReference; fileEncoding = 4; lastKnownFileType = sourcecode.c.objc; path = "UIView+WebCacheOperation.m"; sourceTree = "<group>"; };
		D7FCA63D1FA2474C0005DAEB /* SDWebImagePrefetcher.h */ = {isa = PBXFileReference; fileEncoding = 4; lastKnownFileType = sourcecode.c.h; path = SDWebImagePrefetcher.h; sourceTree = "<group>"; };
		D7FCA63E1FA2474C0005DAEB /* SDWebImageCompat.h */ = {isa = PBXFileReference; fileEncoding = 4; lastKnownFileType = sourcecode.c.h; path = SDWebImageCompat.h; sourceTree = "<group>"; };
		D7FCA63F1FA2474C0005DAEB /* UIImage+MultiFormat.h */ = {isa = PBXFileReference; fileEncoding = 4; lastKnownFileType = sourcecode.c.h; path = "UIImage+MultiFormat.h"; sourceTree = "<group>"; };
		D7FCA6401FA2474C0005DAEB /* UIButton+WebCache.m */ = {isa = PBXFileReference; fileEncoding = 4; lastKnownFileType = sourcecode.c.objc; path = "UIButton+WebCache.m"; sourceTree = "<group>"; };
		D7FCA6411FA2474C0005DAEB /* UIImage+GIF.h */ = {isa = PBXFileReference; fileEncoding = 4; lastKnownFileType = sourcecode.c.h; path = "UIImage+GIF.h"; sourceTree = "<group>"; };
		D7FCA6631FA248B50005DAEB /* AMAppkitDefines.h */ = {isa = PBXFileReference; lastKnownFileType = sourcecode.c.h; path = AMAppkitDefines.h; sourceTree = "<group>"; };
/* End PBXFileReference section */

/* Begin PBXFrameworksBuildPhase section */
		592060E41E38E26C0066BE0D /* Frameworks */ = {
			isa = PBXFrameworksBuildPhase;
			buildActionMask = 2147483647;
			files = (
			);
			runOnlyForDeploymentPostprocessing = 0;
		};
/* End PBXFrameworksBuildPhase section */

/* Begin PBXGroup section */
		592060DE1E38E26C0066BE0D = {
			isa = PBXGroup;
			children = (
				592060EA1E38E26C0066BE0D /* AMAppkit */,
				592060E91E38E26C0066BE0D /* Products */,
			);
			sourceTree = "<group>";
		};
		592060E91E38E26C0066BE0D /* Products */ = {
			isa = PBXGroup;
			children = (
				592060E81E38E26C0066BE0D /* AMAppkit.framework */,
			);
			name = Products;
			sourceTree = "<group>";
		};
		592060EA1E38E26C0066BE0D /* AMAppkit */ = {
			isa = PBXGroup;
			children = (
				D7FCA6201FA2474C0005DAEB /* SDWebImage */,
				D7FCA60F1FA246A80005DAEB /* Tools */,
				59C559FA1E3E435D0049748A /* AMAppearance */,
				592061441E3A26900066BE0D /* Additions */,
				592061431E3A266F0066BE0D /* CustomViews */,
				592061221E3931E80066BE0D /* AMNotificationManager */,
				592061491E3A2DF20066BE0D /* AMCollectionHelper */,
				592061191E39071D0066BE0D /* AMTableHelper */,
				593F49BF1EC8C9E80030BEBE /* PagingClasses */,
				592061181E3905F30066BE0D /* AMOperationHelper */,
				592061171E3905E60066BE0D /* ViewControllers */,
				592060EB1E38E26C0066BE0D /* AMAppkit.h */,
				D7FCA6631FA248B50005DAEB /* AMAppkitDefines.h */,
				592060EC1E38E26C0066BE0D /* Info.plist */,
			);
			path = AMAppkit;
			sourceTree = "<group>";
		};
		592060FB1E38EF0A0066BE0D /* AMFailedView */ = {
			isa = PBXGroup;
			children = (
				592060FC1E38EF1D0066BE0D /* AMFailedView.h */,
				592060FD1E38EF1D0066BE0D /* AMFailedView.m */,
				592061001E38EF270066BE0D /* AMFailedView.xib */,
			);
			name = AMFailedView;
			sourceTree = "<group>";
		};
		592061021E38F5940066BE0D /* AMLoadingView */ = {
			isa = PBXGroup;
			children = (
				592061371E3A1CAE0066BE0D /* AMCircularProgressView.h */,
				592061381E3A1CAE0066BE0D /* AMCircularProgressView.m */,
				592061031E38F5B30066BE0D /* AMLoadingView.h */,
				592061041E38F5B30066BE0D /* AMLoadingView.m */,
				592061071E38F5BB0066BE0D /* AMLoadingView.xib */,
			);
			name = AMLoadingView;
			sourceTree = "<group>";
		};
		592061091E38F9F30066BE0D /* AMLoadingBarView */ = {
			isa = PBXGroup;
			children = (
				5920610A1E38FA030066BE0D /* AMLoadingBarView.h */,
				5920610B1E38FA030066BE0D /* AMLoadingBarView.m */,
			);
			name = AMLoadingBarView;
			sourceTree = "<group>";
		};
		5920610E1E39005C0066BE0D /* AMAlertBarView */ = {
			isa = PBXGroup;
			children = (
				5920610F1E39008D0066BE0D /* AMAlertBarView.h */,
				592061101E39008D0066BE0D /* AMAlertBarView.m */,
				59C55A071E3E5D200049748A /* AMAlertBarView.xib */,
			);
			name = AMAlertBarView;
			sourceTree = "<group>";
		};
		592061171E3905E60066BE0D /* ViewControllers */ = {
			isa = PBXGroup;
			children = (
				592061131E3902430066BE0D /* AMBaseViewController.h */,
				592061141E3902430066BE0D /* AMBaseViewController.m */,
			);
			name = ViewControllers;
			sourceTree = "<group>";
		};
		592061181E3905F30066BE0D /* AMOperationHelper */ = {
			isa = PBXGroup;
			children = (
				5920610E1E39005C0066BE0D /* AMAlertBarView */,
				592061091E38F9F30066BE0D /* AMLoadingBarView */,
				592061021E38F5940066BE0D /* AMLoadingView */,
				592060FB1E38EF0A0066BE0D /* AMFailedView */,
				592060F71E38E6B50066BE0D /* AMOperationHelper.h */,
				592060F81E38E6B50066BE0D /* AMOperationHelper.m */,
			);
			name = AMOperationHelper;
			sourceTree = "<group>";
		};
		592061191E39071D0066BE0D /* AMTableHelper */ = {
			isa = PBXGroup;
			children = (
				592061421E3A26140066BE0D /* AMNoObjectsView */,
				592061411E3A26050066BE0D /* AMBaseTableViewCell */,
				5920611A1E390B780066BE0D /* AMTableHelper.h */,
				5920611B1E390B780066BE0D /* AMTableHelper.m */,
			);
			name = AMTableHelper;
			sourceTree = "<group>";
		};
		592061221E3931E80066BE0D /* AMNotificationManager */ = {
			isa = PBXGroup;
			children = (
				592061331E3A12170066BE0D /* AMObservable.h */,
				592061341E3A12170066BE0D /* AMObservable.m */,
				5920612F1E3A08800066BE0D /* AMNotification.h */,
				592061301E3A08800066BE0D /* AMNotification.m */,
				5920612B1E3A06E80066BE0D /* AMNotificationManager.h */,
				5920612C1E3A06E80066BE0D /* AMNotificationManager.m */,
				59C55A1E1E3F404A0049748A /* NSManagedObject+Notifications.h */,
				59C55A1F1E3F404A0049748A /* NSManagedObject+Notifications.m */,
			);
			name = AMNotificationManager;
			sourceTree = "<group>";
		};
		592061411E3A26050066BE0D /* AMBaseTableViewCell */ = {
			isa = PBXGroup;
			children = (
				5920611E1E39160E0066BE0D /* AMBaseTableViewCell.h */,
				5920611F1E39160E0066BE0D /* AMBaseTableViewCell.m */,
			);
			name = AMBaseTableViewCell;
			sourceTree = "<group>";
		};
		592061421E3A26140066BE0D /* AMNoObjectsView */ = {
			isa = PBXGroup;
			children = (
				5920614B1E3A31770066BE0D /* AMNoObjectsView.h */,
				5920614C1E3A31770066BE0D /* AMNoObjectsView.m */,
				5920614F1E3A31850066BE0D /* AMNoObjectsView.xib */,
			);
			name = AMNoObjectsView;
			sourceTree = "<group>";
		};
		592061431E3A266F0066BE0D /* CustomViews */ = {
			isa = PBXGroup;
			children = (
				592061871E3B59850066BE0D /* AMFadeButton.h */,
				592061881E3B59850066BE0D /* AMFadeButton.m */,
				5920618F1E3B5BFD0066BE0D /* AMSeparatorView.h */,
				592061901E3B5BFD0066BE0D /* AMSeparatorView.m */,
				592061AD1E3B71210066BE0D /* AMBorderedButton.h */,
				592061AE1E3B71210066BE0D /* AMBorderedButton.m */,
			);
			name = CustomViews;
			sourceTree = "<group>";
		};
		592061441E3A26900066BE0D /* Additions */ = {
			isa = PBXGroup;
			children = (
				D7FCA5F21FA246350005DAEB /* NSObject+ClassName.h */,
				D7FCA5FE1FA246370005DAEB /* NSObject+ClassName.m */,
				D7FCA5F81FA246360005DAEB /* NSArray+Validation.h */,
				D7FCA5FD1FA246370005DAEB /* NSArray+Validation.m */,
				D7FCA5F91FA246360005DAEB /* NSString+Validation.h */,
				D7FCA5FB1FA246370005DAEB /* NSString+Validation.m */,
				D7FCA5E01FA245B50005DAEB /* UIView+SSToolkitAdditions.h */,
				D7FCA5DF1FA245B50005DAEB /* UIView+SSToolkitAdditions.m */,
				D7FCA5D31FA244480005DAEB /* UIImage+Tint.h */,
				D7FCA5D41FA244490005DAEB /* UIImage+Tint.m */,
				D7FCA5CF1FA2441F0005DAEB /* UIView+Frame.h */,
				D7FCA5D01FA2441F0005DAEB /* UIView+Frame.m */,
				D7FCA5CB1FA243F00005DAEB /* UITableViewCell+Additions.h */,
				D7FCA5CC1FA243F10005DAEB /* UITableViewCell+Additions.m */,
				5920613B1E3A1F810066BE0D /* UIView+LoadingFromFrameworkNib.h */,
				5920613C1E3A1F810066BE0D /* UIView+LoadingFromFrameworkNib.m */,
				592061451E3A26B90066BE0D /* UITableView+Reloading.h */,
				592061461E3A26B90066BE0D /* UITableView+Reloading.m */,
				592061631E3A62610066BE0D /* UICollectionView+Reloading.h */,
				592061641E3A62610066BE0D /* UICollectionView+Reloading.m */,
			);
			name = Additions;
			sourceTree = "<group>";
		};
		592061491E3A2DF20066BE0D /* AMCollectionHelper */ = {
			isa = PBXGroup;
			children = (
				592061621E3A437B0066BE0D /* AMContainerCell */,
				592061611E3A436E0066BE0D /* AMCollectionView */,
				592061551E3A3F760066BE0D /* AMCollectionHelper.h */,
				592061561E3A3F760066BE0D /* AMCollectionHelper.m */,
				5938D3BC1E44BD5B00EB398C /* AMCollectionViewLeftAlignedLayout.h */,
				5938D3BD1E44BD5B00EB398C /* AMCollectionViewLeftAlignedLayout.m */,
			);
			name = AMCollectionHelper;
			sourceTree = "<group>";
		};
		592061611E3A436E0066BE0D /* AMCollectionView */ = {
			isa = PBXGroup;
			children = (
				592061591E3A42CB0066BE0D /* AMCollectionView.h */,
				5920615A1E3A42CB0066BE0D /* AMCollectionView.m */,
			);
			name = AMCollectionView;
			sourceTree = "<group>";
		};
		592061621E3A437B0066BE0D /* AMContainerCell */ = {
			isa = PBXGroup;
			children = (
				5920615D1E3A43620066BE0D /* AMContainerCell.h */,
				5920615E1E3A43620066BE0D /* AMContainerCell.m */,
			);
			name = AMContainerCell;
			sourceTree = "<group>";
		};
		593F49B41EC5B32E0030BEBE /* AMPagingCollectionHelper */ = {
			isa = PBXGroup;
			children = (
				593F49B51EC5BB550030BEBE /* AMPagingCollectionHelper.h */,
				593F49B61EC5BB550030BEBE /* AMPagingCollectionHelper.m */,
			);
			name = AMPagingCollectionHelper;
			sourceTree = "<group>";
		};
		593F49BF1EC8C9E80030BEBE /* PagingClasses */ = {
			isa = PBXGroup;
			children = (
				593F49C01EC8CA020030BEBE /* AMPagingLoader */,
				593F49B41EC5B32E0030BEBE /* AMPagingCollectionHelper */,
				596A29421E4751FA00F6AA7A /* AMPagingTableHelper */,
			);
			name = PagingClasses;
			sourceTree = "<group>";
		};
		593F49C01EC8CA020030BEBE /* AMPagingLoader */ = {
			isa = PBXGroup;
			children = (
				593F49B91EC5D9E80030BEBE /* AMPagingLoader.h */,
				593F49BA1EC5D9E80030BEBE /* AMPagingLoader.m */,
			);
			name = AMPagingLoader;
			sourceTree = "<group>";
		};
		596A29421E4751FA00F6AA7A /* AMPagingTableHelper */ = {
			isa = PBXGroup;
			children = (
				596A29471E4752AC00F6AA7A /* AMFooterLoadingView */,
				596A293E1E474F8600F6AA7A /* PrivateTableViewController.h */,
				596A293F1E474F8600F6AA7A /* PrivateTableViewController.m */,
				596A293A1E4747ED00F6AA7A /* AMPagingTableHelper.h */,
				596A293B1E4747ED00F6AA7A /* AMPagingTableHelper.m */,
			);
			name = AMPagingTableHelper;
			sourceTree = "<group>";
		};
		596A29471E4752AC00F6AA7A /* AMFooterLoadingView */ = {
			isa = PBXGroup;
			children = (
				596A29431E4752A800F6AA7A /* AMFooterLoadingView.h */,
				596A29441E4752A800F6AA7A /* AMFooterLoadingView.m */,
				596A29481E4752DB00F6AA7A /* AMFooterLoadingView.xib */,
			);
			name = AMFooterLoadingView;
			sourceTree = "<group>";
		};
		59C559FA1E3E435D0049748A /* AMAppearance */ = {
			isa = PBXGroup;
			children = (
				59C559FB1E3E43760049748A /* AMAppearance.h */,
				59C559FC1E3E43760049748A /* AMAppearance.m */,
				59C559FF1E3E45800049748A /* AMAppearanceSupportObject.h */,
				59C55A001E3E45800049748A /* AMAppearanceSupportObject.m */,
			);
			name = AMAppearance;
			sourceTree = "<group>";
		};
		D7FCA60F1FA246A80005DAEB /* Tools */ = {
			isa = PBXGroup;
			children = (
				D7FCA6141FA246C00005DAEB /* AMAlertView.h */,
				D7FCA6101FA246C00005DAEB /* AMAlertView.m */,
				D7FCA6161FA246C10005DAEB /* AMUtils.h */,
				D7FCA6171FA246C10005DAEB /* AMUtils.m */,
			);
			name = Tools;
			sourceTree = "<group>";
		};
		D7FCA6201FA2474C0005DAEB /* SDWebImage */ = {
			isa = PBXGroup;
			children = (
				D7FCA6411FA2474C0005DAEB /* UIImage+GIF.h */,
				D7FCA62B1FA2474C0005DAEB /* UIImage+GIF.m */,
				D7FCA6311FA2474C0005DAEB /* MKAnnotationView+WebCache.h */,
				D7FCA6221FA2474C0005DAEB /* MKAnnotationView+WebCache.m */,
				D7FCA6321FA2474C0005DAEB /* UIImage+WebP.h */,
				D7FCA6211FA2474C0005DAEB /* UIImage+WebP.m */,
				D7FCA6291FA2474C0005DAEB /* SDImageCache.h */,
				D7FCA6331FA2474C0005DAEB /* SDImageCache.m */,
				D7FCA6341FA2474C0005DAEB /* UIImageView+HighlightedWebCache.h */,
				D7FCA6281FA2474C0005DAEB /* UIImageView+HighlightedWebCache.m */,
				D7FCA6271FA2474C0005DAEB /* SDWebImageDownloaderOperation.h */,
				D7FCA6351FA2474C0005DAEB /* SDWebImageDownloaderOperation.m */,
				D7FCA6361FA2474C0005DAEB /* SDWebImageDecoder.h */,
				D7FCA6261FA2474C0005DAEB /* SDWebImageDecoder.m */,
				D7FCA6371FA2474C0005DAEB /* SDWebImageManager.h */,
				D7FCA6251FA2474C0005DAEB /* SDWebImageManager.m */,
				D7FCA6241FA2474C0005DAEB /* NSData+ImageContentType.h */,
				D7FCA6381FA2474C0005DAEB /* NSData+ImageContentType.m */,
				D7FCA6231FA2474C0005DAEB /* UIImageView+WebCache.h */,
				D7FCA6391FA2474C0005DAEB /* UIImageView+WebCache.m */,
				D7FCA63A1FA2474C0005DAEB /* SDWebImageOperation.h */,
				D7FCA63B1FA2474C0005DAEB /* SDWebImageDownloader.h */,
				D7FCA62A1FA2474C0005DAEB /* SDWebImageDownloader.m */,
				D7FCA6301FA2474C0005DAEB /* UIView+WebCacheOperation.h */,
				D7FCA63C1FA2474C0005DAEB /* UIView+WebCacheOperation.m */,
				D7FCA63D1FA2474C0005DAEB /* SDWebImagePrefetcher.h */,
				D7FCA62F1FA2474C0005DAEB /* SDWebImagePrefetcher.m */,
				D7FCA63E1FA2474C0005DAEB /* SDWebImageCompat.h */,
				D7FCA62E1FA2474C0005DAEB /* SDWebImageCompat.m */,
				D7FCA63F1FA2474C0005DAEB /* UIImage+MultiFormat.h */,
				D7FCA62D1FA2474C0005DAEB /* UIImage+MultiFormat.m */,
				D7FCA62C1FA2474C0005DAEB /* UIButton+WebCache.h */,
				D7FCA6401FA2474C0005DAEB /* UIButton+WebCache.m */,
			);
			path = SDWebImage;
			sourceTree = "<group>";
		};
/* End PBXGroup section */

/* Begin PBXHeadersBuildPhase section */
		592060E51E38E26C0066BE0D /* Headers */ = {
			isa = PBXHeadersBuildPhase;
			buildActionMask = 2147483647;
			files = (
				D7FCA65F1FA2474C0005DAEB /* SDWebImageCompat.h in Headers */,
				D7FCA6091FA246370005DAEB /* NSString+Validation.h in Headers */,
				592061201E39160E0066BE0D /* AMBaseTableViewCell.h in Headers */,
				59C559FD1E3E43760049748A /* AMAppearance.h in Headers */,
				596A293C1E4747ED00F6AA7A /* AMPagingTableHelper.h in Headers */,
				D7FCA5D11FA2441F0005DAEB /* UIView+Frame.h in Headers */,
				592061051E38F5B30066BE0D /* AMLoadingView.h in Headers */,
				592061571E3A3F760066BE0D /* AMCollectionHelper.h in Headers */,
				592061651E3A62610066BE0D /* UICollectionView+Reloading.h in Headers */,
				5920610C1E38FA030066BE0D /* AMLoadingBarView.h in Headers */,
				D7FCA6531FA2474C0005DAEB /* UIImage+WebP.h in Headers */,
				D7FCA65C1FA2474C0005DAEB /* SDWebImageDownloader.h in Headers */,
				593F49BB1EC5D9E80030BEBE /* AMPagingLoader.h in Headers */,
				D7FCA6481FA2474C0005DAEB /* SDWebImageDownloaderOperation.h in Headers */,
				59C55A011E3E45800049748A /* AMAppearanceSupportObject.h in Headers */,
				592061111E39008D0066BE0D /* AMAlertBarView.h in Headers */,
				592061AF1E3B71210066BE0D /* AMBorderedButton.h in Headers */,
				5920615F1E3A43620066BE0D /* AMContainerCell.h in Headers */,
				D7FCA6521FA2474C0005DAEB /* MKAnnotationView+WebCache.h in Headers */,
				592061471E3A26B90066BE0D /* UITableView+Reloading.h in Headers */,
				D7FCA65B1FA2474C0005DAEB /* SDWebImageOperation.h in Headers */,
				D7FCA6601FA2474C0005DAEB /* UIImage+MultiFormat.h in Headers */,
				593F49B71EC5BB550030BEBE /* AMPagingCollectionHelper.h in Headers */,
				D7FCA64A1FA2474C0005DAEB /* SDImageCache.h in Headers */,
				D7FCA6511FA2474C0005DAEB /* UIView+WebCacheOperation.h in Headers */,
				5920611C1E390B780066BE0D /* AMTableHelper.h in Headers */,
				596A29451E4752A800F6AA7A /* AMFooterLoadingView.h in Headers */,
				592060F91E38E6B50066BE0D /* AMOperationHelper.h in Headers */,
				D7FCA6081FA246370005DAEB /* NSArray+Validation.h in Headers */,
				5920614D1E3A31770066BE0D /* AMNoObjectsView.h in Headers */,
				D7FCA5CD1FA243F10005DAEB /* UITableViewCell+Additions.h in Headers */,
				592061311E3A08800066BE0D /* AMNotification.h in Headers */,
				D7FCA64D1FA2474C0005DAEB /* UIButton+WebCache.h in Headers */,
				592061391E3A1CAE0066BE0D /* AMCircularProgressView.h in Headers */,
				D7FCA65E1FA2474C0005DAEB /* SDWebImagePrefetcher.h in Headers */,
				59C55A201E3F404A0049748A /* NSManagedObject+Notifications.h in Headers */,
				592060FE1E38EF1D0066BE0D /* AMFailedView.h in Headers */,
				592061151E3902430066BE0D /* AMBaseViewController.h in Headers */,
				592060ED1E38E26C0066BE0D /* AMAppkit.h in Headers */,
				D7FCA61C1FA246C10005DAEB /* AMAlertView.h in Headers */,
				D7FCA5E81FA245B60005DAEB /* UIView+SSToolkitAdditions.h in Headers */,
				592061911E3B5BFD0066BE0D /* AMSeparatorView.h in Headers */,
				5920612D1E3A06E80066BE0D /* AMNotificationManager.h in Headers */,
				5920615B1E3A42CB0066BE0D /* AMCollectionView.h in Headers */,
				D7FCA5D51FA244490005DAEB /* UIImage+Tint.h in Headers */,
				D7FCA6551FA2474C0005DAEB /* UIImageView+HighlightedWebCache.h in Headers */,
				D7FCA61E1FA246C10005DAEB /* AMUtils.h in Headers */,
				596A29401E474F8600F6AA7A /* PrivateTableViewController.h in Headers */,
				D7FCA6621FA2474C0005DAEB /* UIImage+GIF.h in Headers */,
				D7FCA6441FA2474C0005DAEB /* UIImageView+WebCache.h in Headers */,
				D7FCA6451FA2474C0005DAEB /* NSData+ImageContentType.h in Headers */,
				D7FCA6581FA2474C0005DAEB /* SDWebImageManager.h in Headers */,
				5920613D1E3A1F810066BE0D /* UIView+LoadingFromFrameworkNib.h in Headers */,
				592061891E3B59850066BE0D /* AMFadeButton.h in Headers */,
				D7FCA6641FA248C60005DAEB /* AMAppkitDefines.h in Headers */,
				D7FCA6571FA2474C0005DAEB /* SDWebImageDecoder.h in Headers */,
				D7FCA6021FA246370005DAEB /* NSObject+ClassName.h in Headers */,
				592061351E3A12170066BE0D /* AMObservable.h in Headers */,
				5938D3BE1E44BD5B00EB398C /* AMCollectionViewLeftAlignedLayout.h in Headers */,
			);
			runOnlyForDeploymentPostprocessing = 0;
		};
/* End PBXHeadersBuildPhase section */

/* Begin PBXNativeTarget section */
		592060E71E38E26C0066BE0D /* AMAppkit */ = {
			isa = PBXNativeTarget;
			buildConfigurationList = 592060F01E38E26C0066BE0D /* Build configuration list for PBXNativeTarget "AMAppkit" */;
			buildPhases = (
				592060E31E38E26C0066BE0D /* Sources */,
				592060E41E38E26C0066BE0D /* Frameworks */,
				592060E51E38E26C0066BE0D /* Headers */,
				592060E61E38E26C0066BE0D /* Resources */,
			);
			buildRules = (
			);
			dependencies = (
			);
			name = AMAppkit;
			productName = AMAppkit;
			productReference = 592060E81E38E26C0066BE0D /* AMAppkit.framework */;
			productType = "com.apple.product-type.framework";
		};
/* End PBXNativeTarget section */

/* Begin PBXProject section */
		592060DF1E38E26C0066BE0D /* Project object */ = {
			isa = PBXProject;
			attributes = {
				LastUpgradeCheck = 0900;
				ORGANIZATIONNAME = "Arello Mobile";
				TargetAttributes = {
					592060E71E38E26C0066BE0D = {
						CreatedOnToolsVersion = 8.2.1;
						ProvisioningStyle = Automatic;
					};
				};
			};
			buildConfigurationList = 592060E21E38E26C0066BE0D /* Build configuration list for PBXProject "AMAppkit" */;
			compatibilityVersion = "Xcode 3.2";
			developmentRegion = English;
			hasScannedForEncodings = 0;
			knownRegions = (
				en,
			);
			mainGroup = 592060DE1E38E26C0066BE0D;
			productRefGroup = 592060E91E38E26C0066BE0D /* Products */;
			projectDirPath = "";
			projectRoot = "";
			targets = (
				592060E71E38E26C0066BE0D /* AMAppkit */,
			);
		};
/* End PBXProject section */

/* Begin PBXResourcesBuildPhase section */
		592060E61E38E26C0066BE0D /* Resources */ = {
			isa = PBXResourcesBuildPhase;
			buildActionMask = 2147483647;
			files = (
				596A29491E4752DB00F6AA7A /* AMFooterLoadingView.xib in Resources */,
				592061501E3A31850066BE0D /* AMNoObjectsView.xib in Resources */,
				59C55A081E3E5D200049748A /* AMAlertBarView.xib in Resources */,
				592061011E38EF270066BE0D /* AMFailedView.xib in Resources */,
				592061081E38F5BB0066BE0D /* AMLoadingView.xib in Resources */,
			);
			runOnlyForDeploymentPostprocessing = 0;
		};
/* End PBXResourcesBuildPhase section */

/* Begin PBXSourcesBuildPhase section */
		592060E31E38E26C0066BE0D /* Sources */ = {
			isa = PBXSourcesBuildPhase;
			buildActionMask = 2147483647;
			files = (
				D7FCA6501FA2474C0005DAEB /* SDWebImagePrefetcher.m in Sources */,
				5938D3BF1E44BD5B00EB398C /* AMCollectionViewLeftAlignedLayout.m in Sources */,
				592061321E3A08800066BE0D /* AMNotification.m in Sources */,
				D7FCA6421FA2474C0005DAEB /* UIImage+WebP.m in Sources */,
				5920612E1E3A06E80066BE0D /* AMNotificationManager.m in Sources */,
				D7FCA64E1FA2474C0005DAEB /* UIImage+MultiFormat.m in Sources */,
				593F49B81EC5BB550030BEBE /* AMPagingCollectionHelper.m in Sources */,
				59C55A021E3E45800049748A /* AMAppearanceSupportObject.m in Sources */,
				D7FCA65A1FA2474C0005DAEB /* UIImageView+WebCache.m in Sources */,
				5920613E1E3A1F810066BE0D /* UIView+LoadingFromFrameworkNib.m in Sources */,
				592061601E3A43620066BE0D /* AMContainerCell.m in Sources */,
				592061121E39008D0066BE0D /* AMAlertBarView.m in Sources */,
				D7FCA64C1FA2474C0005DAEB /* UIImage+GIF.m in Sources */,
				5920614E1E3A31770066BE0D /* AMNoObjectsView.m in Sources */,
				5920615C1E3A42CB0066BE0D /* AMCollectionView.m in Sources */,
				D7FCA64F1FA2474C0005DAEB /* SDWebImageCompat.m in Sources */,
				59C559FE1E3E43760049748A /* AMAppearance.m in Sources */,
				59C55A211E3F404A0049748A /* NSManagedObject+Notifications.m in Sources */,
				D7FCA6431FA2474C0005DAEB /* MKAnnotationView+WebCache.m in Sources */,
				D7FCA6591FA2474C0005DAEB /* NSData+ImageContentType.m in Sources */,
				D7FCA5CE1FA243F10005DAEB /* UITableViewCell+Additions.m in Sources */,
				596A29411E474F8600F6AA7A /* PrivateTableViewController.m in Sources */,
				592061B01E3B71210066BE0D /* AMBorderedButton.m in Sources */,
				592061921E3B5BFD0066BE0D /* AMSeparatorView.m in Sources */,
				592061161E3902430066BE0D /* AMBaseViewController.m in Sources */,
				D7FCA65D1FA2474C0005DAEB /* UIView+WebCacheOperation.m in Sources */,
				592060FA1E38E6B50066BE0D /* AMOperationHelper.m in Sources */,
				D7FCA6541FA2474C0005DAEB /* SDImageCache.m in Sources */,
				5920610D1E38FA030066BE0D /* AMLoadingBarView.m in Sources */,
				592061211E39160E0066BE0D /* AMBaseTableViewCell.m in Sources */,
				D7FCA6181FA246C10005DAEB /* AMAlertView.m in Sources */,
				D7FCA5D21FA2441F0005DAEB /* UIView+Frame.m in Sources */,
				D7FCA6561FA2474C0005DAEB /* SDWebImageDownloaderOperation.m in Sources */,
				D7FCA6491FA2474C0005DAEB /* UIImageView+HighlightedWebCache.m in Sources */,
				592061581E3A3F760066BE0D /* AMCollectionHelper.m in Sources */,
				5920618A1E3B59850066BE0D /* AMFadeButton.m in Sources */,
				D7FCA5D61FA244490005DAEB /* UIImage+Tint.m in Sources */,
				596A293D1E4747ED00F6AA7A /* AMPagingTableHelper.m in Sources */,
				592061061E38F5B30066BE0D /* AMLoadingView.m in Sources */,
				D7FCA61F1FA246C10005DAEB /* AMUtils.m in Sources */,
				592061481E3A26B90066BE0D /* UITableView+Reloading.m in Sources */,
				5920611D1E390B780066BE0D /* AMTableHelper.m in Sources */,
				596A29461E4752A800F6AA7A /* AMFooterLoadingView.m in Sources */,
				592061661E3A62610066BE0D /* UICollectionView+Reloading.m in Sources */,
				D7FCA5E71FA245B60005DAEB /* UIView+SSToolkitAdditions.m in Sources */,
				592061361E3A12170066BE0D /* AMObservable.m in Sources */,
				D7FCA60D1FA246370005DAEB /* NSArray+Validation.m in Sources */,
				D7FCA60E1FA246370005DAEB /* NSObject+ClassName.m in Sources */,
				5920613A1E3A1CAE0066BE0D /* AMCircularProgressView.m in Sources */,
				D7FCA64B1FA2474C0005DAEB /* SDWebImageDownloader.m in Sources */,
				D7FCA6461FA2474C0005DAEB /* SDWebImageManager.m in Sources */,
				D7FCA6611FA2474C0005DAEB /* UIButton+WebCache.m in Sources */,
				D7FCA60B1FA246370005DAEB /* NSString+Validation.m in Sources */,
				D7FCA6471FA2474C0005DAEB /* SDWebImageDecoder.m in Sources */,
				593F49BC1EC5D9E80030BEBE /* AMPagingLoader.m in Sources */,
				592060FF1E38EF1D0066BE0D /* AMFailedView.m in Sources */,
			);
			runOnlyForDeploymentPostprocessing = 0;
		};
/* End PBXSourcesBuildPhase section */

/* Begin XCBuildConfiguration section */
		592060EE1E38E26C0066BE0D /* Debug */ = {
			isa = XCBuildConfiguration;
			buildSettings = {
				ALWAYS_SEARCH_USER_PATHS = NO;
				CLANG_ANALYZER_NONNULL = YES;
				CLANG_CXX_LANGUAGE_STANDARD = "gnu++0x";
				CLANG_CXX_LIBRARY = "libc++";
				CLANG_ENABLE_MODULES = YES;
				CLANG_ENABLE_OBJC_ARC = YES;
				CLANG_WARN_BLOCK_CAPTURE_AUTORELEASING = YES;
				CLANG_WARN_BOOL_CONVERSION = YES;
				CLANG_WARN_COMMA = YES;
				CLANG_WARN_CONSTANT_CONVERSION = YES;
				CLANG_WARN_DIRECT_OBJC_ISA_USAGE = YES_ERROR;
				CLANG_WARN_DOCUMENTATION_COMMENTS = YES;
				CLANG_WARN_EMPTY_BODY = YES;
				CLANG_WARN_ENUM_CONVERSION = YES;
				CLANG_WARN_INFINITE_RECURSION = YES;
				CLANG_WARN_INT_CONVERSION = YES;
				CLANG_WARN_NON_LITERAL_NULL_CONVERSION = YES;
				CLANG_WARN_OBJC_LITERAL_CONVERSION = YES;
				CLANG_WARN_OBJC_ROOT_CLASS = YES_ERROR;
				CLANG_WARN_RANGE_LOOP_ANALYSIS = YES;
				CLANG_WARN_STRICT_PROTOTYPES = YES;
				CLANG_WARN_SUSPICIOUS_MOVE = YES;
				CLANG_WARN_UNREACHABLE_CODE = YES;
				CLANG_WARN__DUPLICATE_METHOD_MATCH = YES;
				"CODE_SIGN_IDENTITY[sdk=iphoneos*]" = "iPhone Developer";
				COPY_PHASE_STRIP = NO;
				CURRENT_PROJECT_VERSION = 1;
				DEBUG_INFORMATION_FORMAT = dwarf;
				ENABLE_STRICT_OBJC_MSGSEND = YES;
				ENABLE_TESTABILITY = YES;
				GCC_C_LANGUAGE_STANDARD = gnu99;
				GCC_DYNAMIC_NO_PIC = NO;
				GCC_NO_COMMON_BLOCKS = YES;
				GCC_OPTIMIZATION_LEVEL = 0;
				GCC_PREPROCESSOR_DEFINITIONS = (
					"DEBUG=1",
					"$(inherited)",
				);
				GCC_WARN_64_TO_32_BIT_CONVERSION = YES;
				GCC_WARN_ABOUT_RETURN_TYPE = YES_ERROR;
				GCC_WARN_UNDECLARED_SELECTOR = YES;
				GCC_WARN_UNINITIALIZED_AUTOS = YES_AGGRESSIVE;
				GCC_WARN_UNUSED_FUNCTION = YES;
				GCC_WARN_UNUSED_VARIABLE = YES;
				IPHONEOS_DEPLOYMENT_TARGET = 8.0;
				MTL_ENABLE_DEBUG_INFO = YES;
				ONLY_ACTIVE_ARCH = YES;
				SDKROOT = iphoneos;
				TARGETED_DEVICE_FAMILY = "1,2";
				VERSIONING_SYSTEM = "apple-generic";
				VERSION_INFO_PREFIX = "";
			};
			name = Debug;
		};
		592060EF1E38E26C0066BE0D /* Release */ = {
			isa = XCBuildConfiguration;
			buildSettings = {
				ALWAYS_SEARCH_USER_PATHS = NO;
				CLANG_ANALYZER_NONNULL = YES;
				CLANG_CXX_LANGUAGE_STANDARD = "gnu++0x";
				CLANG_CXX_LIBRARY = "libc++";
				CLANG_ENABLE_MODULES = YES;
				CLANG_ENABLE_OBJC_ARC = YES;
				CLANG_WARN_BLOCK_CAPTURE_AUTORELEASING = YES;
				CLANG_WARN_BOOL_CONVERSION = YES;
				CLANG_WARN_COMMA = YES;
				CLANG_WARN_CONSTANT_CONVERSION = YES;
				CLANG_WARN_DIRECT_OBJC_ISA_USAGE = YES_ERROR;
				CLANG_WARN_DOCUMENTATION_COMMENTS = YES;
				CLANG_WARN_EMPTY_BODY = YES;
				CLANG_WARN_ENUM_CONVERSION = YES;
				CLANG_WARN_INFINITE_RECURSION = YES;
				CLANG_WARN_INT_CONVERSION = YES;
				CLANG_WARN_NON_LITERAL_NULL_CONVERSION = YES;
				CLANG_WARN_OBJC_LITERAL_CONVERSION = YES;
				CLANG_WARN_OBJC_ROOT_CLASS = YES_ERROR;
				CLANG_WARN_RANGE_LOOP_ANALYSIS = YES;
				CLANG_WARN_STRICT_PROTOTYPES = YES;
				CLANG_WARN_SUSPICIOUS_MOVE = YES;
				CLANG_WARN_UNREACHABLE_CODE = YES;
				CLANG_WARN__DUPLICATE_METHOD_MATCH = YES;
				"CODE_SIGN_IDENTITY[sdk=iphoneos*]" = "iPhone Developer";
				COPY_PHASE_STRIP = NO;
				CURRENT_PROJECT_VERSION = 1;
				DEBUG_INFORMATION_FORMAT = "dwarf-with-dsym";
				ENABLE_NS_ASSERTIONS = NO;
				ENABLE_STRICT_OBJC_MSGSEND = YES;
				GCC_C_LANGUAGE_STANDARD = gnu99;
				GCC_NO_COMMON_BLOCKS = YES;
				GCC_WARN_64_TO_32_BIT_CONVERSION = YES;
				GCC_WARN_ABOUT_RETURN_TYPE = YES_ERROR;
				GCC_WARN_UNDECLARED_SELECTOR = YES;
				GCC_WARN_UNINITIALIZED_AUTOS = YES_AGGRESSIVE;
				GCC_WARN_UNUSED_FUNCTION = YES;
				GCC_WARN_UNUSED_VARIABLE = YES;
				IPHONEOS_DEPLOYMENT_TARGET = 8.0;
				MTL_ENABLE_DEBUG_INFO = NO;
				SDKROOT = iphoneos;
				TARGETED_DEVICE_FAMILY = "1,2";
				VALIDATE_PRODUCT = YES;
				VERSIONING_SYSTEM = "apple-generic";
				VERSION_INFO_PREFIX = "";
			};
			name = Release;
		};
		592060F11E38E26C0066BE0D /* Debug */ = {
			isa = XCBuildConfiguration;
			buildSettings = {
				APPLICATION_EXTENSION_API_ONLY = YES;
				CODE_SIGN_IDENTITY = "";
				DEFINES_MODULE = YES;
				DYLIB_COMPATIBILITY_VERSION = 1;
				DYLIB_CURRENT_VERSION = 1;
				DYLIB_INSTALL_NAME_BASE = "@rpath";
				INFOPLIST_FILE = AMAppkit/Info.plist;
				INSTALL_PATH = "$(LOCAL_LIBRARY_DIR)/Frameworks";
				IPHONEOS_DEPLOYMENT_TARGET = 8.0;
				LD_RUNPATH_SEARCH_PATHS = "$(inherited) @executable_path/Frameworks @loader_path/Frameworks";
				PRODUCT_BUNDLE_IDENTIFIER = com.arellomobile.AMAppkit;
				PRODUCT_NAME = "$(TARGET_NAME)";
				SKIP_INSTALL = YES;
			};
			name = Debug;
		};
		592060F21E38E26C0066BE0D /* Release */ = {
			isa = XCBuildConfiguration;
			buildSettings = {
				APPLICATION_EXTENSION_API_ONLY = YES;
				CODE_SIGN_IDENTITY = "";
				DEFINES_MODULE = YES;
				DYLIB_COMPATIBILITY_VERSION = 1;
				DYLIB_CURRENT_VERSION = 1;
				DYLIB_INSTALL_NAME_BASE = "@rpath";
				INFOPLIST_FILE = AMAppkit/Info.plist;
				INSTALL_PATH = "$(LOCAL_LIBRARY_DIR)/Frameworks";
				IPHONEOS_DEPLOYMENT_TARGET = 8.0;
				LD_RUNPATH_SEARCH_PATHS = "$(inherited) @executable_path/Frameworks @loader_path/Frameworks";
				PRODUCT_BUNDLE_IDENTIFIER = com.arellomobile.AMAppkit;
				PRODUCT_NAME = "$(TARGET_NAME)";
				SKIP_INSTALL = YES;
			};
			name = Release;
		};
/* End XCBuildConfiguration section */

/* Begin XCConfigurationList section */
		592060E21E38E26C0066BE0D /* Build configuration list for PBXProject "AMAppkit" */ = {
			isa = XCConfigurationList;
			buildConfigurations = (
				592060EE1E38E26C0066BE0D /* Debug */,
				592060EF1E38E26C0066BE0D /* Release */,
			);
			defaultConfigurationIsVisible = 0;
			defaultConfigurationName = Release;
		};
		592060F01E38E26C0066BE0D /* Build configuration list for PBXNativeTarget "AMAppkit" */ = {
			isa = XCConfigurationList;
			buildConfigurations = (
				592060F11E38E26C0066BE0D /* Debug */,
				592060F21E38E26C0066BE0D /* Release */,
			);
			defaultConfigurationIsVisible = 0;
			defaultConfigurationName = Release;
		};
/* End XCConfigurationList section */
	};
	rootObject = 592060DF1E38E26C0066BE0D /* Project object */;
}
