{
  "pins" : [
    {
      "identity" : "commonutils",
      "kind" : "remoteSourceControl",
      "location" : "https://github.com/ivkuznetsov/CommonUtils.git",
      "state" : {
        "branch" : "main",
        "revision" : "8a4d43f8d976e82b94308ab11875c008dc6681ff"
      }
    },
    {
      "identity" : "database",
      "kind" : "remoteSourceControl",
      "location" : "https://github.com/ivkuznetsov/Database.git",
      "state" : {
        "branch" : "main",
        "revision" : "66cb8adfd0d1e2d8c2268174a5a65936d764e2b6"
      }
    },
    {
      "identity" : "network",
      "kind" : "remoteSourceControl",
      "location" : "https://github.com/ivkuznetsov/Network.git",
      "state" : {
        "branch" : "main",
        "revision" : "86eefbff2c41e7474aaae64aeb676b54c78db1ee"
      }
    },
    {
      "identity" : "sdwebimage",
      "kind" : "remoteSourceControl",
      "location" : "https://github.com/SDWebImage/SDWebImage",
      "state" : {
        "revision" : "3312bf5e67b52fbce7c3caf431b0cda721a9f7bb",
        "version" : "5.14.2"
      }
    },
    {
      "identity" : "uicomponents",
      "kind" : "remoteSourceControl",
      "location" : "https://github.com/ivkuznetsov/UIComponents.git",
      "state" : {
        "branch" : "main",
        "revision" : "a9d4ea9b344f50cf63ac3d2a8b86d607fd059631"
      }
    }
  ],
  "version" : 2
}
