{
  "pins" : [
    {
      "identity" : "commonutils",
      "kind" : "remoteSourceControl",
      "location" : "https://github.com/ivkuznetsov/CommonUtils.git",
      "state" : {
        "branch" : "main",
        "revision" : "2fb2d818131e5669f4eb017da3c24d93f996fc96"
      }
    },
    {
      "identity" : "database",
      "kind" : "remoteSourceControl",
      "location" : "https://github.com/ivkuznetsov/Database.git",
      "state" : {
        "branch" : "main",
        "revision" : "d49a8eb02dc894821c32b8f8df5566179781779a"
      }
    },
    {
      "identity" : "network",
      "kind" : "remoteSourceControl",
      "location" : "https://github.com/ivkuznetsov/Network.git",
      "state" : {
        "branch" : "main",
        "revision" : "df3a4ed656bfd5a208249965ec76ac4ccb5d5ff2"
      }
    },
    {
      "identity" : "sdwebimage",
      "kind" : "remoteSourceControl",
      "location" : "https://github.com/SDWebImage/SDWebImage",
      "state" : {
        "revision" : "a812079ae91a7f2e627364c42ea7b98abfa366ed",
        "version" : "5.15.4"
      }
    },
    {
      "identity" : "shareduicomponents",
      "kind" : "remoteSourceControl",
      "location" : "https://github.com/ivkuznetsov/SharedUIComponents.git",
      "state" : {
        "branch" : "main",
        "revision" : "8dddb921d11b9a973c0a4b9170935790fefb3abc"
      }
    },
    {
      "identity" : "uicomponents",
      "kind" : "remoteSourceControl",
      "location" : "https://github.com/ivkuznetsov/UIComponents.git",
      "state" : {
        "branch" : "main",
        "revision" : "31fbfde52bd20f0891745aaab45970ed4ba015cf"
      }
    }
  ],
  "version" : 2
}
